<?xml version="1.0" encoding="utf-8"?>
<Project ToolsVersion="4.0" xmlns="http://schemas.microsoft.com/developer/msbuild/2003">
  <ItemGroup>
    <Filter Include="common">
      <UniqueIdentifier>{2F5FD094-EF52-77F7-7AA8-4327A01BF747}</UniqueIdentifier>
    </Filter>
    <Filter Include="common">
      <UniqueIdentifier>{2F5FD094-EF52-77F7-7AA8-4327A01BF747}</UniqueIdentifier>
    </Filter>
    <Filter Include="common">
      <UniqueIdentifier>{2F5FD094-EF52-77F7-7AA8-4327A01BF747}</UniqueIdentifier>
    </Filter>
    <Filter Include="common">
      <UniqueIdentifier>{2F5FD094-EF52-77F7-7AA8-4327A01BF747}</UniqueIdentifier>
    </Filter>
    <Filter Include="common">
      <UniqueIdentifier>{2F5FD094-EF52-77F7-7AA8-4327A01BF747}</UniqueIdentifier>
    </Filter>
    <Filter Include="common">
      <UniqueIdentifier>{2F5FD094-EF52-77F7-7AA8-4327A01BF747}</UniqueIdentifier>
    </Filter>
    <Filter Include="common">
      <UniqueIdentifier>{2F5FD094-EF52-77F7-7AA8-4327A01BF747}</UniqueIdentifier>
    </Filter>
    <Filter Include="common">
      <UniqueIdentifier>{2F5FD094-EF52-77F7-7AA8-4327A01BF747}</UniqueIdentifier>
    </Filter>
    <Filter Include="common">
      <UniqueIdentifier>{2F5FD094-EF52-77F7-7AA8-4327A01BF747}</UniqueIdentifier>
    </Filter>
    <Filter Include="common">
      <UniqueIdentifier>{2F5FD094-EF52-77F7-7AA8-4327A01BF747}</UniqueIdentifier>
    </Filter>
    <Filter Include="common">
      <UniqueIdentifier>{2F5FD094-EF52-77F7-7AA8-4327A01BF747}</UniqueIdentifier>
    </Filter>
    <Filter Include="common">
      <UniqueIdentifier>{2F5FD094-EF52-77F7-7AA8-4327A01BF747}</UniqueIdentifier>
    </Filter>
    <Filter Include="common">
      <UniqueIdentifier>{2F5FD094-EF52-77F7-7AA8-4327A01BF747}</UniqueIdentifier>
    </Filter>
    <Filter Include="common">
      <UniqueIdentifier>{2F5FD094-EF52-77F7-7AA8-4327A01BF747}</UniqueIdentifier>
    </Filter>
    <Filter Include="common">
      <UniqueIdentifier>{2F5FD094-EF52-77F7-7AA8-4327A01BF747}</UniqueIdentifier>
    </Filter>
    <Filter Include="common">
      <UniqueIdentifier>{2F5FD094-EF52-77F7-7AA8-4327A01BF747}</UniqueIdentifier>
    </Filter>
    <Filter Include="common">
      <UniqueIdentifier>{2F5FD094-EF52-77F7-7AA8-4327A01BF747}</UniqueIdentifier>
    </Filter>
    <Filter Include="common">
      <UniqueIdentifier>{2F5FD094-EF52-77F7-7AA8-4327A01BF747}</UniqueIdentifier>
    </Filter>
    <Filter Include="common\third_party">
      <UniqueIdentifier>{D6C6CEA7-AAD0-03AD-2394-AC6FCBF8A498}</UniqueIdentifier>
    </Filter>
    <Filter Include="common\third_party\numerics">
      <UniqueIdentifier>{168745A4-2F0D-B7A8-2F10-9299025EF8C6}</UniqueIdentifier>
    </Filter>
    <Filter Include="common\third_party\numerics\base">
      <UniqueIdentifier>{DBBAC0A6-BB0A-CA51-45CC-DA4574B671E6}</UniqueIdentifier>
    </Filter>
    <Filter Include="common">
      <UniqueIdentifier>{2F5FD094-EF52-77F7-7AA8-4327A01BF747}</UniqueIdentifier>
    </Filter>
    <Filter Include="common\third_party">
      <UniqueIdentifier>{D6C6CEA7-AAD0-03AD-2394-AC6FCBF8A498}</UniqueIdentifier>
    </Filter>
    <Filter Include="common\third_party\numerics">
      <UniqueIdentifier>{168745A4-2F0D-B7A8-2F10-9299025EF8C6}</UniqueIdentifier>
    </Filter>
    <Filter Include="common\third_party\numerics\base">
      <UniqueIdentifier>{DBBAC0A6-BB0A-CA51-45CC-DA4574B671E6}</UniqueIdentifier>
    </Filter>
    <Filter Include="common\third_party\numerics\base\numerics">
      <UniqueIdentifier>{168745A4-2F0D-B7A8-2F10-9299025EF8C6}</UniqueIdentifier>
    </Filter>
    <Filter Include="common">
      <UniqueIdentifier>{2F5FD094-EF52-77F7-7AA8-4327A01BF747}</UniqueIdentifier>
    </Filter>
    <Filter Include="common\third_party">
      <UniqueIdentifier>{D6C6CEA7-AAD0-03AD-2394-AC6FCBF8A498}</UniqueIdentifier>
    </Filter>
    <Filter Include="common\third_party\numerics">
      <UniqueIdentifier>{168745A4-2F0D-B7A8-2F10-9299025EF8C6}</UniqueIdentifier>
    </Filter>
    <Filter Include="common\third_party\numerics\base">
      <UniqueIdentifier>{DBBAC0A6-BB0A-CA51-45CC-DA4574B671E6}</UniqueIdentifier>
    </Filter>
    <Filter Include="common\third_party\numerics\base\numerics">
      <UniqueIdentifier>{168745A4-2F0D-B7A8-2F10-9299025EF8C6}</UniqueIdentifier>
    </Filter>
    <Filter Include="common">
      <UniqueIdentifier>{2F5FD094-EF52-77F7-7AA8-4327A01BF747}</UniqueIdentifier>
    </Filter>
    <Filter Include="common\third_party">
      <UniqueIdentifier>{D6C6CEA7-AAD0-03AD-2394-AC6FCBF8A498}</UniqueIdentifier>
    </Filter>
    <Filter Include="common\third_party\numerics">
      <UniqueIdentifier>{168745A4-2F0D-B7A8-2F10-9299025EF8C6}</UniqueIdentifier>
    </Filter>
    <Filter Include="common\third_party\numerics\base">
      <UniqueIdentifier>{DBBAC0A6-BB0A-CA51-45CC-DA4574B671E6}</UniqueIdentifier>
    </Filter>
    <Filter Include="common\third_party\numerics\base\numerics">
      <UniqueIdentifier>{168745A4-2F0D-B7A8-2F10-9299025EF8C6}</UniqueIdentifier>
    </Filter>
    <Filter Include="common">
      <UniqueIdentifier>{2F5FD094-EF52-77F7-7AA8-4327A01BF747}</UniqueIdentifier>
    </Filter>
    <Filter Include="common\third_party">
      <UniqueIdentifier>{D6C6CEA7-AAD0-03AD-2394-AC6FCBF8A498}</UniqueIdentifier>
    </Filter>
    <Filter Include="common\third_party\numerics">
      <UniqueIdentifier>{168745A4-2F0D-B7A8-2F10-9299025EF8C6}</UniqueIdentifier>
    </Filter>
    <Filter Include="common\third_party\numerics\base">
      <UniqueIdentifier>{DBBAC0A6-BB0A-CA51-45CC-DA4574B671E6}</UniqueIdentifier>
    </Filter>
    <Filter Include="common\third_party\numerics\base\numerics">
      <UniqueIdentifier>{168745A4-2F0D-B7A8-2F10-9299025EF8C6}</UniqueIdentifier>
    </Filter>
    <Filter Include="common">
      <UniqueIdentifier>{2F5FD094-EF52-77F7-7AA8-4327A01BF747}</UniqueIdentifier>
    </Filter>
    <Filter Include="common">
      <UniqueIdentifier>{2F5FD094-EF52-77F7-7AA8-4327A01BF747}</UniqueIdentifier>
    </Filter>
    <Filter Include="common">
      <UniqueIdentifier>{2F5FD094-EF52-77F7-7AA8-4327A01BF747}</UniqueIdentifier>
    </Filter>
    <Filter Include="common">
      <UniqueIdentifier>{2F5FD094-EF52-77F7-7AA8-4327A01BF747}</UniqueIdentifier>
    </Filter>
    <Filter Include="common">
      <UniqueIdentifier>{2F5FD094-EF52-77F7-7AA8-4327A01BF747}</UniqueIdentifier>
    </Filter>
  </ItemGroup>
  <ItemGroup>
    <ClInclude Include="..\..\..\src\common\BitSetIterator.h">
      <Filter>common</Filter>
    </ClInclude>
    <ClInclude Include="..\..\..\src\common\Color.h">
      <Filter>common</Filter>
    </ClInclude>
    <None Include="..\..\..\src\common\Color.inl">
      <Filter>common</Filter>
    </None>
    <ClCompile Include="..\..\..\src\common\Float16ToFloat32.cpp">
      <Filter>common</Filter>
    </ClCompile>
    <ClCompile Include="..\..\..\src\common\MemoryBuffer.cpp">
      <Filter>common</Filter>
    </ClCompile>
    <ClInclude Include="..\..\..\src\common\MemoryBuffer.h">
      <Filter>common</Filter>
    </ClInclude>
    <ClInclude Include="..\..\..\src\common\Optional.h">
      <Filter>common</Filter>
    </ClInclude>
    <ClCompile Include="..\..\..\src\common\angleutils.cpp">
      <Filter>common</Filter>
    </ClCompile>
    <ClInclude Include="..\..\..\src\common\angleutils.h">
      <Filter>common</Filter>
    </ClInclude>
    <ClCompile Include="..\..\..\src\common\debug.cpp">
      <Filter>common</Filter>
    </ClCompile>
    <ClInclude Include="..\..\..\src\common\debug.h">
      <Filter>common</Filter>
    </ClInclude>
    <ClCompile Include="..\..\..\src\common\mathutil.cpp">
      <Filter>common</Filter>
    </ClCompile>
    <ClInclude Include="..\..\..\src\common\mathutil.h">
      <Filter>common</Filter>
    </ClInclude>
    <ClInclude Include="..\..\..\src\common\matrix_utils.h">
      <Filter>common</Filter>
    </ClInclude>
    <ClInclude Include="..\..\..\src\common\platform.h">
      <Filter>common</Filter>
    </ClInclude>
    <ClCompile Include="..\..\..\src\common\string_utils.cpp">
      <Filter>common</Filter>
    </ClCompile>
    <ClInclude Include="..\..\..\src\common\string_utils.h">
      <Filter>common</Filter>
    </ClInclude>
    <ClInclude Include="..\..\..\src\common\third_party\numerics\base\logging.h">
      <Filter>common\third_party\numerics\base</Filter>
    </ClInclude>
    <ClInclude Include="..\..\..\src\common\third_party\numerics\base\numerics\safe_conversions.h">
      <Filter>common\third_party\numerics\base\numerics</Filter>
    </ClInclude>
    <ClInclude Include="..\..\..\src\common\third_party\numerics\base\numerics\safe_conversions_impl.h">
      <Filter>common\third_party\numerics\base\numerics</Filter>
    </ClInclude>
    <ClInclude Include="..\..\..\src\common\third_party\numerics\base\numerics\safe_math.h">
      <Filter>common\third_party\numerics\base\numerics</Filter>
    </ClInclude>
    <ClInclude Include="..\..\..\src\common\third_party\numerics\base\numerics\safe_math_impl.h">
      <Filter>common\third_party\numerics\base\numerics</Filter>
    </ClInclude>
    <ClCompile Include="..\..\..\src\common\tls.cpp">
      <Filter>common</Filter>
    </ClCompile>
    <ClInclude Include="..\..\..\src\common\tls.h">
      <Filter>common</Filter>
    </ClInclude>
    <ClCompile Include="..\..\..\src\common\utilities.cpp">
      <Filter>common</Filter>
    </ClCompile>
    <ClInclude Include="..\..\..\src\common\utilities.h">
      <Filter>common</Filter>
    </ClInclude>
    <ClInclude Include="..\..\..\src\common\version.h">
      <Filter>common</Filter>
    </ClInclude>
    <None Include="..\..\..\src\angle.gyp"/>
  </ItemGroup>
</Project>
