<?xml version="1.0" encoding="utf-8"?>
<Project ToolsVersion="4.0" xmlns="http://schemas.microsoft.com/developer/msbuild/2003">
  <ItemGroup>
    <Filter Include="angle_implementation_unit_tests">
      <UniqueIdentifier>{F1633CCE-3351-B374-B43F-269770F4DA8B}</UniqueIdentifier>
    </Filter>
    <Filter Include="angle_implementation_unit_tests">
      <UniqueIdentifier>{F1633CCE-3351-B374-B43F-269770F4DA8B}</UniqueIdentifier>
    </Filter>
    <Filter Include="angle_implementation_unit_tests">
      <UniqueIdentifier>{F1633CCE-3351-B374-B43F-269770F4DA8B}</UniqueIdentifier>
    </Filter>
  </ItemGroup>
  <ItemGroup>
    <ClCompile Include="angle_implementation_unit_tests\angle_implementation_unit_tests_main.cpp">
      <Filter>angle_implementation_unit_tests</Filter>
    </ClCompile>
    <ClCompile Include="angle_implementation_unit_tests\ImageIndexIterator_unittest.cpp">
      <Filter>angle_implementation_unit_tests</Filter>
    </ClCompile>
    <ClCompile Include="angle_implementation_unit_tests\TransformFeedback_unittest.cpp">
      <Filter>angle_implementation_unit_tests</Filter>
    </ClCompile>
    <None Include="tests.gyp"/>
  </ItemGroup>
</Project>
