<?xml version="1.0" encoding="utf-8"?>
<Project ToolsVersion="4.0" xmlns="http://schemas.microsoft.com/developer/msbuild/2003">
  <ItemGroup>
    <Filter Include="perf_tests">
      <UniqueIdentifier>{C80CEEA3-523C-A635-A6B0-71FF96A60336}</UniqueIdentifier>
    </Filter>
    <Filter Include="perf_tests">
      <UniqueIdentifier>{C80CEEA3-523C-A635-A6B0-71FF96A60336}</UniqueIdentifier>
    </Filter>
    <Filter Include="perf_tests">
      <UniqueIdentifier>{C80CEEA3-523C-A635-A6B0-71FF96A60336}</UniqueIdentifier>
    </Filter>
    <Filter Include="perf_tests">
      <UniqueIdentifier>{C80CEEA3-523C-A635-A6B0-71FF96A60336}</UniqueIdentifier>
    </Filter>
    <Filter Include="perf_tests">
      <UniqueIdentifier>{C80CEEA3-523C-A635-A6B0-71FF96A60336}</UniqueIdentifier>
    </Filter>
    <Filter Include="perf_tests">
      <UniqueIdentifier>{C80CEEA3-523C-A635-A6B0-71FF96A60336}</UniqueIdentifier>
    </Filter>
    <Filter Include="perf_tests">
      <UniqueIdentifier>{C80CEEA3-523C-A635-A6B0-71FF96A60336}</UniqueIdentifier>
    </Filter>
    <Filter Include="perf_tests">
      <UniqueIdentifier>{C80CEEA3-523C-A635-A6B0-71FF96A60336}</UniqueIdentifier>
    </Filter>
    <Filter Include="perf_tests">
      <UniqueIdentifier>{C80CEEA3-523C-A635-A6B0-71FF96A60336}</UniqueIdentifier>
    </Filter>
    <Filter Include="perf_tests">
      <UniqueIdentifier>{C80CEEA3-523C-A635-A6B0-71FF96A60336}</UniqueIdentifier>
    </Filter>
    <Filter Include="perf_tests\third_party">
      <UniqueIdentifier>{D6C6CEA7-AAD0-03AD-2394-AC6FCBF8A498}</UniqueIdentifier>
    </Filter>
    <Filter Include="perf_tests\third_party\perf">
      <UniqueIdentifier>{DCC76964-1765-F8E2-269D-A6BF08B3C68E}</UniqueIdentifier>
    </Filter>
    <Filter Include="perf_tests">
      <UniqueIdentifier>{C80CEEA3-523C-A635-A6B0-71FF96A60336}</UniqueIdentifier>
    </Filter>
    <Filter Include="perf_tests\third_party">
      <UniqueIdentifier>{D6C6CEA7-AAD0-03AD-2394-AC6FCBF8A498}</UniqueIdentifier>
    </Filter>
    <Filter Include="perf_tests\third_party\perf">
      <UniqueIdentifier>{DCC76964-1765-F8E2-269D-A6BF08B3C68E}</UniqueIdentifier>
    </Filter>
    <Filter Include="third_party">
      <UniqueIdentifier>{D6C6CEA7-AAD0-03AD-2394-AC6FCBF8A498}</UniqueIdentifier>
    </Filter>
    <Filter Include="third_party\rapidjson">
      <UniqueIdentifier>{776D2FB8-9A8E-E39C-E6F9-F78FA69A5149}</UniqueIdentifier>
    </Filter>
    <Filter Include="third_party\rapidjson\include">
      <UniqueIdentifier>{57CA55B8-BCC5-4000-CE3A-58972F82E9CB}</UniqueIdentifier>
    </Filter>
    <Filter Include="third_party\rapidjson\include\rapidjson">
      <UniqueIdentifier>{776D2FB8-9A8E-E39C-E6F9-F78FA69A5149}</UniqueIdentifier>
    </Filter>
    <Filter Include="third_party">
      <UniqueIdentifier>{D6C6CEA7-AAD0-03AD-2394-AC6FCBF8A498}</UniqueIdentifier>
    </Filter>
    <Filter Include="third_party\rapidjson">
      <UniqueIdentifier>{776D2FB8-9A8E-E39C-E6F9-F78FA69A5149}</UniqueIdentifier>
    </Filter>
    <Filter Include="third_party\rapidjson\include">
      <UniqueIdentifier>{57CA55B8-BCC5-4000-CE3A-58972F82E9CB}</UniqueIdentifier>
    </Filter>
    <Filter Include="third_party\rapidjson\include\rapidjson">
      <UniqueIdentifier>{776D2FB8-9A8E-E39C-E6F9-F78FA69A5149}</UniqueIdentifier>
    </Filter>
    <Filter Include="third_party">
      <UniqueIdentifier>{D6C6CEA7-AAD0-03AD-2394-AC6FCBF8A498}</UniqueIdentifier>
    </Filter>
    <Filter Include="third_party\rapidjson">
      <UniqueIdentifier>{776D2FB8-9A8E-E39C-E6F9-F78FA69A5149}</UniqueIdentifier>
    </Filter>
    <Filter Include="third_party\rapidjson\include">
      <UniqueIdentifier>{57CA55B8-BCC5-4000-CE3A-58972F82E9CB}</UniqueIdentifier>
    </Filter>
    <Filter Include="third_party\rapidjson\include\rapidjson">
      <UniqueIdentifier>{776D2FB8-9A8E-E39C-E6F9-F78FA69A5149}</UniqueIdentifier>
    </Filter>
    <Filter Include="third_party">
      <UniqueIdentifier>{D6C6CEA7-AAD0-03AD-2394-AC6FCBF8A498}</UniqueIdentifier>
    </Filter>
    <Filter Include="third_party\rapidjson">
      <UniqueIdentifier>{776D2FB8-9A8E-E39C-E6F9-F78FA69A5149}</UniqueIdentifier>
    </Filter>
    <Filter Include="third_party\rapidjson\include">
      <UniqueIdentifier>{57CA55B8-BCC5-4000-CE3A-58972F82E9CB}</UniqueIdentifier>
    </Filter>
    <Filter Include="third_party\rapidjson\include\rapidjson">
      <UniqueIdentifier>{776D2FB8-9A8E-E39C-E6F9-F78FA69A5149}</UniqueIdentifier>
    </Filter>
    <Filter Include="third_party">
      <UniqueIdentifier>{D6C6CEA7-AAD0-03AD-2394-AC6FCBF8A498}</UniqueIdentifier>
    </Filter>
    <Filter Include="third_party\rapidjson">
      <UniqueIdentifier>{776D2FB8-9A8E-E39C-E6F9-F78FA69A5149}</UniqueIdentifier>
    </Filter>
    <Filter Include="third_party\rapidjson\include">
      <UniqueIdentifier>{57CA55B8-BCC5-4000-CE3A-58972F82E9CB}</UniqueIdentifier>
    </Filter>
    <Filter Include="third_party\rapidjson\include\rapidjson">
      <UniqueIdentifier>{776D2FB8-9A8E-E39C-E6F9-F78FA69A5149}</UniqueIdentifier>
    </Filter>
    <Filter Include="third_party">
      <UniqueIdentifier>{D6C6CEA7-AAD0-03AD-2394-AC6FCBF8A498}</UniqueIdentifier>
    </Filter>
    <Filter Include="third_party\rapidjson">
      <UniqueIdentifier>{776D2FB8-9A8E-E39C-E6F9-F78FA69A5149}</UniqueIdentifier>
    </Filter>
    <Filter Include="third_party\rapidjson\include">
      <UniqueIdentifier>{57CA55B8-BCC5-4000-CE3A-58972F82E9CB}</UniqueIdentifier>
    </Filter>
    <Filter Include="third_party\rapidjson\include\rapidjson">
      <UniqueIdentifier>{776D2FB8-9A8E-E39C-E6F9-F78FA69A5149}</UniqueIdentifier>
    </Filter>
    <Filter Include="third_party">
      <UniqueIdentifier>{D6C6CEA7-AAD0-03AD-2394-AC6FCBF8A498}</UniqueIdentifier>
    </Filter>
    <Filter Include="third_party\rapidjson">
      <UniqueIdentifier>{776D2FB8-9A8E-E39C-E6F9-F78FA69A5149}</UniqueIdentifier>
    </Filter>
    <Filter Include="third_party\rapidjson\include">
      <UniqueIdentifier>{57CA55B8-BCC5-4000-CE3A-58972F82E9CB}</UniqueIdentifier>
    </Filter>
    <Filter Include="third_party\rapidjson\include\rapidjson">
      <UniqueIdentifier>{776D2FB8-9A8E-E39C-E6F9-F78FA69A5149}</UniqueIdentifier>
    </Filter>
    <Filter Include="third_party">
      <UniqueIdentifier>{D6C6CEA7-AAD0-03AD-2394-AC6FCBF8A498}</UniqueIdentifier>
    </Filter>
    <Filter Include="third_party\rapidjson">
      <UniqueIdentifier>{776D2FB8-9A8E-E39C-E6F9-F78FA69A5149}</UniqueIdentifier>
    </Filter>
    <Filter Include="third_party\rapidjson\include">
      <UniqueIdentifier>{57CA55B8-BCC5-4000-CE3A-58972F82E9CB}</UniqueIdentifier>
    </Filter>
    <Filter Include="third_party\rapidjson\include\rapidjson">
      <UniqueIdentifier>{776D2FB8-9A8E-E39C-E6F9-F78FA69A5149}</UniqueIdentifier>
    </Filter>
    <Filter Include="third_party">
      <UniqueIdentifier>{D6C6CEA7-AAD0-03AD-2394-AC6FCBF8A498}</UniqueIdentifier>
    </Filter>
    <Filter Include="third_party\rapidjson">
      <UniqueIdentifier>{776D2FB8-9A8E-E39C-E6F9-F78FA69A5149}</UniqueIdentifier>
    </Filter>
    <Filter Include="third_party\rapidjson\include">
      <UniqueIdentifier>{57CA55B8-BCC5-4000-CE3A-58972F82E9CB}</UniqueIdentifier>
    </Filter>
    <Filter Include="third_party\rapidjson\include\rapidjson">
      <UniqueIdentifier>{776D2FB8-9A8E-E39C-E6F9-F78FA69A5149}</UniqueIdentifier>
    </Filter>
    <Filter Include="third_party">
      <UniqueIdentifier>{D6C6CEA7-AAD0-03AD-2394-AC6FCBF8A498}</UniqueIdentifier>
    </Filter>
    <Filter Include="third_party\rapidjson">
      <UniqueIdentifier>{776D2FB8-9A8E-E39C-E6F9-F78FA69A5149}</UniqueIdentifier>
    </Filter>
    <Filter Include="third_party\rapidjson\include">
      <UniqueIdentifier>{57CA55B8-BCC5-4000-CE3A-58972F82E9CB}</UniqueIdentifier>
    </Filter>
    <Filter Include="third_party\rapidjson\include\rapidjson">
      <UniqueIdentifier>{776D2FB8-9A8E-E39C-E6F9-F78FA69A5149}</UniqueIdentifier>
    </Filter>
    <Filter Include="third_party">
      <UniqueIdentifier>{D6C6CEA7-AAD0-03AD-2394-AC6FCBF8A498}</UniqueIdentifier>
    </Filter>
    <Filter Include="third_party\rapidjson">
      <UniqueIdentifier>{776D2FB8-9A8E-E39C-E6F9-F78FA69A5149}</UniqueIdentifier>
    </Filter>
    <Filter Include="third_party\rapidjson\include">
      <UniqueIdentifier>{57CA55B8-BCC5-4000-CE3A-58972F82E9CB}</UniqueIdentifier>
    </Filter>
    <Filter Include="third_party\rapidjson\include\rapidjson">
      <UniqueIdentifier>{776D2FB8-9A8E-E39C-E6F9-F78FA69A5149}</UniqueIdentifier>
    </Filter>
    <Filter Include="third_party">
      <UniqueIdentifier>{D6C6CEA7-AAD0-03AD-2394-AC6FCBF8A498}</UniqueIdentifier>
    </Filter>
    <Filter Include="third_party\rapidjson">
      <UniqueIdentifier>{776D2FB8-9A8E-E39C-E6F9-F78FA69A5149}</UniqueIdentifier>
    </Filter>
    <Filter Include="third_party\rapidjson\include">
      <UniqueIdentifier>{57CA55B8-BCC5-4000-CE3A-58972F82E9CB}</UniqueIdentifier>
    </Filter>
    <Filter Include="third_party\rapidjson\include\rapidjson">
      <UniqueIdentifier>{776D2FB8-9A8E-E39C-E6F9-F78FA69A5149}</UniqueIdentifier>
    </Filter>
    <Filter Include="third_party">
      <UniqueIdentifier>{D6C6CEA7-AAD0-03AD-2394-AC6FCBF8A498}</UniqueIdentifier>
    </Filter>
    <Filter Include="third_party\rapidjson">
      <UniqueIdentifier>{776D2FB8-9A8E-E39C-E6F9-F78FA69A5149}</UniqueIdentifier>
    </Filter>
    <Filter Include="third_party\rapidjson\include">
      <UniqueIdentifier>{57CA55B8-BCC5-4000-CE3A-58972F82E9CB}</UniqueIdentifier>
    </Filter>
    <Filter Include="third_party\rapidjson\include\rapidjson">
      <UniqueIdentifier>{776D2FB8-9A8E-E39C-E6F9-F78FA69A5149}</UniqueIdentifier>
    </Filter>
    <Filter Include="third_party">
      <UniqueIdentifier>{D6C6CEA7-AAD0-03AD-2394-AC6FCBF8A498}</UniqueIdentifier>
    </Filter>
    <Filter Include="third_party\rapidjson">
      <UniqueIdentifier>{776D2FB8-9A8E-E39C-E6F9-F78FA69A5149}</UniqueIdentifier>
    </Filter>
    <Filter Include="third_party\rapidjson\include">
      <UniqueIdentifier>{57CA55B8-BCC5-4000-CE3A-58972F82E9CB}</UniqueIdentifier>
    </Filter>
    <Filter Include="third_party\rapidjson\include\rapidjson">
      <UniqueIdentifier>{776D2FB8-9A8E-E39C-E6F9-F78FA69A5149}</UniqueIdentifier>
    </Filter>
    <Filter Include="third_party">
      <UniqueIdentifier>{D6C6CEA7-AAD0-03AD-2394-AC6FCBF8A498}</UniqueIdentifier>
    </Filter>
    <Filter Include="third_party\rapidjson">
      <UniqueIdentifier>{776D2FB8-9A8E-E39C-E6F9-F78FA69A5149}</UniqueIdentifier>
    </Filter>
    <Filter Include="third_party\rapidjson\include">
      <UniqueIdentifier>{57CA55B8-BCC5-4000-CE3A-58972F82E9CB}</UniqueIdentifier>
    </Filter>
    <Filter Include="third_party\rapidjson\include\rapidjson">
      <UniqueIdentifier>{776D2FB8-9A8E-E39C-E6F9-F78FA69A5149}</UniqueIdentifier>
    </Filter>
    <Filter Include="third_party\rapidjson\include\rapidjson\error">
      <UniqueIdentifier>{F2ED5587-6A62-9463-06FF-7545505ABB3A}</UniqueIdentifier>
    </Filter>
    <Filter Include="third_party">
      <UniqueIdentifier>{D6C6CEA7-AAD0-03AD-2394-AC6FCBF8A498}</UniqueIdentifier>
    </Filter>
    <Filter Include="third_party\rapidjson">
      <UniqueIdentifier>{776D2FB8-9A8E-E39C-E6F9-F78FA69A5149}</UniqueIdentifier>
    </Filter>
    <Filter Include="third_party\rapidjson\include">
      <UniqueIdentifier>{57CA55B8-BCC5-4000-CE3A-58972F82E9CB}</UniqueIdentifier>
    </Filter>
    <Filter Include="third_party\rapidjson\include\rapidjson">
      <UniqueIdentifier>{776D2FB8-9A8E-E39C-E6F9-F78FA69A5149}</UniqueIdentifier>
    </Filter>
    <Filter Include="third_party\rapidjson\include\rapidjson\error">
      <UniqueIdentifier>{F2ED5587-6A62-9463-06FF-7545505ABB3A}</UniqueIdentifier>
    </Filter>
    <Filter Include="third_party">
      <UniqueIdentifier>{D6C6CEA7-AAD0-03AD-2394-AC6FCBF8A498}</UniqueIdentifier>
    </Filter>
    <Filter Include="third_party\rapidjson">
      <UniqueIdentifier>{776D2FB8-9A8E-E39C-E6F9-F78FA69A5149}</UniqueIdentifier>
    </Filter>
    <Filter Include="third_party\rapidjson\include">
      <UniqueIdentifier>{57CA55B8-BCC5-4000-CE3A-58972F82E9CB}</UniqueIdentifier>
    </Filter>
    <Filter Include="third_party\rapidjson\include\rapidjson">
      <UniqueIdentifier>{776D2FB8-9A8E-E39C-E6F9-F78FA69A5149}</UniqueIdentifier>
    </Filter>
    <Filter Include="third_party\rapidjson\include\rapidjson\internal">
      <UniqueIdentifier>{1D4CEA7C-B637-77CF-7A24-85ABD36F82A8}</UniqueIdentifier>
    </Filter>
    <Filter Include="third_party">
      <UniqueIdentifier>{D6C6CEA7-AAD0-03AD-2394-AC6FCBF8A498}</UniqueIdentifier>
    </Filter>
    <Filter Include="third_party\rapidjson">
      <UniqueIdentifier>{776D2FB8-9A8E-E39C-E6F9-F78FA69A5149}</UniqueIdentifier>
    </Filter>
    <Filter Include="third_party\rapidjson\include">
      <UniqueIdentifier>{57CA55B8-BCC5-4000-CE3A-58972F82E9CB}</UniqueIdentifier>
    </Filter>
    <Filter Include="third_party\rapidjson\include\rapidjson">
      <UniqueIdentifier>{776D2FB8-9A8E-E39C-E6F9-F78FA69A5149}</UniqueIdentifier>
    </Filter>
    <Filter Include="third_party\rapidjson\include\rapidjson\internal">
      <UniqueIdentifier>{1D4CEA7C-B637-77CF-7A24-85ABD36F82A8}</UniqueIdentifier>
    </Filter>
    <Filter Include="third_party">
      <UniqueIdentifier>{D6C6CEA7-AAD0-03AD-2394-AC6FCBF8A498}</UniqueIdentifier>
    </Filter>
    <Filter Include="third_party\rapidjson">
      <UniqueIdentifier>{776D2FB8-9A8E-E39C-E6F9-F78FA69A5149}</UniqueIdentifier>
    </Filter>
    <Filter Include="third_party\rapidjson\include">
      <UniqueIdentifier>{57CA55B8-BCC5-4000-CE3A-58972F82E9CB}</UniqueIdentifier>
    </Filter>
    <Filter Include="third_party\rapidjson\include\rapidjson">
      <UniqueIdentifier>{776D2FB8-9A8E-E39C-E6F9-F78FA69A5149}</UniqueIdentifier>
    </Filter>
    <Filter Include="third_party\rapidjson\include\rapidjson\internal">
      <UniqueIdentifier>{1D4CEA7C-B637-77CF-7A24-85ABD36F82A8}</UniqueIdentifier>
    </Filter>
    <Filter Include="third_party">
      <UniqueIdentifier>{D6C6CEA7-AAD0-03AD-2394-AC6FCBF8A498}</UniqueIdentifier>
    </Filter>
    <Filter Include="third_party\rapidjson">
      <UniqueIdentifier>{776D2FB8-9A8E-E39C-E6F9-F78FA69A5149}</UniqueIdentifier>
    </Filter>
    <Filter Include="third_party\rapidjson\include">
      <UniqueIdentifier>{57CA55B8-BCC5-4000-CE3A-58972F82E9CB}</UniqueIdentifier>
    </Filter>
    <Filter Include="third_party\rapidjson\include\rapidjson">
      <UniqueIdentifier>{776D2FB8-9A8E-E39C-E6F9-F78FA69A5149}</UniqueIdentifier>
    </Filter>
    <Filter Include="third_party\rapidjson\include\rapidjson\internal">
      <UniqueIdentifier>{1D4CEA7C-B637-77CF-7A24-85ABD36F82A8}</UniqueIdentifier>
    </Filter>
    <Filter Include="third_party">
      <UniqueIdentifier>{D6C6CEA7-AAD0-03AD-2394-AC6FCBF8A498}</UniqueIdentifier>
    </Filter>
    <Filter Include="third_party\rapidjson">
      <UniqueIdentifier>{776D2FB8-9A8E-E39C-E6F9-F78FA69A5149}</UniqueIdentifier>
    </Filter>
    <Filter Include="third_party\rapidjson\include">
      <UniqueIdentifier>{57CA55B8-BCC5-4000-CE3A-58972F82E9CB}</UniqueIdentifier>
    </Filter>
    <Filter Include="third_party\rapidjson\include\rapidjson">
      <UniqueIdentifier>{776D2FB8-9A8E-E39C-E6F9-F78FA69A5149}</UniqueIdentifier>
    </Filter>
    <Filter Include="third_party\rapidjson\include\rapidjson\internal">
      <UniqueIdentifier>{1D4CEA7C-B637-77CF-7A24-85ABD36F82A8}</UniqueIdentifier>
    </Filter>
    <Filter Include="third_party">
      <UniqueIdentifier>{D6C6CEA7-AAD0-03AD-2394-AC6FCBF8A498}</UniqueIdentifier>
    </Filter>
    <Filter Include="third_party\rapidjson">
      <UniqueIdentifier>{776D2FB8-9A8E-E39C-E6F9-F78FA69A5149}</UniqueIdentifier>
    </Filter>
    <Filter Include="third_party\rapidjson\include">
      <UniqueIdentifier>{57CA55B8-BCC5-4000-CE3A-58972F82E9CB}</UniqueIdentifier>
    </Filter>
    <Filter Include="third_party\rapidjson\include\rapidjson">
      <UniqueIdentifier>{776D2FB8-9A8E-E39C-E6F9-F78FA69A5149}</UniqueIdentifier>
    </Filter>
    <Filter Include="third_party\rapidjson\include\rapidjson\internal">
      <UniqueIdentifier>{1D4CEA7C-B637-77CF-7A24-85ABD36F82A8}</UniqueIdentifier>
    </Filter>
    <Filter Include="third_party">
      <UniqueIdentifier>{D6C6CEA7-AAD0-03AD-2394-AC6FCBF8A498}</UniqueIdentifier>
    </Filter>
    <Filter Include="third_party\rapidjson">
      <UniqueIdentifier>{776D2FB8-9A8E-E39C-E6F9-F78FA69A5149}</UniqueIdentifier>
    </Filter>
    <Filter Include="third_party\rapidjson\include">
      <UniqueIdentifier>{57CA55B8-BCC5-4000-CE3A-58972F82E9CB}</UniqueIdentifier>
    </Filter>
    <Filter Include="third_party\rapidjson\include\rapidjson">
      <UniqueIdentifier>{776D2FB8-9A8E-E39C-E6F9-F78FA69A5149}</UniqueIdentifier>
    </Filter>
    <Filter Include="third_party\rapidjson\include\rapidjson\msinttypes">
      <UniqueIdentifier>{193CE691-8976-C988-8825-266901C6FE58}</UniqueIdentifier>
    </Filter>
    <Filter Include="third_party">
      <UniqueIdentifier>{D6C6CEA7-AAD0-03AD-2394-AC6FCBF8A498}</UniqueIdentifier>
    </Filter>
    <Filter Include="third_party\rapidjson">
      <UniqueIdentifier>{776D2FB8-9A8E-E39C-E6F9-F78FA69A5149}</UniqueIdentifier>
    </Filter>
    <Filter Include="third_party\rapidjson\include">
      <UniqueIdentifier>{57CA55B8-BCC5-4000-CE3A-58972F82E9CB}</UniqueIdentifier>
    </Filter>
    <Filter Include="third_party\rapidjson\include\rapidjson">
      <UniqueIdentifier>{776D2FB8-9A8E-E39C-E6F9-F78FA69A5149}</UniqueIdentifier>
    </Filter>
    <Filter Include="third_party\rapidjson\include\rapidjson\msinttypes">
      <UniqueIdentifier>{193CE691-8976-C988-8825-266901C6FE58}</UniqueIdentifier>
    </Filter>
  </ItemGroup>
  <ItemGroup>
    <ClCompile Include="perf_tests\BufferSubData.cpp">
      <Filter>perf_tests</Filter>
    </ClCompile>
    <ClInclude Include="perf_tests\BufferSubData.h">
      <Filter>perf_tests</Filter>
    </ClInclude>
    <ClCompile Include="perf_tests\PointSprites.cpp">
      <Filter>perf_tests</Filter>
    </ClCompile>
    <ClInclude Include="perf_tests\PointSprites.h">
      <Filter>perf_tests</Filter>
    </ClInclude>
    <ClCompile Include="perf_tests\SimpleBenchmark.cpp">
      <Filter>perf_tests</Filter>
    </ClCompile>
    <ClInclude Include="perf_tests\SimpleBenchmark.h">
      <Filter>perf_tests</Filter>
    </ClInclude>
    <ClCompile Include="perf_tests\SimpleBenchmarks.cpp">
      <Filter>perf_tests</Filter>
    </ClCompile>
    <ClCompile Include="perf_tests\TexSubImage.cpp">
      <Filter>perf_tests</Filter>
    </ClCompile>
    <ClInclude Include="perf_tests\TexSubImage.h">
      <Filter>perf_tests</Filter>
    </ClInclude>
    <ClCompile Include="perf_tests\third_party\perf\perf_test.cc">
      <Filter>perf_tests\third_party\perf</Filter>
    </ClCompile>
    <ClInclude Include="perf_tests\third_party\perf\perf_test.h">
      <Filter>perf_tests\third_party\perf</Filter>
    </ClInclude>
    <ClInclude Include="third_party\rapidjson\include\rapidjson\allocators.h">
      <Filter>third_party\rapidjson\include\rapidjson</Filter>
    </ClInclude>
    <ClInclude Include="third_party\rapidjson\include\rapidjson\document.h">
      <Filter>third_party\rapidjson\include\rapidjson</Filter>
    </ClInclude>
    <ClInclude Include="third_party\rapidjson\include\rapidjson\encodedstream.h">
      <Filter>third_party\rapidjson\include\rapidjson</Filter>
    </ClInclude>
    <ClInclude Include="third_party\rapidjson\include\rapidjson\encodings.h">
      <Filter>third_party\rapidjson\include\rapidjson</Filter>
    </ClInclude>
    <ClInclude Include="third_party\rapidjson\include\rapidjson\filereadstream.h">
      <Filter>third_party\rapidjson\include\rapidjson</Filter>
    </ClInclude>
    <ClInclude Include="third_party\rapidjson\include\rapidjson\filestream.h">
      <Filter>third_party\rapidjson\include\rapidjson</Filter>
    </ClInclude>
    <ClInclude Include="third_party\rapidjson\include\rapidjson\filewritestream.h">
      <Filter>third_party\rapidjson\include\rapidjson</Filter>
    </ClInclude>
    <ClInclude Include="third_party\rapidjson\include\rapidjson\memorybuffer.h">
      <Filter>third_party\rapidjson\include\rapidjson</Filter>
    </ClInclude>
    <ClInclude Include="third_party\rapidjson\include\rapidjson\memorystream.h">
      <Filter>third_party\rapidjson\include\rapidjson</Filter>
    </ClInclude>
    <ClInclude Include="third_party\rapidjson\include\rapidjson\prettywriter.h">
      <Filter>third_party\rapidjson\include\rapidjson</Filter>
    </ClInclude>
    <ClInclude Include="third_party\rapidjson\include\rapidjson\rapidjson.h">
      <Filter>third_party\rapidjson\include\rapidjson</Filter>
    </ClInclude>
    <ClInclude Include="third_party\rapidjson\include\rapidjson\reader.h">
      <Filter>third_party\rapidjson\include\rapidjson</Filter>
    </ClInclude>
    <ClInclude Include="third_party\rapidjson\include\rapidjson\stringbuffer.h">
      <Filter>third_party\rapidjson\include\rapidjson</Filter>
    </ClInclude>
    <ClInclude Include="third_party\rapidjson\include\rapidjson\writer.h">
      <Filter>third_party\rapidjson\include\rapidjson</Filter>
    </ClInclude>
    <ClInclude Include="third_party\rapidjson\include\rapidjson\error\en.h">
      <Filter>third_party\rapidjson\include\rapidjson\error</Filter>
    </ClInclude>
    <ClInclude Include="third_party\rapidjson\include\rapidjson\error\error.h">
      <Filter>third_party\rapidjson\include\rapidjson\error</Filter>
    </ClInclude>
    <ClInclude Include="third_party\rapidjson\include\rapidjson\internal\dtoa.h">
      <Filter>third_party\rapidjson\include\rapidjson\internal</Filter>
    </ClInclude>
    <ClInclude Include="third_party\rapidjson\include\rapidjson\internal\itoa.h">
      <Filter>third_party\rapidjson\include\rapidjson\internal</Filter>
    </ClInclude>
    <ClInclude Include="third_party\rapidjson\include\rapidjson\internal\meta.h">
      <Filter>third_party\rapidjson\include\rapidjson\internal</Filter>
    </ClInclude>
    <ClInclude Include="third_party\rapidjson\include\rapidjson\internal\pow10.h">
      <Filter>third_party\rapidjson\include\rapidjson\internal</Filter>
    </ClInclude>
    <ClInclude Include="third_party\rapidjson\include\rapidjson\internal\stack.h">
      <Filter>third_party\rapidjson\include\rapidjson\internal</Filter>
    </ClInclude>
    <ClInclude Include="third_party\rapidjson\include\rapidjson\internal\strfunc.h">
      <Filter>third_party\rapidjson\include\rapidjson\internal</Filter>
    </ClInclude>
    <ClInclude Include="third_party\rapidjson\include\rapidjson\msinttypes\inttypes.h">
      <Filter>third_party\rapidjson\include\rapidjson\msinttypes</Filter>
    </ClInclude>
    <ClInclude Include="third_party\rapidjson\include\rapidjson\msinttypes\stdint.h">
      <Filter>third_party\rapidjson\include\rapidjson\msinttypes</Filter>
    </ClInclude>
    <None Include="tests.gyp"/>
  </ItemGroup>
</Project>
