<?xml version="1.0" encoding="utf-8"?>
<Project ToolsVersion="4.0" xmlns="http://schemas.microsoft.com/developer/msbuild/2003">
  <ItemGroup>
    <Filter Include="preprocessor_tests">
      <UniqueIdentifier>{632C9332-A0B2-BB90-4896-0AA600FCDB92}</UniqueIdentifier>
    </Filter>
    <Filter Include="..">
      <UniqueIdentifier>{739DB09A-CC57-A953-A6CF-F64FA08E4FA7}</UniqueIdentifier>
    </Filter>
    <Filter Include="..\tests">
      <UniqueIdentifier>{71685B5B-5DB1-D3F0-6DF4-FE19B5454C87}</UniqueIdentifier>
    </Filter>
    <Filter Include="..\tests\preprocessor_tests">
      <UniqueIdentifier>{632C9332-A0B2-BB90-4896-0AA600FCDB92}</UniqueIdentifier>
    </Filter>
    <Filter Include="..">
      <UniqueIdentifier>{739DB09A-CC57-A953-A6CF-F64FA08E4FA7}</UniqueIdentifier>
    </Filter>
    <Filter Include="..\tests">
      <UniqueIdentifier>{71685B5B-5DB1-D3F0-6DF4-FE19B5454C87}</UniqueIdentifier>
    </Filter>
    <Filter Include="..\tests\preprocessor_tests">
      <UniqueIdentifier>{632C9332-A0B2-BB90-4896-0AA600FCDB92}</UniqueIdentifier>
    </Filter>
    <Filter Include="..">
      <UniqueIdentifier>{739DB09A-CC57-A953-A6CF-F64FA08E4FA7}</UniqueIdentifier>
    </Filter>
    <Filter Include="..\tests">
      <UniqueIdentifier>{71685B5B-5DB1-D3F0-6DF4-FE19B5454C87}</UniqueIdentifier>
    </Filter>
    <Filter Include="..\tests\preprocessor_tests">
      <UniqueIdentifier>{632C9332-A0B2-BB90-4896-0AA600FCDB92}</UniqueIdentifier>
    </Filter>
    <Filter Include="..">
      <UniqueIdentifier>{739DB09A-CC57-A953-A6CF-F64FA08E4FA7}</UniqueIdentifier>
    </Filter>
    <Filter Include="..\tests">
      <UniqueIdentifier>{71685B5B-5DB1-D3F0-6DF4-FE19B5454C87}</UniqueIdentifier>
    </Filter>
    <Filter Include="..\tests\preprocessor_tests">
      <UniqueIdentifier>{632C9332-A0B2-BB90-4896-0AA600FCDB92}</UniqueIdentifier>
    </Filter>
    <Filter Include="..">
      <UniqueIdentifier>{739DB09A-CC57-A953-A6CF-F64FA08E4FA7}</UniqueIdentifier>
    </Filter>
    <Filter Include="..\tests">
      <UniqueIdentifier>{71685B5B-5DB1-D3F0-6DF4-FE19B5454C87}</UniqueIdentifier>
    </Filter>
    <Filter Include="..\tests\preprocessor_tests">
      <UniqueIdentifier>{632C9332-A0B2-BB90-4896-0AA600FCDB92}</UniqueIdentifier>
    </Filter>
    <Filter Include="..">
      <UniqueIdentifier>{739DB09A-CC57-A953-A6CF-F64FA08E4FA7}</UniqueIdentifier>
    </Filter>
    <Filter Include="..\tests">
      <UniqueIdentifier>{71685B5B-5DB1-D3F0-6DF4-FE19B5454C87}</UniqueIdentifier>
    </Filter>
    <Filter Include="..\tests\preprocessor_tests">
      <UniqueIdentifier>{632C9332-A0B2-BB90-4896-0AA600FCDB92}</UniqueIdentifier>
    </Filter>
    <Filter Include="..">
      <UniqueIdentifier>{739DB09A-CC57-A953-A6CF-F64FA08E4FA7}</UniqueIdentifier>
    </Filter>
    <Filter Include="..\tests">
      <UniqueIdentifier>{71685B5B-5DB1-D3F0-6DF4-FE19B5454C87}</UniqueIdentifier>
    </Filter>
    <Filter Include="..\tests\preprocessor_tests">
      <UniqueIdentifier>{632C9332-A0B2-BB90-4896-0AA600FCDB92}</UniqueIdentifier>
    </Filter>
    <Filter Include="..">
      <UniqueIdentifier>{739DB09A-CC57-A953-A6CF-F64FA08E4FA7}</UniqueIdentifier>
    </Filter>
    <Filter Include="..\tests">
      <UniqueIdentifier>{71685B5B-5DB1-D3F0-6DF4-FE19B5454C87}</UniqueIdentifier>
    </Filter>
    <Filter Include="..\tests\preprocessor_tests">
      <UniqueIdentifier>{632C9332-A0B2-BB90-4896-0AA600FCDB92}</UniqueIdentifier>
    </Filter>
    <Filter Include="..">
      <UniqueIdentifier>{739DB09A-CC57-A953-A6CF-F64FA08E4FA7}</UniqueIdentifier>
    </Filter>
    <Filter Include="..\tests">
      <UniqueIdentifier>{71685B5B-5DB1-D3F0-6DF4-FE19B5454C87}</UniqueIdentifier>
    </Filter>
    <Filter Include="..\tests\preprocessor_tests">
      <UniqueIdentifier>{632C9332-A0B2-BB90-4896-0AA600FCDB92}</UniqueIdentifier>
    </Filter>
    <Filter Include="..">
      <UniqueIdentifier>{739DB09A-CC57-A953-A6CF-F64FA08E4FA7}</UniqueIdentifier>
    </Filter>
    <Filter Include="..\tests">
      <UniqueIdentifier>{71685B5B-5DB1-D3F0-6DF4-FE19B5454C87}</UniqueIdentifier>
    </Filter>
    <Filter Include="..\tests\preprocessor_tests">
      <UniqueIdentifier>{632C9332-A0B2-BB90-4896-0AA600FCDB92}</UniqueIdentifier>
    </Filter>
    <Filter Include="..">
      <UniqueIdentifier>{739DB09A-CC57-A953-A6CF-F64FA08E4FA7}</UniqueIdentifier>
    </Filter>
    <Filter Include="..\tests">
      <UniqueIdentifier>{71685B5B-5DB1-D3F0-6DF4-FE19B5454C87}</UniqueIdentifier>
    </Filter>
    <Filter Include="..\tests\preprocessor_tests">
      <UniqueIdentifier>{632C9332-A0B2-BB90-4896-0AA600FCDB92}</UniqueIdentifier>
    </Filter>
    <Filter Include="..">
      <UniqueIdentifier>{739DB09A-CC57-A953-A6CF-F64FA08E4FA7}</UniqueIdentifier>
    </Filter>
    <Filter Include="..\tests">
      <UniqueIdentifier>{71685B5B-5DB1-D3F0-6DF4-FE19B5454C87}</UniqueIdentifier>
    </Filter>
    <Filter Include="..\tests\preprocessor_tests">
      <UniqueIdentifier>{632C9332-A0B2-BB90-4896-0AA600FCDB92}</UniqueIdentifier>
    </Filter>
    <Filter Include="..">
      <UniqueIdentifier>{739DB09A-CC57-A953-A6CF-F64FA08E4FA7}</UniqueIdentifier>
    </Filter>
    <Filter Include="..\tests">
      <UniqueIdentifier>{71685B5B-5DB1-D3F0-6DF4-FE19B5454C87}</UniqueIdentifier>
    </Filter>
    <Filter Include="..\tests\preprocessor_tests">
      <UniqueIdentifier>{632C9332-A0B2-BB90-4896-0AA600FCDB92}</UniqueIdentifier>
    </Filter>
    <Filter Include="..">
      <UniqueIdentifier>{739DB09A-CC57-A953-A6CF-F64FA08E4FA7}</UniqueIdentifier>
    </Filter>
    <Filter Include="..\tests">
      <UniqueIdentifier>{71685B5B-5DB1-D3F0-6DF4-FE19B5454C87}</UniqueIdentifier>
    </Filter>
    <Filter Include="..\tests\preprocessor_tests">
      <UniqueIdentifier>{632C9332-A0B2-BB90-4896-0AA600FCDB92}</UniqueIdentifier>
    </Filter>
    <Filter Include="..">
      <UniqueIdentifier>{739DB09A-CC57-A953-A6CF-F64FA08E4FA7}</UniqueIdentifier>
    </Filter>
    <Filter Include="..\tests">
      <UniqueIdentifier>{71685B5B-5DB1-D3F0-6DF4-FE19B5454C87}</UniqueIdentifier>
    </Filter>
    <Filter Include="..\tests\preprocessor_tests">
      <UniqueIdentifier>{632C9332-A0B2-BB90-4896-0AA600FCDB92}</UniqueIdentifier>
    </Filter>
    <Filter Include="..">
      <UniqueIdentifier>{739DB09A-CC57-A953-A6CF-F64FA08E4FA7}</UniqueIdentifier>
    </Filter>
    <Filter Include="..\tests">
      <UniqueIdentifier>{71685B5B-5DB1-D3F0-6DF4-FE19B5454C87}</UniqueIdentifier>
    </Filter>
    <Filter Include="..\tests\preprocessor_tests">
      <UniqueIdentifier>{632C9332-A0B2-BB90-4896-0AA600FCDB92}</UniqueIdentifier>
    </Filter>
    <Filter Include="..">
      <UniqueIdentifier>{739DB09A-CC57-A953-A6CF-F64FA08E4FA7}</UniqueIdentifier>
    </Filter>
    <Filter Include="..\tests">
      <UniqueIdentifier>{71685B5B-5DB1-D3F0-6DF4-FE19B5454C87}</UniqueIdentifier>
    </Filter>
    <Filter Include="..\tests\preprocessor_tests">
      <UniqueIdentifier>{632C9332-A0B2-BB90-4896-0AA600FCDB92}</UniqueIdentifier>
    </Filter>
    <Filter Include="..">
      <UniqueIdentifier>{739DB09A-CC57-A953-A6CF-F64FA08E4FA7}</UniqueIdentifier>
    </Filter>
    <Filter Include="..\tests">
      <UniqueIdentifier>{71685B5B-5DB1-D3F0-6DF4-FE19B5454C87}</UniqueIdentifier>
    </Filter>
    <Filter Include="..\tests\preprocessor_tests">
      <UniqueIdentifier>{632C9332-A0B2-BB90-4896-0AA600FCDB92}</UniqueIdentifier>
    </Filter>
    <Filter Include="..">
      <UniqueIdentifier>{739DB09A-CC57-A953-A6CF-F64FA08E4FA7}</UniqueIdentifier>
    </Filter>
    <Filter Include="..\tests">
      <UniqueIdentifier>{71685B5B-5DB1-D3F0-6DF4-FE19B5454C87}</UniqueIdentifier>
    </Filter>
    <Filter Include="..\tests\preprocessor_tests">
      <UniqueIdentifier>{632C9332-A0B2-BB90-4896-0AA600FCDB92}</UniqueIdentifier>
    </Filter>
  </ItemGroup>
  <ItemGroup>
    <ClCompile Include="preprocessor_tests\preprocessor_test_main.cpp">
      <Filter>preprocessor_tests</Filter>
    </ClCompile>
    <ClInclude Include="..\tests\preprocessor_tests\MockDiagnostics.h">
      <Filter>..\tests\preprocessor_tests</Filter>
    </ClInclude>
    <ClInclude Include="..\tests\preprocessor_tests\MockDirectiveHandler.h">
      <Filter>..\tests\preprocessor_tests</Filter>
    </ClInclude>
    <ClCompile Include="..\tests\preprocessor_tests\PreprocessorTest.cpp">
      <Filter>..\tests\preprocessor_tests</Filter>
    </ClCompile>
    <ClInclude Include="..\tests\preprocessor_tests\PreprocessorTest.h">
      <Filter>..\tests\preprocessor_tests</Filter>
    </ClInclude>
    <ClCompile Include="..\tests\preprocessor_tests\char_test.cpp">
      <Filter>..\tests\preprocessor_tests</Filter>
    </ClCompile>
    <ClCompile Include="..\tests\preprocessor_tests\comment_test.cpp">
      <Filter>..\tests\preprocessor_tests</Filter>
    </ClCompile>
    <ClCompile Include="..\tests\preprocessor_tests\define_test.cpp">
      <Filter>..\tests\preprocessor_tests</Filter>
    </ClCompile>
    <ClCompile Include="..\tests\preprocessor_tests\error_test.cpp">
      <Filter>..\tests\preprocessor_tests</Filter>
    </ClCompile>
    <ClCompile Include="..\tests\preprocessor_tests\extension_test.cpp">
      <Filter>..\tests\preprocessor_tests</Filter>
    </ClCompile>
    <ClCompile Include="..\tests\preprocessor_tests\identifier_test.cpp">
      <Filter>..\tests\preprocessor_tests</Filter>
    </ClCompile>
    <ClCompile Include="..\tests\preprocessor_tests\if_test.cpp">
      <Filter>..\tests\preprocessor_tests</Filter>
    </ClCompile>
    <ClCompile Include="..\tests\preprocessor_tests\input_test.cpp">
      <Filter>..\tests\preprocessor_tests</Filter>
    </ClCompile>
    <ClCompile Include="..\tests\preprocessor_tests\location_test.cpp">
      <Filter>..\tests\preprocessor_tests</Filter>
    </ClCompile>
    <ClCompile Include="..\tests\preprocessor_tests\number_test.cpp">
      <Filter>..\tests\preprocessor_tests</Filter>
    </ClCompile>
    <ClCompile Include="..\tests\preprocessor_tests\operator_test.cpp">
      <Filter>..\tests\preprocessor_tests</Filter>
    </ClCompile>
    <ClCompile Include="..\tests\preprocessor_tests\pragma_test.cpp">
      <Filter>..\tests\preprocessor_tests</Filter>
    </ClCompile>
    <ClCompile Include="..\tests\preprocessor_tests\space_test.cpp">
      <Filter>..\tests\preprocessor_tests</Filter>
    </ClCompile>
    <ClCompile Include="..\tests\preprocessor_tests\token_test.cpp">
      <Filter>..\tests\preprocessor_tests</Filter>
    </ClCompile>
    <ClCompile Include="..\tests\preprocessor_tests\version_test.cpp">
      <Filter>..\tests\preprocessor_tests</Filter>
    </ClCompile>
    <None Include="tests.gyp"/>
  </ItemGroup>
</Project>
