
Microsoft Visual Studio Solution File, Format Version 12.00
# Visual Studio 2013
VisualStudioVersion = 12.0.30501.0
MinimumVisualStudioVersion = 10.0.40219.1
Project("{2150E333-8FDC-42A3-9474-1A3956D46DE8}") = "libEGL", "libEGL", "{8BA5424E-3C66-4972-A5AF-460E491F2ECA}"
EndProject
Project("{2150E333-8FDC-42A3-9474-1A3956D46DE8}") = "libGLESv2", "libGLESv2", "{AEA814D9-2042-4FCF-819C-A9394E822925}"
EndProject
Project("{2150E333-8FDC-42A3-9474-1A3956D46DE8}") = "translator", "translator", "{2547CB2F-289F-4406-A4DB-A4B08B794584}"
EndProject
Project("{2150E333-8FDC-42A3-9474-1A3956D46DE8}") = "preprocessor", "preprocessor", "{30E1E06A-91AC-4305-AFFA-601C5F78EFE5}"
EndProject
Project("{2150E333-8FDC-42A3-9474-1A3956D46DE8}") = "commit_id", "commit_id", "{5F5F1F1C-D677-44DA-9EBB-BC43AA2359B7}"
EndProject
Project("{2150E333-8FDC-42A3-9474-1A3956D46DE8}") = "copy_scripts", "copy_scripts", "{08291178-B122-43F5-B216-4E1D9790B07B}"
EndProject
Project("{8BC9CEB8-8B4A-11D0-8D11-00A0C91BC942}") = "angle.test.surfacehost.Windows", "angle.test.surfacehost.Windows.vcxproj", "{DE028AD1-BCF4-4F06-9F2C-2F8FE694B14F}"
EndProject
Project("{2150E333-8FDC-42A3-9474-1A3956D46DE8}") = "ANGLE", "ANGLE", "{A40CE399-7DF0-4236-A971-6F40238AD617}"
EndProject
Project("{2150E333-8FDC-42A3-9474-1A3956D46DE8}") = "SurfaceHost tests", "SurfaceHost tests", "{3A6420A1-90C1-4EE9-978B-962909516131}"
EndProject
Project("{8BC9CEB8-8B4A-11D0-8D11-00A0C91BC942}") = "angle.test.surfacehost.Shared", "angle.test.surfacehost.Shared.vcxitems", "{062BE4F1-B4D8-47CC-A276-9FF6F20F5390}"
EndProject
Project("{2150E333-8FDC-42A3-9474-1A3956D46DE8}") = "FL9 tests", "FL9 tests", "{18C43892-3590-4C84-AE78-539281388CE3}"
EndProject
Project("{8BC9CEB8-8B4A-11D0-8D11-00A0C91BC942}") = "angle.test.fl9.Shared", "angle.test.fl9.Shared.vcxitems", "{BBF25CAB-922E-4383-BA97-FC84C97F20A5}"
EndProject
Project("{8BC9CEB8-8B4A-11D0-8D11-00A0C91BC942}") = "angle.test.fl9.Windows", "angle.test.fl9.Windows.vcxproj", "{EE7A790B-796F-445C-AC98-45DA764A4FC2}"
EndProject
Project("{8BC9CEB8-8B4A-11D0-8D11-00A0C91BC942}") = "commit_id", "..\..\winrt\windows\src\commit_id.vcxproj", "{0416946B-BF08-FAD7-3C56-5290013F87E8}"
EndProject
Project("{8BC9CEB8-8B4A-11D0-8D11-00A0C91BC942}") = "copy_scripts", "..\..\winrt\windows\src\copy_scripts.vcxproj", "{148CE534-318E-DEE4-F525-035ACB97C81E}"
EndProject
Project("{8BC9CEB8-8B4A-11D0-8D11-00A0C91BC942}") = "libEGL", "..\..\winrt\windows\src\libEGL.vcxproj", "{3989DAB8-4A64-1E8C-FF89-AEEAC1BF0D66}"
EndProject
Project("{8BC9CEB8-8B4A-11D0-8D11-00A0C91BC942}") = "libGLESv2", "..\..\winrt\windows\src\libGLESv2.vcxproj", "{85F3A15C-B3C6-98E9-2A46-3B9059AEB1EB}"
EndProject
Project("{8BC9CEB8-8B4A-11D0-8D11-00A0C91BC942}") = "preprocessor", "..\..\winrt\windows\src\preprocessor.vcxproj", "{82C3EC0F-4407-6B6F-9A97-BA9A225EC094}"
EndProject
Project("{8BC9CEB8-8B4A-11D0-8D11-00A0C91BC942}") = "translator_lib", "..\..\winrt\windows\src\translator_lib.vcxproj", "{9E0D3FA0-A133-FC53-D992-096A6F7903DE}"
EndProject
Project("{8BC9CEB8-8B4A-11D0-8D11-00A0C91BC942}") = "translator_static", "..\..\winrt\windows\src\translator_static.vcxproj", "{60C4DBC4-945F-E059-D216-5D17E4E81C65}"
EndProject
Project("{8BC9CEB8-8B4A-11D0-8D11-00A0C91BC942}") = "translator", "..\..\winrt\windows\src\translator.vcxproj", "{E3541041-4306-ECA5-B262-9C2EF3DBFC3E}"
EndProject
Global
	GlobalSection(SharedMSBuildProjectFiles) = preSolution
		angle.test.fl9.Shared.vcxitems*{ee7a790b-796f-445c-ac98-45da764a4fc2}*SharedItemsImports = 4
		angle.test.fl9.Shared.vcxitems*{bbf25cab-922e-4383-ba97-fc84c97f20a5}*SharedItemsImports = 9
		angle.test.surfacehost.Shared.vcxitems*{062be4f1-b4d8-47cc-a276-9ff6f20f5390}*SharedItemsImports = 9
		angle.test.surfacehost.Shared.vcxitems*{de028ad1-bcf4-4f06-9f2c-2f8fe694b14f}*SharedItemsImports = 4
	EndGlobalSection
	GlobalSection(SolutionConfigurationPlatforms) = preSolution
		Debug|ARM = Debug|ARM
		Debug|Win32 = Debug|Win32
		Debug|x64 = Debug|x64
		Release|ARM = Release|ARM
		Release|Win32 = Release|Win32
		Release|x64 = Release|x64
	EndGlobalSection
	GlobalSection(ProjectConfigurationPlatforms) = postSolution
		{DE028AD1-BCF4-4F06-9F2C-2F8FE694B14F}.Debug|ARM.ActiveCfg = Debug|ARM
		{DE028AD1-BCF4-4F06-9F2C-2F8FE694B14F}.Debug|ARM.Build.0 = Debug|ARM
		{DE028AD1-BCF4-4F06-9F2C-2F8FE694B14F}.Debug|Win32.ActiveCfg = Debug|Win32
		{DE028AD1-BCF4-4F06-9F2C-2F8FE694B14F}.Debug|Win32.Build.0 = Debug|Win32
		{DE028AD1-BCF4-4F06-9F2C-2F8FE694B14F}.Debug|x64.ActiveCfg = Debug|x64
		{DE028AD1-BCF4-4F06-9F2C-2F8FE694B14F}.Debug|x64.Build.0 = Debug|x64
		{DE028AD1-BCF4-4F06-9F2C-2F8FE694B14F}.Release|ARM.ActiveCfg = Release|ARM
		{DE028AD1-BCF4-4F06-9F2C-2F8FE694B14F}.Release|ARM.Build.0 = Release|ARM
		{DE028AD1-BCF4-4F06-9F2C-2F8FE694B14F}.Release|Win32.ActiveCfg = Release|Win32
		{DE028AD1-BCF4-4F06-9F2C-2F8FE694B14F}.Release|Win32.Build.0 = Release|Win32
		{DE028AD1-BCF4-4F06-9F2C-2F8FE694B14F}.Release|x64.ActiveCfg = Release|x64
		{DE028AD1-BCF4-4F06-9F2C-2F8FE694B14F}.Release|x64.Build.0 = Release|x64
		{EE7A790B-796F-445C-AC98-45DA764A4FC2}.Debug|ARM.ActiveCfg = Debug|ARM
		{EE7A790B-796F-445C-AC98-45DA764A4FC2}.Debug|ARM.Build.0 = Debug|ARM
		{EE7A790B-796F-445C-AC98-45DA764A4FC2}.Debug|ARM.Deploy.0 = Debug|ARM
		{EE7A790B-796F-445C-AC98-45DA764A4FC2}.Debug|Win32.ActiveCfg = Debug|Win32
		{EE7A790B-796F-445C-AC98-45DA764A4FC2}.Debug|Win32.Build.0 = Debug|Win32
		{EE7A790B-796F-445C-AC98-45DA764A4FC2}.Debug|Win32.Deploy.0 = Debug|Win32
		{EE7A790B-796F-445C-AC98-45DA764A4FC2}.Debug|x64.ActiveCfg = Debug|x64
		{EE7A790B-796F-445C-AC98-45DA764A4FC2}.Debug|x64.Build.0 = Debug|x64
		{EE7A790B-796F-445C-AC98-45DA764A4FC2}.Debug|x64.Deploy.0 = Debug|x64
		{EE7A790B-796F-445C-AC98-45DA764A4FC2}.Release|ARM.ActiveCfg = Release|ARM
		{EE7A790B-796F-445C-AC98-45DA764A4FC2}.Release|ARM.Build.0 = Release|ARM
		{EE7A790B-796F-445C-AC98-45DA764A4FC2}.Release|ARM.Deploy.0 = Release|ARM
		{EE7A790B-796F-445C-AC98-45DA764A4FC2}.Release|Win32.ActiveCfg = Release|Win32
		{EE7A790B-796F-445C-AC98-45DA764A4FC2}.Release|Win32.Build.0 = Release|Win32
		{EE7A790B-796F-445C-AC98-45DA764A4FC2}.Release|Win32.Deploy.0 = Release|Win32
		{EE7A790B-796F-445C-AC98-45DA764A4FC2}.Release|x64.ActiveCfg = Release|x64
		{EE7A790B-796F-445C-AC98-45DA764A4FC2}.Release|x64.Build.0 = Release|x64
		{EE7A790B-796F-445C-AC98-45DA764A4FC2}.Release|x64.Deploy.0 = Release|x64
		{0416946B-BF08-FAD7-3C56-5290013F87E8}.Debug|ARM.ActiveCfg = Debug|ARM
		{0416946B-BF08-FAD7-3C56-5290013F87E8}.Debug|ARM.Build.0 = Debug|ARM
		{0416946B-BF08-FAD7-3C56-5290013F87E8}.Debug|Win32.ActiveCfg = Debug|Win32
		{0416946B-BF08-FAD7-3C56-5290013F87E8}.Debug|Win32.Build.0 = Debug|Win32
		{0416946B-BF08-FAD7-3C56-5290013F87E8}.Debug|x64.ActiveCfg = Debug|x64
		{0416946B-BF08-FAD7-3C56-5290013F87E8}.Debug|x64.Build.0 = Debug|x64
		{0416946B-BF08-FAD7-3C56-5290013F87E8}.Release|ARM.ActiveCfg = Release|ARM
		{0416946B-BF08-FAD7-3C56-5290013F87E8}.Release|ARM.Build.0 = Release|ARM
		{0416946B-BF08-FAD7-3C56-5290013F87E8}.Release|Win32.ActiveCfg = Release|Win32
		{0416946B-BF08-FAD7-3C56-5290013F87E8}.Release|Win32.Build.0 = Release|Win32
		{0416946B-BF08-FAD7-3C56-5290013F87E8}.Release|x64.ActiveCfg = Release|x64
		{0416946B-BF08-FAD7-3C56-5290013F87E8}.Release|x64.Build.0 = Release|x64
		{148CE534-318E-DEE4-F525-035ACB97C81E}.Debug|ARM.ActiveCfg = Debug|ARM
		{148CE534-318E-DEE4-F525-035ACB97C81E}.Debug|ARM.Build.0 = Debug|ARM
		{148CE534-318E-DEE4-F525-035ACB97C81E}.Debug|Win32.ActiveCfg = Debug|Win32
		{148CE534-318E-DEE4-F525-035ACB97C81E}.Debug|Win32.Build.0 = Debug|Win32
		{148CE534-318E-DEE4-F525-035ACB97C81E}.Debug|x64.ActiveCfg = Debug|x64
		{148CE534-318E-DEE4-F525-035ACB97C81E}.Debug|x64.Build.0 = Debug|x64
		{148CE534-318E-DEE4-F525-035ACB97C81E}.Release|ARM.ActiveCfg = Release|ARM
		{148CE534-318E-DEE4-F525-035ACB97C81E}.Release|ARM.Build.0 = Release|ARM
		{148CE534-318E-DEE4-F525-035ACB97C81E}.Release|Win32.ActiveCfg = Release|Win32
		{148CE534-318E-DEE4-F525-035ACB97C81E}.Release|Win32.Build.0 = Release|Win32
		{148CE534-318E-DEE4-F525-035ACB97C81E}.Release|x64.ActiveCfg = Release|x64
		{148CE534-318E-DEE4-F525-035ACB97C81E}.Release|x64.Build.0 = Release|x64
		{3989DAB8-4A64-1E8C-FF89-AEEAC1BF0D66}.Debug|ARM.ActiveCfg = Debug|ARM
		{3989DAB8-4A64-1E8C-FF89-AEEAC1BF0D66}.Debug|ARM.Build.0 = Debug|ARM
		{3989DAB8-4A64-1E8C-FF89-AEEAC1BF0D66}.Debug|Win32.ActiveCfg = Debug|Win32
		{3989DAB8-4A64-1E8C-FF89-AEEAC1BF0D66}.Debug|Win32.Build.0 = Debug|Win32
		{3989DAB8-4A64-1E8C-FF89-AEEAC1BF0D66}.Debug|x64.ActiveCfg = Debug|x64
		{3989DAB8-4A64-1E8C-FF89-AEEAC1BF0D66}.Debug|x64.Build.0 = Debug|x64
		{3989DAB8-4A64-1E8C-FF89-AEEAC1BF0D66}.Release|ARM.ActiveCfg = Release|ARM
		{3989DAB8-4A64-1E8C-FF89-AEEAC1BF0D66}.Release|ARM.Build.0 = Release|ARM
		{3989DAB8-4A64-1E8C-FF89-AEEAC1BF0D66}.Release|Win32.ActiveCfg = Release|Win32
		{3989DAB8-4A64-1E8C-FF89-AEEAC1BF0D66}.Release|Win32.Build.0 = Release|Win32
		{3989DAB8-4A64-1E8C-FF89-AEEAC1BF0D66}.Release|x64.ActiveCfg = Release|x64
		{3989DAB8-4A64-1E8C-FF89-AEEAC1BF0D66}.Release|x64.Build.0 = Release|x64
		{85F3A15C-B3C6-98E9-2A46-3B9059AEB1EB}.Debug|ARM.ActiveCfg = Debug|ARM
		{85F3A15C-B3C6-98E9-2A46-3B9059AEB1EB}.Debug|ARM.Build.0 = Debug|ARM
		{85F3A15C-B3C6-98E9-2A46-3B9059AEB1EB}.Debug|Win32.ActiveCfg = Debug|Win32
		{85F3A15C-B3C6-98E9-2A46-3B9059AEB1EB}.Debug|Win32.Build.0 = Debug|Win32
		{85F3A15C-B3C6-98E9-2A46-3B9059AEB1EB}.Debug|x64.ActiveCfg = Debug|x64
		{85F3A15C-B3C6-98E9-2A46-3B9059AEB1EB}.Debug|x64.Build.0 = Debug|x64
		{85F3A15C-B3C6-98E9-2A46-3B9059AEB1EB}.Release|ARM.ActiveCfg = Release|ARM
		{85F3A15C-B3C6-98E9-2A46-3B9059AEB1EB}.Release|ARM.Build.0 = Release|ARM
		{85F3A15C-B3C6-98E9-2A46-3B9059AEB1EB}.Release|Win32.ActiveCfg = Release|Win32
		{85F3A15C-B3C6-98E9-2A46-3B9059AEB1EB}.Release|Win32.Build.0 = Release|Win32
		{85F3A15C-B3C6-98E9-2A46-3B9059AEB1EB}.Release|x64.ActiveCfg = Release|x64
		{85F3A15C-B3C6-98E9-2A46-3B9059AEB1EB}.Release|x64.Build.0 = Release|x64
		{82C3EC0F-4407-6B6F-9A97-BA9A225EC094}.Debug|ARM.ActiveCfg = Debug|ARM
		{82C3EC0F-4407-6B6F-9A97-BA9A225EC094}.Debug|ARM.Build.0 = Debug|ARM
		{82C3EC0F-4407-6B6F-9A97-BA9A225EC094}.Debug|Win32.ActiveCfg = Debug|Win32
		{82C3EC0F-4407-6B6F-9A97-BA9A225EC094}.Debug|Win32.Build.0 = Debug|Win32
		{82C3EC0F-4407-6B6F-9A97-BA9A225EC094}.Debug|x64.ActiveCfg = Debug|x64
		{82C3EC0F-4407-6B6F-9A97-BA9A225EC094}.Debug|x64.Build.0 = Debug|x64
		{82C3EC0F-4407-6B6F-9A97-BA9A225EC094}.Release|ARM.ActiveCfg = Release|ARM
		{82C3EC0F-4407-6B6F-9A97-BA9A225EC094}.Release|ARM.Build.0 = Release|ARM
		{82C3EC0F-4407-6B6F-9A97-BA9A225EC094}.Release|Win32.ActiveCfg = Release|Win32
		{82C3EC0F-4407-6B6F-9A97-BA9A225EC094}.Release|Win32.Build.0 = Release|Win32
		{82C3EC0F-4407-6B6F-9A97-BA9A225EC094}.Release|x64.ActiveCfg = Release|x64
		{82C3EC0F-4407-6B6F-9A97-BA9A225EC094}.Release|x64.Build.0 = Release|x64
		{9E0D3FA0-A133-FC53-D992-096A6F7903DE}.Debug|ARM.ActiveCfg = Debug|ARM
		{9E0D3FA0-A133-FC53-D992-096A6F7903DE}.Debug|ARM.Build.0 = Debug|ARM
		{9E0D3FA0-A133-FC53-D992-096A6F7903DE}.Debug|Win32.ActiveCfg = Debug|Win32
		{9E0D3FA0-A133-FC53-D992-096A6F7903DE}.Debug|Win32.Build.0 = Debug|Win32
		{9E0D3FA0-A133-FC53-D992-096A6F7903DE}.Debug|x64.ActiveCfg = Debug|x64
		{9E0D3FA0-A133-FC53-D992-096A6F7903DE}.Debug|x64.Build.0 = Debug|x64
		{9E0D3FA0-A133-FC53-D992-096A6F7903DE}.Release|ARM.ActiveCfg = Release|ARM
		{9E0D3FA0-A133-FC53-D992-096A6F7903DE}.Release|ARM.Build.0 = Release|ARM
		{9E0D3FA0-A133-FC53-D992-096A6F7903DE}.Release|Win32.ActiveCfg = Release|Win32
		{9E0D3FA0-A133-FC53-D992-096A6F7903DE}.Release|Win32.Build.0 = Release|Win32
		{9E0D3FA0-A133-FC53-D992-096A6F7903DE}.Release|x64.ActiveCfg = Release|x64
		{9E0D3FA0-A133-FC53-D992-096A6F7903DE}.Release|x64.Build.0 = Release|x64
		{60C4DBC4-945F-E059-D216-5D17E4E81C65}.Debug|ARM.ActiveCfg = Debug|ARM
		{60C4DBC4-945F-E059-D216-5D17E4E81C65}.Debug|ARM.Build.0 = Debug|ARM
		{60C4DBC4-945F-E059-D216-5D17E4E81C65}.Debug|Win32.ActiveCfg = Debug|Win32
		{60C4DBC4-945F-E059-D216-5D17E4E81C65}.Debug|Win32.Build.0 = Debug|Win32
		{60C4DBC4-945F-E059-D216-5D17E4E81C65}.Debug|x64.ActiveCfg = Debug|x64
		{60C4DBC4-945F-E059-D216-5D17E4E81C65}.Debug|x64.Build.0 = Debug|x64
		{60C4DBC4-945F-E059-D216-5D17E4E81C65}.Release|ARM.ActiveCfg = Release|ARM
		{60C4DBC4-945F-E059-D216-5D17E4E81C65}.Release|ARM.Build.0 = Release|ARM
		{60C4DBC4-945F-E059-D216-5D17E4E81C65}.Release|Win32.ActiveCfg = Release|Win32
		{60C4DBC4-945F-E059-D216-5D17E4E81C65}.Release|Win32.Build.0 = Release|Win32
		{60C4DBC4-945F-E059-D216-5D17E4E81C65}.Release|x64.ActiveCfg = Release|x64
		{60C4DBC4-945F-E059-D216-5D17E4E81C65}.Release|x64.Build.0 = Release|x64
		{E3541041-4306-ECA5-B262-9C2EF3DBFC3E}.Debug|ARM.ActiveCfg = Debug|ARM
		{E3541041-4306-ECA5-B262-9C2EF3DBFC3E}.Debug|ARM.Build.0 = Debug|ARM
		{E3541041-4306-ECA5-B262-9C2EF3DBFC3E}.Debug|Win32.ActiveCfg = Debug|Win32
		{E3541041-4306-ECA5-B262-9C2EF3DBFC3E}.Debug|Win32.Build.0 = Debug|Win32
		{E3541041-4306-ECA5-B262-9C2EF3DBFC3E}.Debug|x64.ActiveCfg = Debug|x64
		{E3541041-4306-ECA5-B262-9C2EF3DBFC3E}.Debug|x64.Build.0 = Debug|x64
		{E3541041-4306-ECA5-B262-9C2EF3DBFC3E}.Release|ARM.ActiveCfg = Release|ARM
		{E3541041-4306-ECA5-B262-9C2EF3DBFC3E}.Release|ARM.Build.0 = Release|ARM
		{E3541041-4306-ECA5-B262-9C2EF3DBFC3E}.Release|Win32.ActiveCfg = Release|Win32
		{E3541041-4306-ECA5-B262-9C2EF3DBFC3E}.Release|Win32.Build.0 = Release|Win32
		{E3541041-4306-ECA5-B262-9C2EF3DBFC3E}.Release|x64.ActiveCfg = Release|x64
		{E3541041-4306-ECA5-B262-9C2EF3DBFC3E}.Release|x64.Build.0 = Release|x64
	EndGlobalSection
	GlobalSection(SolutionProperties) = preSolution
		HideSolutionNode = FALSE
	EndGlobalSection
	GlobalSection(NestedProjects) = preSolution
		{8BA5424E-3C66-4972-A5AF-460E491F2ECA} = {A40CE399-7DF0-4236-A971-6F40238AD617}
		{AEA814D9-2042-4FCF-819C-A9394E822925} = {A40CE399-7DF0-4236-A971-6F40238AD617}
		{2547CB2F-289F-4406-A4DB-A4B08B794584} = {A40CE399-7DF0-4236-A971-6F40238AD617}
		{30E1E06A-91AC-4305-AFFA-601C5F78EFE5} = {A40CE399-7DF0-4236-A971-6F40238AD617}
		{5F5F1F1C-D677-44DA-9EBB-BC43AA2359B7} = {A40CE399-7DF0-4236-A971-6F40238AD617}
		{08291178-B122-43F5-B216-4E1D9790B07B} = {A40CE399-7DF0-4236-A971-6F40238AD617}
		{DE028AD1-BCF4-4F06-9F2C-2F8FE694B14F} = {3A6420A1-90C1-4EE9-978B-962909516131}
		{062BE4F1-B4D8-47CC-A276-9FF6F20F5390} = {3A6420A1-90C1-4EE9-978B-962909516131}
		{BBF25CAB-922E-4383-BA97-FC84C97F20A5} = {18C43892-3590-4C84-AE78-539281388CE3}
		{EE7A790B-796F-445C-AC98-45DA764A4FC2} = {18C43892-3590-4C84-AE78-539281388CE3}
		{0416946B-BF08-FAD7-3C56-5290013F87E8} = {5F5F1F1C-D677-44DA-9EBB-BC43AA2359B7}
		{148CE534-318E-DEE4-F525-035ACB97C81E} = {08291178-B122-43F5-B216-4E1D9790B07B}
		{3989DAB8-4A64-1E8C-FF89-AEEAC1BF0D66} = {8BA5424E-3C66-4972-A5AF-460E491F2ECA}
		{85F3A15C-B3C6-98E9-2A46-3B9059AEB1EB} = {AEA814D9-2042-4FCF-819C-A9394E822925}
		{82C3EC0F-4407-6B6F-9A97-BA9A225EC094} = {30E1E06A-91AC-4305-AFFA-601C5F78EFE5}
		{9E0D3FA0-A133-FC53-D992-096A6F7903DE} = {2547CB2F-289F-4406-A4DB-A4B08B794584}
		{60C4DBC4-945F-E059-D216-5D17E4E81C65} = {2547CB2F-289F-4406-A4DB-A4B08B794584}
		{E3541041-4306-ECA5-B262-9C2EF3DBFC3E} = {2547CB2F-289F-4406-A4DB-A4B08B794584}
	EndGlobalSection
EndGlobal
