<?xml version="1.0" encoding="utf-8"?>
<Project ToolsVersion="4.0" xmlns="http://schemas.microsoft.com/developer/msbuild/2003">
  <ItemGroup>
    <ClCompile Include="$(MSBuildThisFileDirectory)..\..\..\tests\winrt_tests\angle.test.NativeWindow\NativeWindowTest.cpp">
      <Filter>Source Files</Filter>
    </ClCompile>
    <ClCompile Include="$(MSBuildThisFileDirectory)..\..\..\tests\winrt_tests\angle.test.NativeWindow\pch.cpp">
      <Filter>Source Files</Filter>
    </ClCompile>
    <ClCompile Include="$(MSBuildThisFileDirectory)..\..\..\src\common\winrt\SwapChainPanelNativeWindow.cpp">
      <Filter>ANGLE Code</Filter>
    </ClCompile>
    <ClCompile Include="$(MSBuildThisFileDirectory)..\..\..\src\common\winrt\CoreWindowNativeWindow.cpp">
      <Filter>ANGLE Code</Filter>
    </ClCompile>
    <ClCompile Include="$(MSBuildThisFileDirectory)..\..\..\src\common\winrt\IInspectableNativeWindow.cpp">
      <Filter>ANGLE Code</Filter>
    </ClCompile>
    <ClCompile Include="$(MSBuildThisFileDirectory)..\..\..\src\common\winrt\winrtutils.cpp">
      <Filter>ANGLE Code</Filter>
    </ClCompile>
  </ItemGroup>
  <ItemGroup>
    <ClInclude Include="$(MSBuildThisFileDirectory)..\..\..\tests\winrt_tests\angle.test.NativeWindow\MockCoreWindow.h">
      <Filter>Header Files</Filter>
    </ClInclude>
    <ClInclude Include="$(MSBuildThisFileDirectory)..\..\..\tests\winrt_tests\angle.test.NativeWindow\MockD3DDevice.h">
      <Filter>Header Files</Filter>
    </ClInclude>
    <ClInclude Include="$(MSBuildThisFileDirectory)..\..\..\tests\winrt_tests\angle.test.NativeWindow\MockDXGIFactory.h">
      <Filter>Header Files</Filter>
    </ClInclude>
    <ClInclude Include="$(MSBuildThisFileDirectory)..\..\..\tests\winrt_tests\angle.test.NativeWindow\MockDXGISwapChain.h">
      <Filter>Header Files</Filter>
    </ClInclude>
    <ClInclude Include="$(MSBuildThisFileDirectory)..\..\..\tests\winrt_tests\angle.test.NativeWindow\MockSwapChainPanel.h">
      <Filter>Header Files</Filter>
    </ClInclude>
    <ClInclude Include="$(MSBuildThisFileDirectory)..\..\..\tests\winrt_tests\angle.test.NativeWindow\pch.h">
      <Filter>Header Files</Filter>
    </ClInclude>
    <ClInclude Include="$(MSBuildThisFileDirectory)..\..\..\tests\winrt_tests\angle.test.NativeWindow\targetver.h">
      <Filter>Header Files</Filter>
    </ClInclude>
    <ClInclude Include="$(MSBuildThisFileDirectory)..\..\..\src\common\winrt\SwapChainPanelNativeWindow.h">
      <Filter>ANGLE Code</Filter>
    </ClInclude>
    <ClInclude Include="$(MSBuildThisFileDirectory)..\..\..\src\common\winrt\CoreWindowNativeWindow.h">
      <Filter>ANGLE Code</Filter>
    </ClInclude>
    <ClInclude Include="$(MSBuildThisFileDirectory)..\..\..\src\common\winrt\IInspectableNativeWindow.h">
      <Filter>ANGLE Code</Filter>
    </ClInclude>
    <ClInclude Include="$(MSBuildThisFileDirectory)..\..\..\src\common\winrt\winrtutils.h">
      <Filter>ANGLE Code</Filter>
    </ClInclude>
    <ClInclude Include="$(MSBuildThisFileDirectory)..\..\..\tests\winrt_tests\angle.test.NativeWindow\GenericInterfaces.h">
      <Filter>Header Files</Filter>
    </ClInclude>
  </ItemGroup>
  <ItemGroup>
    <Filter Include="Header Files">
      <UniqueIdentifier>{0792a625-69a4-48a5-92d1-655d40ca6741}</UniqueIdentifier>
    </Filter>
    <Filter Include="ANGLE Code">
      <UniqueIdentifier>{a0a110bd-543e-4f01-8779-5170fb3894da}</UniqueIdentifier>
    </Filter>
    <Filter Include="Source Files">
      <UniqueIdentifier>{05e49384-c7d1-4e60-af11-e2be729f50bd}</UniqueIdentifier>
    </Filter>
  </ItemGroup>
</Project>