<?xml version="1.0" encoding="utf-8"?>
<Project ToolsVersion="12.0" xmlns="http://schemas.microsoft.com/developer/msbuild/2003">
  <ItemGroup>
    <Filter Include="Resource Files">
      <UniqueIdentifier>4252fde8-1f3c-42d3-802f-488107cb8080</UniqueIdentifier>
      <Extensions>rc;ico;cur;bmp;dlg;rc2;rct;bin;rgs;gif;jpg;jpeg;jpe;resx;tga;tiff;tif;png;wav;mfcribbon-ms</Extensions>
    </Filter>
    <Filter Include="Package">
      <UniqueIdentifier>9262a6c3-3bcb-4798-9921-c2d06c0c0d5f</UniqueIdentifier>
      <Extensions>appxmanifest;tile;settings</Extensions>
    </Filter>
  </ItemGroup>
  <ItemGroup>
    <Image Include="..\..\..\tests\winrt_tests\angle.test.common\Assets\UnitTestLogo.scale-100.png">
      <Filter>Resource Files</Filter>
    </Image>
    <Image Include="..\..\..\tests\winrt_tests\angle.test.common\Assets\UnitTestSmallLogo.scale-100.png">
      <Filter>Resource Files</Filter>
    </Image>
    <Image Include="..\..\..\tests\winrt_tests\angle.test.common\Assets\UnitTestSplashScreen.scale-100.png">
      <Filter>Resource Files</Filter>
    </Image>
    <Image Include="..\..\..\tests\winrt_tests\angle.test.common\Assets\UnitTestStoreLogo.scale-100.png">
      <Filter>Resource Files</Filter>
    </Image>
  </ItemGroup>
  <ItemGroup>
    <None Include="..\..\..\tests\winrt_tests\angle.test.surfacehost\angle.test.surfacehost_TemporaryKey.pfx" />
  </ItemGroup>
  <ItemGroup>
    <AppxManifest Include="..\..\..\tests\winrt_tests\angle.test.surfacehost\Package.Windows.appxmanifest">
      <Filter>Package</Filter>
    </AppxManifest>
  </ItemGroup>
</Project>