Microsoft Visual Studio Solution File, Format Version 12.00
# Visual Studio 2015
Project("{2150E333-8FDC-42A3-9474-1A3956D46DE8}") = "(gyp)", "..\..\..\gyp", "{B832B071-33F2-0FA5-61DB-DFCD0CC3E66A}"
EndProject
Project("{2150E333-8FDC-42A3-9474-1A3956D46DE8}") = "(src)", "..\..\..\src", "{607B4E81-FB72-43DF-177C-C1403E500480}"
EndProject
Project("{2150E333-8FDC-42A3-9474-1A3956D46DE8}") = "(tests)", "..\..\..\src\tests", "{82B3C9A4-9888-7921-E0BD-42C3F86F9A50}"
EndProject
Project("{2150E333-8FDC-42A3-9474-1A3956D46DE8}") = "(util)", "..\..\..\util", "{593E5771-A9CE-7BB4-6B2B-2AE6F616D6F6}"
EndProject
Project("{8BC9CEB8-8B4A-11D0-8D11-00A0C91BC942}") = "All", "All.vcxproj", "{579D834E-7565-52C6-D98B-4C7F78FC1E22}"
	ProjectSection(ProjectDependencies) = postProject
		{7E3E300C-E43E-45E3-7AFE-6C728B705A32} = {7E3E300C-E43E-45E3-7AFE-6C728B705A32}
		{4C9E2306-3012-5705-6444-E83567B383C7} = {4C9E2306-3012-5705-6444-E83567B383C7}
		{DC6C63FF-C15C-68A1-5864-FB597D75B2B3} = {DC6C63FF-C15C-68A1-5864-FB597D75B2B3}
		{DBFED762-09FA-6D74-851D-9BB6E20584F6} = {DBFED762-09FA-6D74-851D-9BB6E20584F6}
		{CCB5F260-9E5D-B51E-07AC-61B3052C6A9F} = {CCB5F260-9E5D-B51E-07AC-61B3052C6A9F}
		{ABEF057D-44A3-6E92-15DC-03A220AF6AFC} = {ABEF057D-44A3-6E92-15DC-03A220AF6AFC}
		{5CF061C0-EA5A-323E-2FFB-145A0C3D60A5} = {5CF061C0-EA5A-323E-2FFB-145A0C3D60A5}
		{229C8CCC-D35C-ECDB-2B0C-27EE2CAC295B} = {229C8CCC-D35C-ECDB-2B0C-27EE2CAC295B}
		{CC680B1E-4E12-511E-0BB1-98AC96D57E45} = {CC680B1E-4E12-511E-0BB1-98AC96D57E45}
		{827D9088-EBF8-F3E0-55C8-7221677654F2} = {827D9088-EBF8-F3E0-55C8-7221677654F2}
		{34FC9003-2CD0-5DD0-C966-009DB764FBB6} = {34FC9003-2CD0-5DD0-C966-009DB764FBB6}
		{B0844620-4A9A-96F5-EF16-B347A871C8BE} = {B0844620-4A9A-96F5-EF16-B347A871C8BE}
		{7B553E18-ECC0-DB4B-25B3-D6D454A5C27E} = {7B553E18-ECC0-DB4B-25B3-D6D454A5C27E}
		{3CD4DD2C-DA41-051C-B9E6-EBB0FF0B2E83} = {3CD4DD2C-DA41-051C-B9E6-EBB0FF0B2E83}
		{AEFA6A18-C199-64BA-4F17-3A296062DFC9} = {AEFA6A18-C199-64BA-4F17-3A296062DFC9}
		{2BEDDFAE-79CC-EB59-B340-431E5AE4AC01} = {2BEDDFAE-79CC-EB59-B340-431E5AE4AC01}
		{6AE636A0-B27B-62C8-C987-86A2D06B60C7} = {6AE636A0-B27B-62C8-C987-86A2D06B60C7}
		{099330EB-B1C1-B457-2ECB-0E963DD6164C} = {099330EB-B1C1-B457-2ECB-0E963DD6164C}
		{0E6526F6-964F-25C3-0F1F-DCF9595EC73B} = {0E6526F6-964F-25C3-0F1F-DCF9595EC73B}
	EndProjectSection
EndProject
Project("{8BC9CEB8-8B4A-11D0-8D11-00A0C91BC942}") = "angle_common", "..\src\angle_common.vcxproj", "{7E3E300C-E43E-45E3-7AFE-6C728B705A32}"
	ProjectSection(ProjectDependencies) = postProject
		{CC680B1E-4E12-511E-0BB1-98AC96D57E45} = {CC680B1E-4E12-511E-0BB1-98AC96D57E45}
	EndProjectSection
EndProject
Project("{8BC9CEB8-8B4A-11D0-8D11-00A0C91BC942}") = "angle_deqp_decpp", "..\src\tests\angle_deqp_decpp.vcxproj", "{3CD4DD2C-DA41-051C-B9E6-EBB0FF0B2E83}"
	ProjectSection(ProjectDependencies) = postProject
		{7B553E18-ECC0-DB4B-25B3-D6D454A5C27E} = {7B553E18-ECC0-DB4B-25B3-D6D454A5C27E}
	EndProjectSection
EndProject
Project("{8BC9CEB8-8B4A-11D0-8D11-00A0C91BC942}") = "angle_deqp_libegl", "..\src\tests\angle_deqp_libegl.vcxproj", "{0E6526F6-964F-25C3-0F1F-DCF9595EC73B}"
	ProjectSection(ProjectDependencies) = postProject
		{AEFA6A18-C199-64BA-4F17-3A296062DFC9} = {AEFA6A18-C199-64BA-4F17-3A296062DFC9}
		{3CD4DD2C-DA41-051C-B9E6-EBB0FF0B2E83} = {3CD4DD2C-DA41-051C-B9E6-EBB0FF0B2E83}
		{7B553E18-ECC0-DB4B-25B3-D6D454A5C27E} = {7B553E18-ECC0-DB4B-25B3-D6D454A5C27E}
		{B0844620-4A9A-96F5-EF16-B347A871C8BE} = {B0844620-4A9A-96F5-EF16-B347A871C8BE}
		{34FC9003-2CD0-5DD0-C966-009DB764FBB6} = {34FC9003-2CD0-5DD0-C966-009DB764FBB6}
		{229C8CCC-D35C-ECDB-2B0C-27EE2CAC295B} = {229C8CCC-D35C-ECDB-2B0C-27EE2CAC295B}
		{93BEF8B4-6B2E-3C6C-4534-8162C96D3DEB} = {93BEF8B4-6B2E-3C6C-4534-8162C96D3DEB}
	EndProjectSection
EndProject
Project("{8BC9CEB8-8B4A-11D0-8D11-00A0C91BC942}") = "angle_deqp_libgles2", "..\src\tests\angle_deqp_libgles2.vcxproj", "{2BEDDFAE-79CC-EB59-B340-431E5AE4AC01}"
	ProjectSection(ProjectDependencies) = postProject
		{AEFA6A18-C199-64BA-4F17-3A296062DFC9} = {AEFA6A18-C199-64BA-4F17-3A296062DFC9}
		{3CD4DD2C-DA41-051C-B9E6-EBB0FF0B2E83} = {3CD4DD2C-DA41-051C-B9E6-EBB0FF0B2E83}
		{7B553E18-ECC0-DB4B-25B3-D6D454A5C27E} = {7B553E18-ECC0-DB4B-25B3-D6D454A5C27E}
		{B0844620-4A9A-96F5-EF16-B347A871C8BE} = {B0844620-4A9A-96F5-EF16-B347A871C8BE}
		{34FC9003-2CD0-5DD0-C966-009DB764FBB6} = {34FC9003-2CD0-5DD0-C966-009DB764FBB6}
		{229C8CCC-D35C-ECDB-2B0C-27EE2CAC295B} = {229C8CCC-D35C-ECDB-2B0C-27EE2CAC295B}
		{93BEF8B4-6B2E-3C6C-4534-8162C96D3DEB} = {93BEF8B4-6B2E-3C6C-4534-8162C96D3DEB}
	EndProjectSection
EndProject
Project("{8BC9CEB8-8B4A-11D0-8D11-00A0C91BC942}") = "angle_deqp_libgles3", "..\src\tests\angle_deqp_libgles3.vcxproj", "{6AE636A0-B27B-62C8-C987-86A2D06B60C7}"
	ProjectSection(ProjectDependencies) = postProject
		{AEFA6A18-C199-64BA-4F17-3A296062DFC9} = {AEFA6A18-C199-64BA-4F17-3A296062DFC9}
		{3CD4DD2C-DA41-051C-B9E6-EBB0FF0B2E83} = {3CD4DD2C-DA41-051C-B9E6-EBB0FF0B2E83}
		{7B553E18-ECC0-DB4B-25B3-D6D454A5C27E} = {7B553E18-ECC0-DB4B-25B3-D6D454A5C27E}
		{B0844620-4A9A-96F5-EF16-B347A871C8BE} = {B0844620-4A9A-96F5-EF16-B347A871C8BE}
		{34FC9003-2CD0-5DD0-C966-009DB764FBB6} = {34FC9003-2CD0-5DD0-C966-009DB764FBB6}
		{229C8CCC-D35C-ECDB-2B0C-27EE2CAC295B} = {229C8CCC-D35C-ECDB-2B0C-27EE2CAC295B}
		{93BEF8B4-6B2E-3C6C-4534-8162C96D3DEB} = {93BEF8B4-6B2E-3C6C-4534-8162C96D3DEB}
	EndProjectSection
EndProject
Project("{8BC9CEB8-8B4A-11D0-8D11-00A0C91BC942}") = "angle_deqp_libgles31", "..\src\tests\angle_deqp_libgles31.vcxproj", "{099330EB-B1C1-B457-2ECB-0E963DD6164C}"
	ProjectSection(ProjectDependencies) = postProject
		{AEFA6A18-C199-64BA-4F17-3A296062DFC9} = {AEFA6A18-C199-64BA-4F17-3A296062DFC9}
		{3CD4DD2C-DA41-051C-B9E6-EBB0FF0B2E83} = {3CD4DD2C-DA41-051C-B9E6-EBB0FF0B2E83}
		{7B553E18-ECC0-DB4B-25B3-D6D454A5C27E} = {7B553E18-ECC0-DB4B-25B3-D6D454A5C27E}
		{B0844620-4A9A-96F5-EF16-B347A871C8BE} = {B0844620-4A9A-96F5-EF16-B347A871C8BE}
		{34FC9003-2CD0-5DD0-C966-009DB764FBB6} = {34FC9003-2CD0-5DD0-C966-009DB764FBB6}
		{229C8CCC-D35C-ECDB-2B0C-27EE2CAC295B} = {229C8CCC-D35C-ECDB-2B0C-27EE2CAC295B}
		{93BEF8B4-6B2E-3C6C-4534-8162C96D3DEB} = {93BEF8B4-6B2E-3C6C-4534-8162C96D3DEB}
	EndProjectSection
EndProject
Project("{8BC9CEB8-8B4A-11D0-8D11-00A0C91BC942}") = "angle_deqp_libtester", "..\src\tests\angle_deqp_libtester.vcxproj", "{AEFA6A18-C199-64BA-4F17-3A296062DFC9}"
	ProjectSection(ProjectDependencies) = postProject
		{7B553E18-ECC0-DB4B-25B3-D6D454A5C27E} = {7B553E18-ECC0-DB4B-25B3-D6D454A5C27E}
		{229C8CCC-D35C-ECDB-2B0C-27EE2CAC295B} = {229C8CCC-D35C-ECDB-2B0C-27EE2CAC295B}
		{93BEF8B4-6B2E-3C6C-4534-8162C96D3DEB} = {93BEF8B4-6B2E-3C6C-4534-8162C96D3DEB}
	EndProjectSection
EndProject
Project("{8BC9CEB8-8B4A-11D0-8D11-00A0C91BC942}") = "angle_deqp_support", "..\src\tests\angle_deqp_support.vcxproj", "{7B553E18-ECC0-DB4B-25B3-D6D454A5C27E}"
EndProject
Project("{8BC9CEB8-8B4A-11D0-8D11-00A0C91BC942}") = "angle_image_util", "..\src\angle_image_util.vcxproj", "{4C9E2306-3012-5705-6444-E83567B383C7}"
EndProject
Project("{8BC9CEB8-8B4A-11D0-8D11-00A0C91BC942}") = "angle_libpng", "..\src\tests\angle_libpng.vcxproj", "{B0844620-4A9A-96F5-EF16-B347A871C8BE}"
EndProject
Project("{8BC9CEB8-8B4A-11D0-8D11-00A0C91BC942}") = "angle_util", "..\util\angle_util.vcxproj", "{93BEF8B4-6B2E-3C6C-4534-8162C96D3DEB}"
	ProjectSection(ProjectDependencies) = postProject
		{7E3E300C-E43E-45E3-7AFE-6C728B705A32} = {7E3E300C-E43E-45E3-7AFE-6C728B705A32}
		{229C8CCC-D35C-ECDB-2B0C-27EE2CAC295B} = {229C8CCC-D35C-ECDB-2B0C-27EE2CAC295B}
		{5CF061C0-EA5A-323E-2FFB-145A0C3D60A5} = {5CF061C0-EA5A-323E-2FFB-145A0C3D60A5}
		{CC680B1E-4E12-511E-0BB1-98AC96D57E45} = {CC680B1E-4E12-511E-0BB1-98AC96D57E45}
	EndProjectSection
EndProject
Project("{8BC9CEB8-8B4A-11D0-8D11-00A0C91BC942}") = "angle_zlib", "..\src\tests\angle_zlib.vcxproj", "{34FC9003-2CD0-5DD0-C966-009DB764FBB6}"
EndProject
Project("{8BC9CEB8-8B4A-11D0-8D11-00A0C91BC942}") = "commit_id", "..\src\commit_id.vcxproj", "{CC680B1E-4E12-511E-0BB1-98AC96D57E45}"
	ProjectSection(ProjectDependencies) = postProject
		{DC6C63FF-C15C-68A1-5864-FB597D75B2B3} = {DC6C63FF-C15C-68A1-5864-FB597D75B2B3}
	EndProjectSection
EndProject
Project("{8BC9CEB8-8B4A-11D0-8D11-00A0C91BC942}") = "copy_compiler_dll", "..\src\copy_compiler_dll.vcxproj", "{827D9088-EBF8-F3E0-55C8-7221677654F2}"
	ProjectSection(ProjectDependencies) = postProject
		{DC6C63FF-C15C-68A1-5864-FB597D75B2B3} = {DC6C63FF-C15C-68A1-5864-FB597D75B2B3}
	EndProjectSection
EndProject
Project("{8BC9CEB8-8B4A-11D0-8D11-00A0C91BC942}") = "copy_scripts", "..\src\copy_scripts.vcxproj", "{DC6C63FF-C15C-68A1-5864-FB597D75B2B3}"
EndProject
Project("{8BC9CEB8-8B4A-11D0-8D11-00A0C91BC942}") = "libANGLE", "..\src\libANGLE.vcxproj", "{ABEF057D-44A3-6E92-15DC-03A220AF6AFC}"
	ProjectSection(ProjectDependencies) = postProject
		{CC680B1E-4E12-511E-0BB1-98AC96D57E45} = {CC680B1E-4E12-511E-0BB1-98AC96D57E45}
	EndProjectSection
EndProject
Project("{8BC9CEB8-8B4A-11D0-8D11-00A0C91BC942}") = "libEGL", "..\src\libEGL.vcxproj", "{229C8CCC-D35C-ECDB-2B0C-27EE2CAC295B}"
	ProjectSection(ProjectDependencies) = postProject
		{ABEF057D-44A3-6E92-15DC-03A220AF6AFC} = {ABEF057D-44A3-6E92-15DC-03A220AF6AFC}
		{5CF061C0-EA5A-323E-2FFB-145A0C3D60A5} = {5CF061C0-EA5A-323E-2FFB-145A0C3D60A5}
		{CCB5F260-9E5D-B51E-07AC-61B3052C6A9F} = {CCB5F260-9E5D-B51E-07AC-61B3052C6A9F}
		{DBFED762-09FA-6D74-851D-9BB6E20584F6} = {DBFED762-09FA-6D74-851D-9BB6E20584F6}
		{7E3E300C-E43E-45E3-7AFE-6C728B705A32} = {7E3E300C-E43E-45E3-7AFE-6C728B705A32}
		{CC680B1E-4E12-511E-0BB1-98AC96D57E45} = {CC680B1E-4E12-511E-0BB1-98AC96D57E45}
		{4C9E2306-3012-5705-6444-E83567B383C7} = {4C9E2306-3012-5705-6444-E83567B383C7}
	EndProjectSection
EndProject
Project("{8BC9CEB8-8B4A-11D0-8D11-00A0C91BC942}") = "libGLESv2", "..\src\libGLESv2.vcxproj", "{5CF061C0-EA5A-323E-2FFB-145A0C3D60A5}"
	ProjectSection(ProjectDependencies) = postProject
		{ABEF057D-44A3-6E92-15DC-03A220AF6AFC} = {ABEF057D-44A3-6E92-15DC-03A220AF6AFC}
		{7E3E300C-E43E-45E3-7AFE-6C728B705A32} = {7E3E300C-E43E-45E3-7AFE-6C728B705A32}
		{CCB5F260-9E5D-B51E-07AC-61B3052C6A9F} = {CCB5F260-9E5D-B51E-07AC-61B3052C6A9F}
		{DBFED762-09FA-6D74-851D-9BB6E20584F6} = {DBFED762-09FA-6D74-851D-9BB6E20584F6}
		{CC680B1E-4E12-511E-0BB1-98AC96D57E45} = {CC680B1E-4E12-511E-0BB1-98AC96D57E45}
		{4C9E2306-3012-5705-6444-E83567B383C7} = {4C9E2306-3012-5705-6444-E83567B383C7}
	EndProjectSection
EndProject
Project("{8BC9CEB8-8B4A-11D0-8D11-00A0C91BC942}") = "preprocessor", "..\src\preprocessor.vcxproj", "{DBFED762-09FA-6D74-851D-9BB6E20584F6}"
EndProject
Project("{8BC9CEB8-8B4A-11D0-8D11-00A0C91BC942}") = "translator", "..\src\translator.vcxproj", "{CCB5F260-9E5D-B51E-07AC-61B3052C6A9F}"
EndProject
Global
	GlobalSection(SolutionConfigurationPlatforms) = preSolution
		Debug|Win32 = Debug|Win32
		Debug|x64 = Debug|x64
		Debug|ARM = Debug|ARM
		Release|ARM = Release|ARM
		Release|x64 = Release|x64
		Release|Win32 = Release|Win32
	EndGlobalSection
	GlobalSection(ProjectConfigurationPlatforms) = postSolution
		{099330EB-B1C1-B457-2ECB-0E963DD6164C}.Debug|Win32.ActiveCfg = Debug|Win32
		{099330EB-B1C1-B457-2ECB-0E963DD6164C}.Debug|Win32.Build.0 = Debug|Win32
		{099330EB-B1C1-B457-2ECB-0E963DD6164C}.Debug|x64.ActiveCfg = Debug|x64
		{099330EB-B1C1-B457-2ECB-0E963DD6164C}.Debug|x64.Build.0 = Debug|x64
		{099330EB-B1C1-B457-2ECB-0E963DD6164C}.Debug|ARM.ActiveCfg = Debug|ARM
		{099330EB-B1C1-B457-2ECB-0E963DD6164C}.Debug|ARM.Build.0 = Debug|ARM
		{099330EB-B1C1-B457-2ECB-0E963DD6164C}.Release|ARM.ActiveCfg = Release|ARM
		{099330EB-B1C1-B457-2ECB-0E963DD6164C}.Release|ARM.Build.0 = Release|ARM
		{099330EB-B1C1-B457-2ECB-0E963DD6164C}.Release|x64.ActiveCfg = Release|x64
		{099330EB-B1C1-B457-2ECB-0E963DD6164C}.Release|x64.Build.0 = Release|x64
		{099330EB-B1C1-B457-2ECB-0E963DD6164C}.Release|Win32.ActiveCfg = Release|Win32
		{099330EB-B1C1-B457-2ECB-0E963DD6164C}.Release|Win32.Build.0 = Release|Win32
		{0E6526F6-964F-25C3-0F1F-DCF9595EC73B}.Debug|Win32.ActiveCfg = Debug|Win32
		{0E6526F6-964F-25C3-0F1F-DCF9595EC73B}.Debug|Win32.Build.0 = Debug|Win32
		{0E6526F6-964F-25C3-0F1F-DCF9595EC73B}.Debug|x64.ActiveCfg = Debug|x64
		{0E6526F6-964F-25C3-0F1F-DCF9595EC73B}.Debug|x64.Build.0 = Debug|x64
		{0E6526F6-964F-25C3-0F1F-DCF9595EC73B}.Debug|ARM.ActiveCfg = Debug|ARM
		{0E6526F6-964F-25C3-0F1F-DCF9595EC73B}.Debug|ARM.Build.0 = Debug|ARM
		{0E6526F6-964F-25C3-0F1F-DCF9595EC73B}.Release|ARM.ActiveCfg = Release|ARM
		{0E6526F6-964F-25C3-0F1F-DCF9595EC73B}.Release|ARM.Build.0 = Release|ARM
		{0E6526F6-964F-25C3-0F1F-DCF9595EC73B}.Release|x64.ActiveCfg = Release|x64
		{0E6526F6-964F-25C3-0F1F-DCF9595EC73B}.Release|x64.Build.0 = Release|x64
		{0E6526F6-964F-25C3-0F1F-DCF9595EC73B}.Release|Win32.ActiveCfg = Release|Win32
		{0E6526F6-964F-25C3-0F1F-DCF9595EC73B}.Release|Win32.Build.0 = Release|Win32
		{229C8CCC-D35C-ECDB-2B0C-27EE2CAC295B}.Debug|Win32.ActiveCfg = Debug|Win32
		{229C8CCC-D35C-ECDB-2B0C-27EE2CAC295B}.Debug|Win32.Build.0 = Debug|Win32
		{229C8CCC-D35C-ECDB-2B0C-27EE2CAC295B}.Debug|x64.ActiveCfg = Debug|x64
		{229C8CCC-D35C-ECDB-2B0C-27EE2CAC295B}.Debug|x64.Build.0 = Debug|x64
		{229C8CCC-D35C-ECDB-2B0C-27EE2CAC295B}.Debug|ARM.ActiveCfg = Debug|ARM
		{229C8CCC-D35C-ECDB-2B0C-27EE2CAC295B}.Debug|ARM.Build.0 = Debug|ARM
		{229C8CCC-D35C-ECDB-2B0C-27EE2CAC295B}.Release|ARM.ActiveCfg = Release|ARM
		{229C8CCC-D35C-ECDB-2B0C-27EE2CAC295B}.Release|ARM.Build.0 = Release|ARM
		{229C8CCC-D35C-ECDB-2B0C-27EE2CAC295B}.Release|x64.ActiveCfg = Release|x64
		{229C8CCC-D35C-ECDB-2B0C-27EE2CAC295B}.Release|x64.Build.0 = Release|x64
		{229C8CCC-D35C-ECDB-2B0C-27EE2CAC295B}.Release|Win32.ActiveCfg = Release|Win32
		{229C8CCC-D35C-ECDB-2B0C-27EE2CAC295B}.Release|Win32.Build.0 = Release|Win32
		{2BEDDFAE-79CC-EB59-B340-431E5AE4AC01}.Debug|Win32.ActiveCfg = Debug|Win32
		{2BEDDFAE-79CC-EB59-B340-431E5AE4AC01}.Debug|Win32.Build.0 = Debug|Win32
		{2BEDDFAE-79CC-EB59-B340-431E5AE4AC01}.Debug|x64.ActiveCfg = Debug|x64
		{2BEDDFAE-79CC-EB59-B340-431E5AE4AC01}.Debug|x64.Build.0 = Debug|x64
		{2BEDDFAE-79CC-EB59-B340-431E5AE4AC01}.Debug|ARM.ActiveCfg = Debug|ARM
		{2BEDDFAE-79CC-EB59-B340-431E5AE4AC01}.Debug|ARM.Build.0 = Debug|ARM
		{2BEDDFAE-79CC-EB59-B340-431E5AE4AC01}.Release|ARM.ActiveCfg = Release|ARM
		{2BEDDFAE-79CC-EB59-B340-431E5AE4AC01}.Release|ARM.Build.0 = Release|ARM
		{2BEDDFAE-79CC-EB59-B340-431E5AE4AC01}.Release|x64.ActiveCfg = Release|x64
		{2BEDDFAE-79CC-EB59-B340-431E5AE4AC01}.Release|x64.Build.0 = Release|x64
		{2BEDDFAE-79CC-EB59-B340-431E5AE4AC01}.Release|Win32.ActiveCfg = Release|Win32
		{2BEDDFAE-79CC-EB59-B340-431E5AE4AC01}.Release|Win32.Build.0 = Release|Win32
		{34FC9003-2CD0-5DD0-C966-009DB764FBB6}.Debug|Win32.ActiveCfg = Debug|Win32
		{34FC9003-2CD0-5DD0-C966-009DB764FBB6}.Debug|Win32.Build.0 = Debug|Win32
		{34FC9003-2CD0-5DD0-C966-009DB764FBB6}.Debug|x64.ActiveCfg = Debug|x64
		{34FC9003-2CD0-5DD0-C966-009DB764FBB6}.Debug|x64.Build.0 = Debug|x64
		{34FC9003-2CD0-5DD0-C966-009DB764FBB6}.Debug|ARM.ActiveCfg = Debug|ARM
		{34FC9003-2CD0-5DD0-C966-009DB764FBB6}.Debug|ARM.Build.0 = Debug|ARM
		{34FC9003-2CD0-5DD0-C966-009DB764FBB6}.Release|ARM.ActiveCfg = Release|ARM
		{34FC9003-2CD0-5DD0-C966-009DB764FBB6}.Release|ARM.Build.0 = Release|ARM
		{34FC9003-2CD0-5DD0-C966-009DB764FBB6}.Release|x64.ActiveCfg = Release|x64
		{34FC9003-2CD0-5DD0-C966-009DB764FBB6}.Release|x64.Build.0 = Release|x64
		{34FC9003-2CD0-5DD0-C966-009DB764FBB6}.Release|Win32.ActiveCfg = Release|Win32
		{34FC9003-2CD0-5DD0-C966-009DB764FBB6}.Release|Win32.Build.0 = Release|Win32
		{3CD4DD2C-DA41-051C-B9E6-EBB0FF0B2E83}.Debug|Win32.ActiveCfg = Debug|Win32
		{3CD4DD2C-DA41-051C-B9E6-EBB0FF0B2E83}.Debug|Win32.Build.0 = Debug|Win32
		{3CD4DD2C-DA41-051C-B9E6-EBB0FF0B2E83}.Debug|x64.ActiveCfg = Debug|x64
		{3CD4DD2C-DA41-051C-B9E6-EBB0FF0B2E83}.Debug|x64.Build.0 = Debug|x64
		{3CD4DD2C-DA41-051C-B9E6-EBB0FF0B2E83}.Debug|ARM.ActiveCfg = Debug|ARM
		{3CD4DD2C-DA41-051C-B9E6-EBB0FF0B2E83}.Debug|ARM.Build.0 = Debug|ARM
		{3CD4DD2C-DA41-051C-B9E6-EBB0FF0B2E83}.Release|ARM.ActiveCfg = Release|ARM
		{3CD4DD2C-DA41-051C-B9E6-EBB0FF0B2E83}.Release|ARM.Build.0 = Release|ARM
		{3CD4DD2C-DA41-051C-B9E6-EBB0FF0B2E83}.Release|x64.ActiveCfg = Release|x64
		{3CD4DD2C-DA41-051C-B9E6-EBB0FF0B2E83}.Release|x64.Build.0 = Release|x64
		{3CD4DD2C-DA41-051C-B9E6-EBB0FF0B2E83}.Release|Win32.ActiveCfg = Release|Win32
		{3CD4DD2C-DA41-051C-B9E6-EBB0FF0B2E83}.Release|Win32.Build.0 = Release|Win32
		{4C9E2306-3012-5705-6444-E83567B383C7}.Debug|Win32.ActiveCfg = Debug|Win32
		{4C9E2306-3012-5705-6444-E83567B383C7}.Debug|Win32.Build.0 = Debug|Win32
		{4C9E2306-3012-5705-6444-E83567B383C7}.Debug|x64.ActiveCfg = Debug|x64
		{4C9E2306-3012-5705-6444-E83567B383C7}.Debug|x64.Build.0 = Debug|x64
		{4C9E2306-3012-5705-6444-E83567B383C7}.Debug|ARM.ActiveCfg = Debug|ARM
		{4C9E2306-3012-5705-6444-E83567B383C7}.Debug|ARM.Build.0 = Debug|ARM
		{4C9E2306-3012-5705-6444-E83567B383C7}.Release|ARM.ActiveCfg = Release|ARM
		{4C9E2306-3012-5705-6444-E83567B383C7}.Release|ARM.Build.0 = Release|ARM
		{4C9E2306-3012-5705-6444-E83567B383C7}.Release|x64.ActiveCfg = Release|x64
		{4C9E2306-3012-5705-6444-E83567B383C7}.Release|x64.Build.0 = Release|x64
		{4C9E2306-3012-5705-6444-E83567B383C7}.Release|Win32.ActiveCfg = Release|Win32
		{4C9E2306-3012-5705-6444-E83567B383C7}.Release|Win32.Build.0 = Release|Win32
		{579D834E-7565-52C6-D98B-4C7F78FC1E22}.Debug|Win32.ActiveCfg = Debug|Win32
		{579D834E-7565-52C6-D98B-4C7F78FC1E22}.Debug|Win32.Build.0 = Debug|Win32
		{579D834E-7565-52C6-D98B-4C7F78FC1E22}.Debug|x64.ActiveCfg = Debug|x64
		{579D834E-7565-52C6-D98B-4C7F78FC1E22}.Debug|x64.Build.0 = Debug|x64
		{579D834E-7565-52C6-D98B-4C7F78FC1E22}.Debug|ARM.ActiveCfg = Debug|ARM
		{579D834E-7565-52C6-D98B-4C7F78FC1E22}.Debug|ARM.Build.0 = Debug|ARM
		{579D834E-7565-52C6-D98B-4C7F78FC1E22}.Release|ARM.ActiveCfg = Release|ARM
		{579D834E-7565-52C6-D98B-4C7F78FC1E22}.Release|ARM.Build.0 = Release|ARM
		{579D834E-7565-52C6-D98B-4C7F78FC1E22}.Release|x64.ActiveCfg = Release|x64
		{579D834E-7565-52C6-D98B-4C7F78FC1E22}.Release|x64.Build.0 = Release|x64
		{579D834E-7565-52C6-D98B-4C7F78FC1E22}.Release|Win32.ActiveCfg = Release|Win32
		{579D834E-7565-52C6-D98B-4C7F78FC1E22}.Release|Win32.Build.0 = Release|Win32
		{5CF061C0-EA5A-323E-2FFB-145A0C3D60A5}.Debug|Win32.ActiveCfg = Debug|Win32
		{5CF061C0-EA5A-323E-2FFB-145A0C3D60A5}.Debug|Win32.Build.0 = Debug|Win32
		{5CF061C0-EA5A-323E-2FFB-145A0C3D60A5}.Debug|x64.ActiveCfg = Debug|x64
		{5CF061C0-EA5A-323E-2FFB-145A0C3D60A5}.Debug|x64.Build.0 = Debug|x64
		{5CF061C0-EA5A-323E-2FFB-145A0C3D60A5}.Debug|ARM.ActiveCfg = Debug|ARM
		{5CF061C0-EA5A-323E-2FFB-145A0C3D60A5}.Debug|ARM.Build.0 = Debug|ARM
		{5CF061C0-EA5A-323E-2FFB-145A0C3D60A5}.Release|ARM.ActiveCfg = Release|ARM
		{5CF061C0-EA5A-323E-2FFB-145A0C3D60A5}.Release|ARM.Build.0 = Release|ARM
		{5CF061C0-EA5A-323E-2FFB-145A0C3D60A5}.Release|x64.ActiveCfg = Release|x64
		{5CF061C0-EA5A-323E-2FFB-145A0C3D60A5}.Release|x64.Build.0 = Release|x64
		{5CF061C0-EA5A-323E-2FFB-145A0C3D60A5}.Release|Win32.ActiveCfg = Release|Win32
		{5CF061C0-EA5A-323E-2FFB-145A0C3D60A5}.Release|Win32.Build.0 = Release|Win32
		{6AE636A0-B27B-62C8-C987-86A2D06B60C7}.Debug|Win32.ActiveCfg = Debug|Win32
		{6AE636A0-B27B-62C8-C987-86A2D06B60C7}.Debug|Win32.Build.0 = Debug|Win32
		{6AE636A0-B27B-62C8-C987-86A2D06B60C7}.Debug|x64.ActiveCfg = Debug|x64
		{6AE636A0-B27B-62C8-C987-86A2D06B60C7}.Debug|x64.Build.0 = Debug|x64
		{6AE636A0-B27B-62C8-C987-86A2D06B60C7}.Debug|ARM.ActiveCfg = Debug|ARM
		{6AE636A0-B27B-62C8-C987-86A2D06B60C7}.Debug|ARM.Build.0 = Debug|ARM
		{6AE636A0-B27B-62C8-C987-86A2D06B60C7}.Release|ARM.ActiveCfg = Release|ARM
		{6AE636A0-B27B-62C8-C987-86A2D06B60C7}.Release|ARM.Build.0 = Release|ARM
		{6AE636A0-B27B-62C8-C987-86A2D06B60C7}.Release|x64.ActiveCfg = Release|x64
		{6AE636A0-B27B-62C8-C987-86A2D06B60C7}.Release|x64.Build.0 = Release|x64
		{6AE636A0-B27B-62C8-C987-86A2D06B60C7}.Release|Win32.ActiveCfg = Release|Win32
		{6AE636A0-B27B-62C8-C987-86A2D06B60C7}.Release|Win32.Build.0 = Release|Win32
		{7B553E18-ECC0-DB4B-25B3-D6D454A5C27E}.Debug|Win32.ActiveCfg = Debug|Win32
		{7B553E18-ECC0-DB4B-25B3-D6D454A5C27E}.Debug|Win32.Build.0 = Debug|Win32
		{7B553E18-ECC0-DB4B-25B3-D6D454A5C27E}.Debug|x64.ActiveCfg = Debug|x64
		{7B553E18-ECC0-DB4B-25B3-D6D454A5C27E}.Debug|x64.Build.0 = Debug|x64
		{7B553E18-ECC0-DB4B-25B3-D6D454A5C27E}.Debug|ARM.ActiveCfg = Debug|ARM
		{7B553E18-ECC0-DB4B-25B3-D6D454A5C27E}.Debug|ARM.Build.0 = Debug|ARM
		{7B553E18-ECC0-DB4B-25B3-D6D454A5C27E}.Release|ARM.ActiveCfg = Release|ARM
		{7B553E18-ECC0-DB4B-25B3-D6D454A5C27E}.Release|ARM.Build.0 = Release|ARM
		{7B553E18-ECC0-DB4B-25B3-D6D454A5C27E}.Release|x64.ActiveCfg = Release|x64
		{7B553E18-ECC0-DB4B-25B3-D6D454A5C27E}.Release|x64.Build.0 = Release|x64
		{7B553E18-ECC0-DB4B-25B3-D6D454A5C27E}.Release|Win32.ActiveCfg = Release|Win32
		{7B553E18-ECC0-DB4B-25B3-D6D454A5C27E}.Release|Win32.Build.0 = Release|Win32
		{7E3E300C-E43E-45E3-7AFE-6C728B705A32}.Debug|Win32.ActiveCfg = Debug|Win32
		{7E3E300C-E43E-45E3-7AFE-6C728B705A32}.Debug|Win32.Build.0 = Debug|Win32
		{7E3E300C-E43E-45E3-7AFE-6C728B705A32}.Debug|x64.ActiveCfg = Debug|x64
		{7E3E300C-E43E-45E3-7AFE-6C728B705A32}.Debug|x64.Build.0 = Debug|x64
		{7E3E300C-E43E-45E3-7AFE-6C728B705A32}.Debug|ARM.ActiveCfg = Debug|ARM
		{7E3E300C-E43E-45E3-7AFE-6C728B705A32}.Debug|ARM.Build.0 = Debug|ARM
		{7E3E300C-E43E-45E3-7AFE-6C728B705A32}.Release|ARM.ActiveCfg = Release|ARM
		{7E3E300C-E43E-45E3-7AFE-6C728B705A32}.Release|ARM.Build.0 = Release|ARM
		{7E3E300C-E43E-45E3-7AFE-6C728B705A32}.Release|x64.ActiveCfg = Release|x64
		{7E3E300C-E43E-45E3-7AFE-6C728B705A32}.Release|x64.Build.0 = Release|x64
		{7E3E300C-E43E-45E3-7AFE-6C728B705A32}.Release|Win32.ActiveCfg = Release|Win32
		{7E3E300C-E43E-45E3-7AFE-6C728B705A32}.Release|Win32.Build.0 = Release|Win32
		{827D9088-EBF8-F3E0-55C8-7221677654F2}.Debug|Win32.ActiveCfg = Debug|Win32
		{827D9088-EBF8-F3E0-55C8-7221677654F2}.Debug|Win32.Build.0 = Debug|Win32
		{827D9088-EBF8-F3E0-55C8-7221677654F2}.Debug|x64.ActiveCfg = Debug|x64
		{827D9088-EBF8-F3E0-55C8-7221677654F2}.Debug|x64.Build.0 = Debug|x64
		{827D9088-EBF8-F3E0-55C8-7221677654F2}.Debug|ARM.ActiveCfg = Debug|ARM
		{827D9088-EBF8-F3E0-55C8-7221677654F2}.Debug|ARM.Build.0 = Debug|ARM
		{827D9088-EBF8-F3E0-55C8-7221677654F2}.Release|ARM.ActiveCfg = Release|ARM
		{827D9088-EBF8-F3E0-55C8-7221677654F2}.Release|ARM.Build.0 = Release|ARM
		{827D9088-EBF8-F3E0-55C8-7221677654F2}.Release|x64.ActiveCfg = Release|x64
		{827D9088-EBF8-F3E0-55C8-7221677654F2}.Release|x64.Build.0 = Release|x64
		{827D9088-EBF8-F3E0-55C8-7221677654F2}.Release|Win32.ActiveCfg = Release|Win32
		{827D9088-EBF8-F3E0-55C8-7221677654F2}.Release|Win32.Build.0 = Release|Win32
		{93BEF8B4-6B2E-3C6C-4534-8162C96D3DEB}.Debug|Win32.ActiveCfg = Debug|Win32
		{93BEF8B4-6B2E-3C6C-4534-8162C96D3DEB}.Debug|Win32.Build.0 = Debug|Win32
		{93BEF8B4-6B2E-3C6C-4534-8162C96D3DEB}.Debug|x64.ActiveCfg = Debug|x64
		{93BEF8B4-6B2E-3C6C-4534-8162C96D3DEB}.Debug|x64.Build.0 = Debug|x64
		{93BEF8B4-6B2E-3C6C-4534-8162C96D3DEB}.Debug|ARM.ActiveCfg = Debug|ARM
		{93BEF8B4-6B2E-3C6C-4534-8162C96D3DEB}.Debug|ARM.Build.0 = Debug|ARM
		{93BEF8B4-6B2E-3C6C-4534-8162C96D3DEB}.Release|ARM.ActiveCfg = Release|ARM
		{93BEF8B4-6B2E-3C6C-4534-8162C96D3DEB}.Release|ARM.Build.0 = Release|ARM
		{93BEF8B4-6B2E-3C6C-4534-8162C96D3DEB}.Release|x64.ActiveCfg = Release|x64
		{93BEF8B4-6B2E-3C6C-4534-8162C96D3DEB}.Release|x64.Build.0 = Release|x64
		{93BEF8B4-6B2E-3C6C-4534-8162C96D3DEB}.Release|Win32.ActiveCfg = Release|Win32
		{93BEF8B4-6B2E-3C6C-4534-8162C96D3DEB}.Release|Win32.Build.0 = Release|Win32
		{ABEF057D-44A3-6E92-15DC-03A220AF6AFC}.Debug|Win32.ActiveCfg = Debug|Win32
		{ABEF057D-44A3-6E92-15DC-03A220AF6AFC}.Debug|Win32.Build.0 = Debug|Win32
		{ABEF057D-44A3-6E92-15DC-03A220AF6AFC}.Debug|x64.ActiveCfg = Debug|x64
		{ABEF057D-44A3-6E92-15DC-03A220AF6AFC}.Debug|x64.Build.0 = Debug|x64
		{ABEF057D-44A3-6E92-15DC-03A220AF6AFC}.Debug|ARM.ActiveCfg = Debug|ARM
		{ABEF057D-44A3-6E92-15DC-03A220AF6AFC}.Debug|ARM.Build.0 = Debug|ARM
		{ABEF057D-44A3-6E92-15DC-03A220AF6AFC}.Release|ARM.ActiveCfg = Release|ARM
		{ABEF057D-44A3-6E92-15DC-03A220AF6AFC}.Release|ARM.Build.0 = Release|ARM
		{ABEF057D-44A3-6E92-15DC-03A220AF6AFC}.Release|x64.ActiveCfg = Release|x64
		{ABEF057D-44A3-6E92-15DC-03A220AF6AFC}.Release|x64.Build.0 = Release|x64
		{ABEF057D-44A3-6E92-15DC-03A220AF6AFC}.Release|Win32.ActiveCfg = Release|Win32
		{ABEF057D-44A3-6E92-15DC-03A220AF6AFC}.Release|Win32.Build.0 = Release|Win32
		{AEFA6A18-C199-64BA-4F17-3A296062DFC9}.Debug|Win32.ActiveCfg = Debug|Win32
		{AEFA6A18-C199-64BA-4F17-3A296062DFC9}.Debug|Win32.Build.0 = Debug|Win32
		{AEFA6A18-C199-64BA-4F17-3A296062DFC9}.Debug|x64.ActiveCfg = Debug|x64
		{AEFA6A18-C199-64BA-4F17-3A296062DFC9}.Debug|x64.Build.0 = Debug|x64
		{AEFA6A18-C199-64BA-4F17-3A296062DFC9}.Debug|ARM.ActiveCfg = Debug|ARM
		{AEFA6A18-C199-64BA-4F17-3A296062DFC9}.Debug|ARM.Build.0 = Debug|ARM
		{AEFA6A18-C199-64BA-4F17-3A296062DFC9}.Release|ARM.ActiveCfg = Release|ARM
		{AEFA6A18-C199-64BA-4F17-3A296062DFC9}.Release|ARM.Build.0 = Release|ARM
		{AEFA6A18-C199-64BA-4F17-3A296062DFC9}.Release|x64.ActiveCfg = Release|x64
		{AEFA6A18-C199-64BA-4F17-3A296062DFC9}.Release|x64.Build.0 = Release|x64
		{AEFA6A18-C199-64BA-4F17-3A296062DFC9}.Release|Win32.ActiveCfg = Release|Win32
		{AEFA6A18-C199-64BA-4F17-3A296062DFC9}.Release|Win32.Build.0 = Release|Win32
		{B0844620-4A9A-96F5-EF16-B347A871C8BE}.Debug|Win32.ActiveCfg = Debug|Win32
		{B0844620-4A9A-96F5-EF16-B347A871C8BE}.Debug|Win32.Build.0 = Debug|Win32
		{B0844620-4A9A-96F5-EF16-B347A871C8BE}.Debug|x64.ActiveCfg = Debug|x64
		{B0844620-4A9A-96F5-EF16-B347A871C8BE}.Debug|x64.Build.0 = Debug|x64
		{B0844620-4A9A-96F5-EF16-B347A871C8BE}.Debug|ARM.ActiveCfg = Debug|ARM
		{B0844620-4A9A-96F5-EF16-B347A871C8BE}.Debug|ARM.Build.0 = Debug|ARM
		{B0844620-4A9A-96F5-EF16-B347A871C8BE}.Release|ARM.ActiveCfg = Release|ARM
		{B0844620-4A9A-96F5-EF16-B347A871C8BE}.Release|ARM.Build.0 = Release|ARM
		{B0844620-4A9A-96F5-EF16-B347A871C8BE}.Release|x64.ActiveCfg = Release|x64
		{B0844620-4A9A-96F5-EF16-B347A871C8BE}.Release|x64.Build.0 = Release|x64
		{B0844620-4A9A-96F5-EF16-B347A871C8BE}.Release|Win32.ActiveCfg = Release|Win32
		{B0844620-4A9A-96F5-EF16-B347A871C8BE}.Release|Win32.Build.0 = Release|Win32
		{CC680B1E-4E12-511E-0BB1-98AC96D57E45}.Debug|Win32.ActiveCfg = Debug|Win32
		{CC680B1E-4E12-511E-0BB1-98AC96D57E45}.Debug|Win32.Build.0 = Debug|Win32
		{CC680B1E-4E12-511E-0BB1-98AC96D57E45}.Debug|x64.ActiveCfg = Debug|x64
		{CC680B1E-4E12-511E-0BB1-98AC96D57E45}.Debug|x64.Build.0 = Debug|x64
		{CC680B1E-4E12-511E-0BB1-98AC96D57E45}.Debug|ARM.ActiveCfg = Debug|ARM
		{CC680B1E-4E12-511E-0BB1-98AC96D57E45}.Debug|ARM.Build.0 = Debug|ARM
		{CC680B1E-4E12-511E-0BB1-98AC96D57E45}.Release|ARM.ActiveCfg = Release|ARM
		{CC680B1E-4E12-511E-0BB1-98AC96D57E45}.Release|ARM.Build.0 = Release|ARM
		{CC680B1E-4E12-511E-0BB1-98AC96D57E45}.Release|x64.ActiveCfg = Release|x64
		{CC680B1E-4E12-511E-0BB1-98AC96D57E45}.Release|x64.Build.0 = Release|x64
		{CC680B1E-4E12-511E-0BB1-98AC96D57E45}.Release|Win32.ActiveCfg = Release|Win32
		{CC680B1E-4E12-511E-0BB1-98AC96D57E45}.Release|Win32.Build.0 = Release|Win32
		{CCB5F260-9E5D-B51E-07AC-61B3052C6A9F}.Debug|Win32.ActiveCfg = Debug|Win32
		{CCB5F260-9E5D-B51E-07AC-61B3052C6A9F}.Debug|Win32.Build.0 = Debug|Win32
		{CCB5F260-9E5D-B51E-07AC-61B3052C6A9F}.Debug|x64.ActiveCfg = Debug|x64
		{CCB5F260-9E5D-B51E-07AC-61B3052C6A9F}.Debug|x64.Build.0 = Debug|x64
		{CCB5F260-9E5D-B51E-07AC-61B3052C6A9F}.Debug|ARM.ActiveCfg = Debug|ARM
		{CCB5F260-9E5D-B51E-07AC-61B3052C6A9F}.Debug|ARM.Build.0 = Debug|ARM
		{CCB5F260-9E5D-B51E-07AC-61B3052C6A9F}.Release|ARM.ActiveCfg = Release|ARM
		{CCB5F260-9E5D-B51E-07AC-61B3052C6A9F}.Release|ARM.Build.0 = Release|ARM
		{CCB5F260-9E5D-B51E-07AC-61B3052C6A9F}.Release|x64.ActiveCfg = Release|x64
		{CCB5F260-9E5D-B51E-07AC-61B3052C6A9F}.Release|x64.Build.0 = Release|x64
		{CCB5F260-9E5D-B51E-07AC-61B3052C6A9F}.Release|Win32.ActiveCfg = Release|Win32
		{CCB5F260-9E5D-B51E-07AC-61B3052C6A9F}.Release|Win32.Build.0 = Release|Win32
		{DBFED762-09FA-6D74-851D-9BB6E20584F6}.Debug|Win32.ActiveCfg = Debug|Win32
		{DBFED762-09FA-6D74-851D-9BB6E20584F6}.Debug|Win32.Build.0 = Debug|Win32
		{DBFED762-09FA-6D74-851D-9BB6E20584F6}.Debug|x64.ActiveCfg = Debug|x64
		{DBFED762-09FA-6D74-851D-9BB6E20584F6}.Debug|x64.Build.0 = Debug|x64
		{DBFED762-09FA-6D74-851D-9BB6E20584F6}.Debug|ARM.ActiveCfg = Debug|ARM
		{DBFED762-09FA-6D74-851D-9BB6E20584F6}.Debug|ARM.Build.0 = Debug|ARM
		{DBFED762-09FA-6D74-851D-9BB6E20584F6}.Release|ARM.ActiveCfg = Release|ARM
		{DBFED762-09FA-6D74-851D-9BB6E20584F6}.Release|ARM.Build.0 = Release|ARM
		{DBFED762-09FA-6D74-851D-9BB6E20584F6}.Release|x64.ActiveCfg = Release|x64
		{DBFED762-09FA-6D74-851D-9BB6E20584F6}.Release|x64.Build.0 = Release|x64
		{DBFED762-09FA-6D74-851D-9BB6E20584F6}.Release|Win32.ActiveCfg = Release|Win32
		{DBFED762-09FA-6D74-851D-9BB6E20584F6}.Release|Win32.Build.0 = Release|Win32
		{DC6C63FF-C15C-68A1-5864-FB597D75B2B3}.Debug|Win32.ActiveCfg = Debug|Win32
		{DC6C63FF-C15C-68A1-5864-FB597D75B2B3}.Debug|Win32.Build.0 = Debug|Win32
		{DC6C63FF-C15C-68A1-5864-FB597D75B2B3}.Debug|x64.ActiveCfg = Debug|x64
		{DC6C63FF-C15C-68A1-5864-FB597D75B2B3}.Debug|x64.Build.0 = Debug|x64
		{DC6C63FF-C15C-68A1-5864-FB597D75B2B3}.Debug|ARM.ActiveCfg = Debug|ARM
		{DC6C63FF-C15C-68A1-5864-FB597D75B2B3}.Debug|ARM.Build.0 = Debug|ARM
		{DC6C63FF-C15C-68A1-5864-FB597D75B2B3}.Release|ARM.ActiveCfg = Release|ARM
		{DC6C63FF-C15C-68A1-5864-FB597D75B2B3}.Release|ARM.Build.0 = Release|ARM
		{DC6C63FF-C15C-68A1-5864-FB597D75B2B3}.Release|x64.ActiveCfg = Release|x64
		{DC6C63FF-C15C-68A1-5864-FB597D75B2B3}.Release|x64.Build.0 = Release|x64
		{DC6C63FF-C15C-68A1-5864-FB597D75B2B3}.Release|Win32.ActiveCfg = Release|Win32
		{DC6C63FF-C15C-68A1-5864-FB597D75B2B3}.Release|Win32.Build.0 = Release|Win32
	EndGlobalSection
	GlobalSection(SolutionProperties) = preSolution
		HideSolutionNode = FALSE
	EndGlobalSection
	GlobalSection(NestedProjects) = preSolution
		{579D834E-7565-52C6-D98B-4C7F78FC1E22} = {B832B071-33F2-0FA5-61DB-DFCD0CC3E66A}
		{82B3C9A4-9888-7921-E0BD-42C3F86F9A50} = {607B4E81-FB72-43DF-177C-C1403E500480}
		{7E3E300C-E43E-45E3-7AFE-6C728B705A32} = {607B4E81-FB72-43DF-177C-C1403E500480}
		{4C9E2306-3012-5705-6444-E83567B383C7} = {607B4E81-FB72-43DF-177C-C1403E500480}
		{CC680B1E-4E12-511E-0BB1-98AC96D57E45} = {607B4E81-FB72-43DF-177C-C1403E500480}
		{827D9088-EBF8-F3E0-55C8-7221677654F2} = {607B4E81-FB72-43DF-177C-C1403E500480}
		{DC6C63FF-C15C-68A1-5864-FB597D75B2B3} = {607B4E81-FB72-43DF-177C-C1403E500480}
		{ABEF057D-44A3-6E92-15DC-03A220AF6AFC} = {607B4E81-FB72-43DF-177C-C1403E500480}
		{229C8CCC-D35C-ECDB-2B0C-27EE2CAC295B} = {607B4E81-FB72-43DF-177C-C1403E500480}
		{5CF061C0-EA5A-323E-2FFB-145A0C3D60A5} = {607B4E81-FB72-43DF-177C-C1403E500480}
		{DBFED762-09FA-6D74-851D-9BB6E20584F6} = {607B4E81-FB72-43DF-177C-C1403E500480}
		{CCB5F260-9E5D-B51E-07AC-61B3052C6A9F} = {607B4E81-FB72-43DF-177C-C1403E500480}
		{3CD4DD2C-DA41-051C-B9E6-EBB0FF0B2E83} = {82B3C9A4-9888-7921-E0BD-42C3F86F9A50}
		{0E6526F6-964F-25C3-0F1F-DCF9595EC73B} = {82B3C9A4-9888-7921-E0BD-42C3F86F9A50}
		{2BEDDFAE-79CC-EB59-B340-431E5AE4AC01} = {82B3C9A4-9888-7921-E0BD-42C3F86F9A50}
		{6AE636A0-B27B-62C8-C987-86A2D06B60C7} = {82B3C9A4-9888-7921-E0BD-42C3F86F9A50}
		{099330EB-B1C1-B457-2ECB-0E963DD6164C} = {82B3C9A4-9888-7921-E0BD-42C3F86F9A50}
		{AEFA6A18-C199-64BA-4F17-3A296062DFC9} = {82B3C9A4-9888-7921-E0BD-42C3F86F9A50}
		{7B553E18-ECC0-DB4B-25B3-D6D454A5C27E} = {82B3C9A4-9888-7921-E0BD-42C3F86F9A50}
		{B0844620-4A9A-96F5-EF16-B347A871C8BE} = {82B3C9A4-9888-7921-E0BD-42C3F86F9A50}
		{34FC9003-2CD0-5DD0-C966-009DB764FBB6} = {82B3C9A4-9888-7921-E0BD-42C3F86F9A50}
		{93BEF8B4-6B2E-3C6C-4534-8162C96D3DEB} = {593E5771-A9CE-7BB4-6B2B-2AE6F616D6F6}
	EndGlobalSection
EndGlobal
