Microsoft Visual Studio Solution File, Format Version 13.00
# Visual Studio 2013
Project("{2150E333-8FDC-42A3-9474-1A3956D46DE8}") = "(src)", "..\src", "{607B4E81-FB72-43DF-177C-C1403E500480}"
EndProject
Project("{2150E333-8FDC-42A3-9474-1A3956D46DE8}") = "(util)", ".", "{593E5771-A9CE-7BB4-6B2B-2AE6F616D6F6}"
EndProject
Project("{8BC9CEB8-8B4A-11D0-8D11-00A0C91BC942}") = "angle_common", "..\src\angle_common.vcxproj", "{7AB4B0C9-D974-3A65-ED87-61816B6917CB}"
EndProject
Project("{8BC9CEB8-8B4A-11D0-8D11-00A0C91BC942}") = "angle_util", "angle_util.vcxproj", "{9767C383-B58A-AB1E-4713-CF8FC5BA2B7E}"
	ProjectSection(ProjectDependencies) = postProject
		{777AC703-C49D-E67C-F2EA-2BEDE272A25F} = {777AC703-C49D-E67C-F2EA-2BEDE272A25F}
		{D5D676ED-C189-2A6B-8DE3-F4CA6175550F} = {D5D676ED-C189-2A6B-8DE3-F4CA6175550F}
	EndProjectSection
EndProject
Project("{8BC9CEB8-8B4A-11D0-8D11-00A0C91BC942}") = "commit_id", "..\src\commit_id.vcxproj", "{6CCCC557-DFA3-68D4-31FA-1EFB0C5F37B2}"
	ProjectSection(ProjectDependencies) = postProject
		{3A46013C-B640-778D-0A72-AD5B5DA3DDDD} = {3A46013C-B640-778D-0A72-AD5B5DA3DDDD}
	EndProjectSection
EndProject
Project("{8BC9CEB8-8B4A-11D0-8D11-00A0C91BC942}") = "copy_compiler_dll", "..\src\copy_compiler_dll.vcxproj", "{47A3E249-4072-CEAC-C824-93730F91967A}"
	ProjectSection(ProjectDependencies) = postProject
		{3A46013C-B640-778D-0A72-AD5B5DA3DDDD} = {3A46013C-B640-778D-0A72-AD5B5DA3DDDD}
	EndProjectSection
EndProject
Project("{8BC9CEB8-8B4A-11D0-8D11-00A0C91BC942}") = "copy_scripts", "..\src\copy_scripts.vcxproj", "{3A46013C-B640-778D-0A72-AD5B5DA3DDDD}"
EndProject
Project("{8BC9CEB8-8B4A-11D0-8D11-00A0C91BC942}") = "libANGLE", "..\src\libANGLE.vcxproj", "{D51F95B2-D343-6B88-7902-C392ACC99260}"
	ProjectSection(ProjectDependencies) = postProject
		{6CCCC557-DFA3-68D4-31FA-1EFB0C5F37B2} = {6CCCC557-DFA3-68D4-31FA-1EFB0C5F37B2}
		{47A3E249-4072-CEAC-C824-93730F91967A} = {47A3E249-4072-CEAC-C824-93730F91967A}
	EndProjectSection
EndProject
Project("{8BC9CEB8-8B4A-11D0-8D11-00A0C91BC942}") = "libEGL", "..\src\libEGL.vcxproj", "{777AC703-C49D-E67C-F2EA-2BEDE272A25F}"
	ProjectSection(ProjectDependencies) = postProject
		{D5D676ED-C189-2A6B-8DE3-F4CA6175550F} = {D5D676ED-C189-2A6B-8DE3-F4CA6175550F}
	EndProjectSection
EndProject
Project("{8BC9CEB8-8B4A-11D0-8D11-00A0C91BC942}") = "libGLESv2", "..\src\libGLESv2.vcxproj", "{D5D676ED-C189-2A6B-8DE3-F4CA6175550F}"
	ProjectSection(ProjectDependencies) = postProject
		{D51F95B2-D343-6B88-7902-C392ACC99260} = {D51F95B2-D343-6B88-7902-C392ACC99260}
		{65BE9C8A-0FF1-A4B7-C81E-43801F64E13D} = {65BE9C8A-0FF1-A4B7-C81E-43801F64E13D}
		{3FFF5710-D21B-35AE-D702-74BB256EF228} = {3FFF5710-D21B-35AE-D702-74BB256EF228}
		{7642CFD5-F187-3E3F-F8FF-859949B9F13E} = {7642CFD5-F187-3E3F-F8FF-859949B9F13E}
		{7AB4B0C9-D974-3A65-ED87-61816B6917CB} = {7AB4B0C9-D974-3A65-ED87-61816B6917CB}
		{6CCCC557-DFA3-68D4-31FA-1EFB0C5F37B2} = {6CCCC557-DFA3-68D4-31FA-1EFB0C5F37B2}
		{3A46013C-B640-778D-0A72-AD5B5DA3DDDD} = {3A46013C-B640-778D-0A72-AD5B5DA3DDDD}
		{47A3E249-4072-CEAC-C824-93730F91967A} = {47A3E249-4072-CEAC-C824-93730F91967A}
	EndProjectSection
EndProject
Project("{8BC9CEB8-8B4A-11D0-8D11-00A0C91BC942}") = "preprocessor", "..\src\preprocessor.vcxproj", "{7642CFD5-F187-3E3F-F8FF-859949B9F13E}"
EndProject
Project("{8BC9CEB8-8B4A-11D0-8D11-00A0C91BC942}") = "translator_lib", "..\src\translator_lib.vcxproj", "{3FFF5710-D21B-35AE-D702-74BB256EF228}"
EndProject
Project("{8BC9CEB8-8B4A-11D0-8D11-00A0C91BC942}") = "translator_static", "..\src\translator_static.vcxproj", "{65BE9C8A-0FF1-A4B7-C81E-43801F64E13D}"
EndProject
Global
	GlobalSection(SolutionConfigurationPlatforms) = preSolution
		Release|x64 = Release|x64
		Debug|Win32 = Debug|Win32
		Debug|x64 = Debug|x64
		Release|Win32 = Release|Win32
	EndGlobalSection
	GlobalSection(ProjectConfigurationPlatforms) = postSolution
		{3A46013C-B640-778D-0A72-AD5B5DA3DDDD}.Release|x64.ActiveCfg = Release|x64
		{3A46013C-B640-778D-0A72-AD5B5DA3DDDD}.Release|x64.Build.0 = Release|x64
		{3A46013C-B640-778D-0A72-AD5B5DA3DDDD}.Debug|Win32.ActiveCfg = Debug|Win32
		{3A46013C-B640-778D-0A72-AD5B5DA3DDDD}.Debug|Win32.Build.0 = Debug|Win32
		{3A46013C-B640-778D-0A72-AD5B5DA3DDDD}.Debug|x64.ActiveCfg = Debug|x64
		{3A46013C-B640-778D-0A72-AD5B5DA3DDDD}.Debug|x64.Build.0 = Debug|x64
		{3A46013C-B640-778D-0A72-AD5B5DA3DDDD}.Release|Win32.ActiveCfg = Release|Win32
		{3A46013C-B640-778D-0A72-AD5B5DA3DDDD}.Release|Win32.Build.0 = Release|Win32
		{3FFF5710-D21B-35AE-D702-74BB256EF228}.Release|x64.ActiveCfg = Release|x64
		{3FFF5710-D21B-35AE-D702-74BB256EF228}.Release|x64.Build.0 = Release|x64
		{3FFF5710-D21B-35AE-D702-74BB256EF228}.Debug|Win32.ActiveCfg = Debug|Win32
		{3FFF5710-D21B-35AE-D702-74BB256EF228}.Debug|Win32.Build.0 = Debug|Win32
		{3FFF5710-D21B-35AE-D702-74BB256EF228}.Debug|x64.ActiveCfg = Debug|x64
		{3FFF5710-D21B-35AE-D702-74BB256EF228}.Debug|x64.Build.0 = Debug|x64
		{3FFF5710-D21B-35AE-D702-74BB256EF228}.Release|Win32.ActiveCfg = Release|Win32
		{3FFF5710-D21B-35AE-D702-74BB256EF228}.Release|Win32.Build.0 = Release|Win32
		{47A3E249-4072-CEAC-C824-93730F91967A}.Release|x64.ActiveCfg = Release|x64
		{47A3E249-4072-CEAC-C824-93730F91967A}.Release|x64.Build.0 = Release|x64
		{47A3E249-4072-CEAC-C824-93730F91967A}.Debug|Win32.ActiveCfg = Debug|Win32
		{47A3E249-4072-CEAC-C824-93730F91967A}.Debug|Win32.Build.0 = Debug|Win32
		{47A3E249-4072-CEAC-C824-93730F91967A}.Debug|x64.ActiveCfg = Debug|x64
		{47A3E249-4072-CEAC-C824-93730F91967A}.Debug|x64.Build.0 = Debug|x64
		{47A3E249-4072-CEAC-C824-93730F91967A}.Release|Win32.ActiveCfg = Release|Win32
		{47A3E249-4072-CEAC-C824-93730F91967A}.Release|Win32.Build.0 = Release|Win32
		{65BE9C8A-0FF1-A4B7-C81E-43801F64E13D}.Release|x64.ActiveCfg = Release|x64
		{65BE9C8A-0FF1-A4B7-C81E-43801F64E13D}.Release|x64.Build.0 = Release|x64
		{65BE9C8A-0FF1-A4B7-C81E-43801F64E13D}.Debug|Win32.ActiveCfg = Debug|Win32
		{65BE9C8A-0FF1-A4B7-C81E-43801F64E13D}.Debug|Win32.Build.0 = Debug|Win32
		{65BE9C8A-0FF1-A4B7-C81E-43801F64E13D}.Debug|x64.ActiveCfg = Debug|x64
		{65BE9C8A-0FF1-A4B7-C81E-43801F64E13D}.Debug|x64.Build.0 = Debug|x64
		{65BE9C8A-0FF1-A4B7-C81E-43801F64E13D}.Release|Win32.ActiveCfg = Release|Win32
		{65BE9C8A-0FF1-A4B7-C81E-43801F64E13D}.Release|Win32.Build.0 = Release|Win32
		{6CCCC557-DFA3-68D4-31FA-1EFB0C5F37B2}.Release|x64.ActiveCfg = Release|x64
		{6CCCC557-DFA3-68D4-31FA-1EFB0C5F37B2}.Release|x64.Build.0 = Release|x64
		{6CCCC557-DFA3-68D4-31FA-1EFB0C5F37B2}.Debug|Win32.ActiveCfg = Debug|Win32
		{6CCCC557-DFA3-68D4-31FA-1EFB0C5F37B2}.Debug|Win32.Build.0 = Debug|Win32
		{6CCCC557-DFA3-68D4-31FA-1EFB0C5F37B2}.Debug|x64.ActiveCfg = Debug|x64
		{6CCCC557-DFA3-68D4-31FA-1EFB0C5F37B2}.Debug|x64.Build.0 = Debug|x64
		{6CCCC557-DFA3-68D4-31FA-1EFB0C5F37B2}.Release|Win32.ActiveCfg = Release|Win32
		{6CCCC557-DFA3-68D4-31FA-1EFB0C5F37B2}.Release|Win32.Build.0 = Release|Win32
		{7642CFD5-F187-3E3F-F8FF-859949B9F13E}.Release|x64.ActiveCfg = Release|x64
		{7642CFD5-F187-3E3F-F8FF-859949B9F13E}.Release|x64.Build.0 = Release|x64
		{7642CFD5-F187-3E3F-F8FF-859949B9F13E}.Debug|Win32.ActiveCfg = Debug|Win32
		{7642CFD5-F187-3E3F-F8FF-859949B9F13E}.Debug|Win32.Build.0 = Debug|Win32
		{7642CFD5-F187-3E3F-F8FF-859949B9F13E}.Debug|x64.ActiveCfg = Debug|x64
		{7642CFD5-F187-3E3F-F8FF-859949B9F13E}.Debug|x64.Build.0 = Debug|x64
		{7642CFD5-F187-3E3F-F8FF-859949B9F13E}.Release|Win32.ActiveCfg = Release|Win32
		{7642CFD5-F187-3E3F-F8FF-859949B9F13E}.Release|Win32.Build.0 = Release|Win32
		{777AC703-C49D-E67C-F2EA-2BEDE272A25F}.Release|x64.ActiveCfg = Release|x64
		{777AC703-C49D-E67C-F2EA-2BEDE272A25F}.Release|x64.Build.0 = Release|x64
		{777AC703-C49D-E67C-F2EA-2BEDE272A25F}.Debug|Win32.ActiveCfg = Debug|Win32
		{777AC703-C49D-E67C-F2EA-2BEDE272A25F}.Debug|Win32.Build.0 = Debug|Win32
		{777AC703-C49D-E67C-F2EA-2BEDE272A25F}.Debug|x64.ActiveCfg = Debug|x64
		{777AC703-C49D-E67C-F2EA-2BEDE272A25F}.Debug|x64.Build.0 = Debug|x64
		{777AC703-C49D-E67C-F2EA-2BEDE272A25F}.Release|Win32.ActiveCfg = Release|Win32
		{777AC703-C49D-E67C-F2EA-2BEDE272A25F}.Release|Win32.Build.0 = Release|Win32
		{7AB4B0C9-D974-3A65-ED87-61816B6917CB}.Release|x64.ActiveCfg = Release|x64
		{7AB4B0C9-D974-3A65-ED87-61816B6917CB}.Release|x64.Build.0 = Release|x64
		{7AB4B0C9-D974-3A65-ED87-61816B6917CB}.Debug|Win32.ActiveCfg = Debug|Win32
		{7AB4B0C9-D974-3A65-ED87-61816B6917CB}.Debug|Win32.Build.0 = Debug|Win32
		{7AB4B0C9-D974-3A65-ED87-61816B6917CB}.Debug|x64.ActiveCfg = Debug|x64
		{7AB4B0C9-D974-3A65-ED87-61816B6917CB}.Debug|x64.Build.0 = Debug|x64
		{7AB4B0C9-D974-3A65-ED87-61816B6917CB}.Release|Win32.ActiveCfg = Release|Win32
		{7AB4B0C9-D974-3A65-ED87-61816B6917CB}.Release|Win32.Build.0 = Release|Win32
		{9767C383-B58A-AB1E-4713-CF8FC5BA2B7E}.Release|x64.ActiveCfg = Release|x64
		{9767C383-B58A-AB1E-4713-CF8FC5BA2B7E}.Release|x64.Build.0 = Release|x64
		{9767C383-B58A-AB1E-4713-CF8FC5BA2B7E}.Debug|Win32.ActiveCfg = Debug|Win32
		{9767C383-B58A-AB1E-4713-CF8FC5BA2B7E}.Debug|Win32.Build.0 = Debug|Win32
		{9767C383-B58A-AB1E-4713-CF8FC5BA2B7E}.Debug|x64.ActiveCfg = Debug|x64
		{9767C383-B58A-AB1E-4713-CF8FC5BA2B7E}.Debug|x64.Build.0 = Debug|x64
		{9767C383-B58A-AB1E-4713-CF8FC5BA2B7E}.Release|Win32.ActiveCfg = Release|Win32
		{9767C383-B58A-AB1E-4713-CF8FC5BA2B7E}.Release|Win32.Build.0 = Release|Win32
		{D51F95B2-D343-6B88-7902-C392ACC99260}.Release|x64.ActiveCfg = Release|x64
		{D51F95B2-D343-6B88-7902-C392ACC99260}.Release|x64.Build.0 = Release|x64
		{D51F95B2-D343-6B88-7902-C392ACC99260}.Debug|Win32.ActiveCfg = Debug|Win32
		{D51F95B2-D343-6B88-7902-C392ACC99260}.Debug|Win32.Build.0 = Debug|Win32
		{D51F95B2-D343-6B88-7902-C392ACC99260}.Debug|x64.ActiveCfg = Debug|x64
		{D51F95B2-D343-6B88-7902-C392ACC99260}.Debug|x64.Build.0 = Debug|x64
		{D51F95B2-D343-6B88-7902-C392ACC99260}.Release|Win32.ActiveCfg = Release|Win32
		{D51F95B2-D343-6B88-7902-C392ACC99260}.Release|Win32.Build.0 = Release|Win32
		{D5D676ED-C189-2A6B-8DE3-F4CA6175550F}.Release|x64.ActiveCfg = Release|x64
		{D5D676ED-C189-2A6B-8DE3-F4CA6175550F}.Release|x64.Build.0 = Release|x64
		{D5D676ED-C189-2A6B-8DE3-F4CA6175550F}.Debug|Win32.ActiveCfg = Debug|Win32
		{D5D676ED-C189-2A6B-8DE3-F4CA6175550F}.Debug|Win32.Build.0 = Debug|Win32
		{D5D676ED-C189-2A6B-8DE3-F4CA6175550F}.Debug|x64.ActiveCfg = Debug|x64
		{D5D676ED-C189-2A6B-8DE3-F4CA6175550F}.Debug|x64.Build.0 = Debug|x64
		{D5D676ED-C189-2A6B-8DE3-F4CA6175550F}.Release|Win32.ActiveCfg = Release|Win32
		{D5D676ED-C189-2A6B-8DE3-F4CA6175550F}.Release|Win32.Build.0 = Release|Win32
	EndGlobalSection
	GlobalSection(SolutionProperties) = preSolution
		HideSolutionNode = FALSE
	EndGlobalSection
	GlobalSection(NestedProjects) = preSolution
		{7AB4B0C9-D974-3A65-ED87-61816B6917CB} = {607B4E81-FB72-43DF-177C-C1403E500480}
		{6CCCC557-DFA3-68D4-31FA-1EFB0C5F37B2} = {607B4E81-FB72-43DF-177C-C1403E500480}
		{47A3E249-4072-CEAC-C824-93730F91967A} = {607B4E81-FB72-43DF-177C-C1403E500480}
		{3A46013C-B640-778D-0A72-AD5B5DA3DDDD} = {607B4E81-FB72-43DF-177C-C1403E500480}
		{D51F95B2-D343-6B88-7902-C392ACC99260} = {607B4E81-FB72-43DF-177C-C1403E500480}
		{777AC703-C49D-E67C-F2EA-2BEDE272A25F} = {607B4E81-FB72-43DF-177C-C1403E500480}
		{D5D676ED-C189-2A6B-8DE3-F4CA6175550F} = {607B4E81-FB72-43DF-177C-C1403E500480}
		{7642CFD5-F187-3E3F-F8FF-859949B9F13E} = {607B4E81-FB72-43DF-177C-C1403E500480}
		{3FFF5710-D21B-35AE-D702-74BB256EF228} = {607B4E81-FB72-43DF-177C-C1403E500480}
		{65BE9C8A-0FF1-A4B7-C81E-43801F64E13D} = {607B4E81-FB72-43DF-177C-C1403E500480}
		{9767C383-B58A-AB1E-4713-CF8FC5BA2B7E} = {593E5771-A9CE-7BB4-6B2B-2AE6F616D6F6}
	EndGlobalSection
EndGlobal
