Microsoft Visual Studio Solution File, Format Version 13.00
# Visual Studio 2013
Project("{8BC9CEB8-8B4A-11D0-8D11-00A0C91BC942}") = "angle_common", "angle_common.vcxproj", "{5442C93D-0283-2C1B-09AE-11AC691C0A3C}"
EndProject
Project("{8BC9CEB8-8B4A-11D0-8D11-00A0C91BC942}") = "commit_id", "commit_id.vcxproj", "{71EF2F6B-6367-30FF-A8B3-392EBEDA26A2}"
EndProject
Project("{8BC9CEB8-8B4A-11D0-8D11-00A0C91BC942}") = "copy_compiler_dll", "copy_compiler_dll.vcxproj", "{8A5F7A4E-DC09-8114-DC8B-4F2A78275956}"
	ProjectSection(ProjectDependencies) = postProject
		{ED0A7434-1C73-0666-988E-E71578528EDB} = {ED0A7434-1C73-0666-988E-E71578528EDB}
	EndProjectSection
EndProject
Project("{8BC9CEB8-8B4A-11D0-8D11-00A0C91BC942}") = "copy_scripts", "copy_scripts.vcxproj", "{ED0A7434-1C73-0666-988E-E71578528EDB}"
EndProject
Project("{8BC9CEB8-8B4A-11D0-8D11-00A0C91BC942}") = "libANGLE", "libANGLE.vcxproj", "{141F497D-6DDF-00D4-E8F2-D46A16CC5DC2}"
	ProjectSection(ProjectDependencies) = postProject
		{71EF2F6B-6367-30FF-A8B3-392EBEDA26A2} = {71EF2F6B-6367-30FF-A8B3-392EBEDA26A2}
	EndProjectSection
EndProject
Project("{8BC9CEB8-8B4A-11D0-8D11-00A0C91BC942}") = "libEGL", "libEGL.vcxproj", "{B57040E7-2782-799E-836B-97555FA06277}"
	ProjectSection(ProjectDependencies) = postProject
		{04B0A7C9-29E3-04AD-68BB-FE4B767E4399} = {04B0A7C9-29E3-04AD-68BB-FE4B767E4399}
	EndProjectSection
EndProject
Project("{8BC9CEB8-8B4A-11D0-8D11-00A0C91BC942}") = "libGLESv2", "libGLESv2.vcxproj", "{04B0A7C9-29E3-04AD-68BB-FE4B767E4399}"
	ProjectSection(ProjectDependencies) = postProject
		{141F497D-6DDF-00D4-E8F2-D46A16CC5DC2} = {141F497D-6DDF-00D4-E8F2-D46A16CC5DC2}
		{DE8BF523-70A1-7CAE-67FD-AAC00F14401D} = {DE8BF523-70A1-7CAE-67FD-AAC00F14401D}
		{53248469-3A08-D978-02DF-1F2C43A7D1CE} = {53248469-3A08-D978-02DF-1F2C43A7D1CE}
		{13A13E92-063E-C5CB-08AF-96DFF9FE0FE9} = {13A13E92-063E-C5CB-08AF-96DFF9FE0FE9}
		{5442C93D-0283-2C1B-09AE-11AC691C0A3C} = {5442C93D-0283-2C1B-09AE-11AC691C0A3C}
		{71EF2F6B-6367-30FF-A8B3-392EBEDA26A2} = {71EF2F6B-6367-30FF-A8B3-392EBEDA26A2}
	EndProjectSection
EndProject
Project("{8BC9CEB8-8B4A-11D0-8D11-00A0C91BC942}") = "preprocessor", "preprocessor.vcxproj", "{13A13E92-063E-C5CB-08AF-96DFF9FE0FE9}"
EndProject
Project("{8BC9CEB8-8B4A-11D0-8D11-00A0C91BC942}") = "translator", "translator.vcxproj", "{CB1CE422-4061-EF64-5D52-ACD116089469}"
EndProject
Project("{8BC9CEB8-8B4A-11D0-8D11-00A0C91BC942}") = "translator_lib", "translator_lib.vcxproj", "{53248469-3A08-D978-02DF-1F2C43A7D1CE}"
EndProject
Project("{8BC9CEB8-8B4A-11D0-8D11-00A0C91BC942}") = "translator_static", "translator_static.vcxproj", "{DE8BF523-70A1-7CAE-67FD-AAC00F14401D}"
EndProject
Global
	GlobalSection(SolutionConfigurationPlatforms) = preSolution
		Debug|ARM = Debug|ARM
		Debug|Win32 = Debug|Win32
		Release|ARM = Release|ARM
		Release|Win32 = Release|Win32
	EndGlobalSection
	GlobalSection(ProjectConfigurationPlatforms) = postSolution
		{04B0A7C9-29E3-04AD-68BB-FE4B767E4399}.Debug|ARM.ActiveCfg = Debug|ARM
		{04B0A7C9-29E3-04AD-68BB-FE4B767E4399}.Debug|ARM.Build.0 = Debug|ARM
		{04B0A7C9-29E3-04AD-68BB-FE4B767E4399}.Debug|Win32.ActiveCfg = Debug|Win32
		{04B0A7C9-29E3-04AD-68BB-FE4B767E4399}.Debug|Win32.Build.0 = Debug|Win32
		{04B0A7C9-29E3-04AD-68BB-FE4B767E4399}.Release|ARM.ActiveCfg = Release|ARM
		{04B0A7C9-29E3-04AD-68BB-FE4B767E4399}.Release|ARM.Build.0 = Release|ARM
		{04B0A7C9-29E3-04AD-68BB-FE4B767E4399}.Release|Win32.ActiveCfg = Release|Win32
		{04B0A7C9-29E3-04AD-68BB-FE4B767E4399}.Release|Win32.Build.0 = Release|Win32
		{13A13E92-063E-C5CB-08AF-96DFF9FE0FE9}.Debug|ARM.ActiveCfg = Debug|ARM
		{13A13E92-063E-C5CB-08AF-96DFF9FE0FE9}.Debug|ARM.Build.0 = Debug|ARM
		{13A13E92-063E-C5CB-08AF-96DFF9FE0FE9}.Debug|Win32.ActiveCfg = Debug|Win32
		{13A13E92-063E-C5CB-08AF-96DFF9FE0FE9}.Debug|Win32.Build.0 = Debug|Win32
		{13A13E92-063E-C5CB-08AF-96DFF9FE0FE9}.Release|ARM.ActiveCfg = Release|ARM
		{13A13E92-063E-C5CB-08AF-96DFF9FE0FE9}.Release|ARM.Build.0 = Release|ARM
		{13A13E92-063E-C5CB-08AF-96DFF9FE0FE9}.Release|Win32.ActiveCfg = Release|Win32
		{13A13E92-063E-C5CB-08AF-96DFF9FE0FE9}.Release|Win32.Build.0 = Release|Win32
		{141F497D-6DDF-00D4-E8F2-D46A16CC5DC2}.Debug|ARM.ActiveCfg = Debug|ARM
		{141F497D-6DDF-00D4-E8F2-D46A16CC5DC2}.Debug|ARM.Build.0 = Debug|ARM
		{141F497D-6DDF-00D4-E8F2-D46A16CC5DC2}.Debug|Win32.ActiveCfg = Debug|Win32
		{141F497D-6DDF-00D4-E8F2-D46A16CC5DC2}.Debug|Win32.Build.0 = Debug|Win32
		{141F497D-6DDF-00D4-E8F2-D46A16CC5DC2}.Release|ARM.ActiveCfg = Release|ARM
		{141F497D-6DDF-00D4-E8F2-D46A16CC5DC2}.Release|ARM.Build.0 = Release|ARM
		{141F497D-6DDF-00D4-E8F2-D46A16CC5DC2}.Release|Win32.ActiveCfg = Release|Win32
		{141F497D-6DDF-00D4-E8F2-D46A16CC5DC2}.Release|Win32.Build.0 = Release|Win32
		{53248469-3A08-D978-02DF-1F2C43A7D1CE}.Debug|ARM.ActiveCfg = Debug|ARM
		{53248469-3A08-D978-02DF-1F2C43A7D1CE}.Debug|ARM.Build.0 = Debug|ARM
		{53248469-3A08-D978-02DF-1F2C43A7D1CE}.Debug|Win32.ActiveCfg = Debug|Win32
		{53248469-3A08-D978-02DF-1F2C43A7D1CE}.Debug|Win32.Build.0 = Debug|Win32
		{53248469-3A08-D978-02DF-1F2C43A7D1CE}.Release|ARM.ActiveCfg = Release|ARM
		{53248469-3A08-D978-02DF-1F2C43A7D1CE}.Release|ARM.Build.0 = Release|ARM
		{53248469-3A08-D978-02DF-1F2C43A7D1CE}.Release|Win32.ActiveCfg = Release|Win32
		{53248469-3A08-D978-02DF-1F2C43A7D1CE}.Release|Win32.Build.0 = Release|Win32
		{5442C93D-0283-2C1B-09AE-11AC691C0A3C}.Debug|ARM.ActiveCfg = Debug|ARM
		{5442C93D-0283-2C1B-09AE-11AC691C0A3C}.Debug|ARM.Build.0 = Debug|ARM
		{5442C93D-0283-2C1B-09AE-11AC691C0A3C}.Debug|Win32.ActiveCfg = Debug|Win32
		{5442C93D-0283-2C1B-09AE-11AC691C0A3C}.Debug|Win32.Build.0 = Debug|Win32
		{5442C93D-0283-2C1B-09AE-11AC691C0A3C}.Release|ARM.ActiveCfg = Release|ARM
		{5442C93D-0283-2C1B-09AE-11AC691C0A3C}.Release|ARM.Build.0 = Release|ARM
		{5442C93D-0283-2C1B-09AE-11AC691C0A3C}.Release|Win32.ActiveCfg = Release|Win32
		{5442C93D-0283-2C1B-09AE-11AC691C0A3C}.Release|Win32.Build.0 = Release|Win32
		{71EF2F6B-6367-30FF-A8B3-392EBEDA26A2}.Debug|ARM.ActiveCfg = Debug|ARM
		{71EF2F6B-6367-30FF-A8B3-392EBEDA26A2}.Debug|ARM.Build.0 = Debug|ARM
		{71EF2F6B-6367-30FF-A8B3-392EBEDA26A2}.Debug|Win32.ActiveCfg = Debug|Win32
		{71EF2F6B-6367-30FF-A8B3-392EBEDA26A2}.Debug|Win32.Build.0 = Debug|Win32
		{71EF2F6B-6367-30FF-A8B3-392EBEDA26A2}.Release|ARM.ActiveCfg = Release|ARM
		{71EF2F6B-6367-30FF-A8B3-392EBEDA26A2}.Release|ARM.Build.0 = Release|ARM
		{71EF2F6B-6367-30FF-A8B3-392EBEDA26A2}.Release|Win32.ActiveCfg = Release|Win32
		{71EF2F6B-6367-30FF-A8B3-392EBEDA26A2}.Release|Win32.Build.0 = Release|Win32
		{8A5F7A4E-DC09-8114-DC8B-4F2A78275956}.Debug|ARM.ActiveCfg = Debug|ARM
		{8A5F7A4E-DC09-8114-DC8B-4F2A78275956}.Debug|ARM.Build.0 = Debug|ARM
		{8A5F7A4E-DC09-8114-DC8B-4F2A78275956}.Debug|Win32.ActiveCfg = Debug|Win32
		{8A5F7A4E-DC09-8114-DC8B-4F2A78275956}.Debug|Win32.Build.0 = Debug|Win32
		{8A5F7A4E-DC09-8114-DC8B-4F2A78275956}.Release|ARM.ActiveCfg = Release|ARM
		{8A5F7A4E-DC09-8114-DC8B-4F2A78275956}.Release|ARM.Build.0 = Release|ARM
		{8A5F7A4E-DC09-8114-DC8B-4F2A78275956}.Release|Win32.ActiveCfg = Release|Win32
		{8A5F7A4E-DC09-8114-DC8B-4F2A78275956}.Release|Win32.Build.0 = Release|Win32
		{B57040E7-2782-799E-836B-97555FA06277}.Debug|ARM.ActiveCfg = Debug|ARM
		{B57040E7-2782-799E-836B-97555FA06277}.Debug|ARM.Build.0 = Debug|ARM
		{B57040E7-2782-799E-836B-97555FA06277}.Debug|Win32.ActiveCfg = Debug|Win32
		{B57040E7-2782-799E-836B-97555FA06277}.Debug|Win32.Build.0 = Debug|Win32
		{B57040E7-2782-799E-836B-97555FA06277}.Release|ARM.ActiveCfg = Release|ARM
		{B57040E7-2782-799E-836B-97555FA06277}.Release|ARM.Build.0 = Release|ARM
		{B57040E7-2782-799E-836B-97555FA06277}.Release|Win32.ActiveCfg = Release|Win32
		{B57040E7-2782-799E-836B-97555FA06277}.Release|Win32.Build.0 = Release|Win32
		{CB1CE422-4061-EF64-5D52-ACD116089469}.Debug|ARM.ActiveCfg = Debug|ARM
		{CB1CE422-4061-EF64-5D52-ACD116089469}.Debug|ARM.Build.0 = Debug|ARM
		{CB1CE422-4061-EF64-5D52-ACD116089469}.Debug|Win32.ActiveCfg = Debug|Win32
		{CB1CE422-4061-EF64-5D52-ACD116089469}.Debug|Win32.Build.0 = Debug|Win32
		{CB1CE422-4061-EF64-5D52-ACD116089469}.Release|ARM.ActiveCfg = Release|ARM
		{CB1CE422-4061-EF64-5D52-ACD116089469}.Release|ARM.Build.0 = Release|ARM
		{CB1CE422-4061-EF64-5D52-ACD116089469}.Release|Win32.ActiveCfg = Release|Win32
		{CB1CE422-4061-EF64-5D52-ACD116089469}.Release|Win32.Build.0 = Release|Win32
		{DE8BF523-70A1-7CAE-67FD-AAC00F14401D}.Debug|ARM.ActiveCfg = Debug|ARM
		{DE8BF523-70A1-7CAE-67FD-AAC00F14401D}.Debug|ARM.Build.0 = Debug|ARM
		{DE8BF523-70A1-7CAE-67FD-AAC00F14401D}.Debug|Win32.ActiveCfg = Debug|Win32
		{DE8BF523-70A1-7CAE-67FD-AAC00F14401D}.Debug|Win32.Build.0 = Debug|Win32
		{DE8BF523-70A1-7CAE-67FD-AAC00F14401D}.Release|ARM.ActiveCfg = Release|ARM
		{DE8BF523-70A1-7CAE-67FD-AAC00F14401D}.Release|ARM.Build.0 = Release|ARM
		{DE8BF523-70A1-7CAE-67FD-AAC00F14401D}.Release|Win32.ActiveCfg = Release|Win32
		{DE8BF523-70A1-7CAE-67FD-AAC00F14401D}.Release|Win32.Build.0 = Release|Win32
		{ED0A7434-1C73-0666-988E-E71578528EDB}.Debug|ARM.ActiveCfg = Debug|ARM
		{ED0A7434-1C73-0666-988E-E71578528EDB}.Debug|ARM.Build.0 = Debug|ARM
		{ED0A7434-1C73-0666-988E-E71578528EDB}.Debug|Win32.ActiveCfg = Debug|Win32
		{ED0A7434-1C73-0666-988E-E71578528EDB}.Debug|Win32.Build.0 = Debug|Win32
		{ED0A7434-1C73-0666-988E-E71578528EDB}.Release|ARM.ActiveCfg = Release|ARM
		{ED0A7434-1C73-0666-988E-E71578528EDB}.Release|ARM.Build.0 = Release|ARM
		{ED0A7434-1C73-0666-988E-E71578528EDB}.Release|Win32.ActiveCfg = Release|Win32
		{ED0A7434-1C73-0666-988E-E71578528EDB}.Release|Win32.Build.0 = Release|Win32
	EndGlobalSection
	GlobalSection(SolutionProperties) = preSolution
		HideSolutionNode = FALSE
	EndGlobalSection
EndGlobal
