<?xml version="1.0" encoding="utf-8"?>
<Project ToolsVersion="4.0" xmlns="http://schemas.microsoft.com/developer/msbuild/2003">
  <ItemGroup>
    <Filter Include="multi_texture">
      <UniqueIdentifier>{7EDA6A50-7444-2574-045E-767D27689CC9}</UniqueIdentifier>
    </Filter>
    <Filter Include="multi_texture">
      <UniqueIdentifier>{7EDA6A50-7444-2574-045E-767D27689CC9}</UniqueIdentifier>
    </Filter>
    <Filter Include="multi_texture">
      <UniqueIdentifier>{7EDA6A50-7444-2574-045E-767D27689CC9}</UniqueIdentifier>
    </Filter>
  </ItemGroup>
  <ItemGroup>
    <ClCompile Include="multi_texture\MultiTexture.cpp">
      <Filter>multi_texture</Filter>
    </ClCompile>
    <None Include="samples.gyp"/>
    <None Include="multi_texture\basemap.tga">
      <Filter>multi_texture</Filter>
    </None>
    <None Include="multi_texture\lightmap.tga">
      <Filter>multi_texture</Filter>
    </None>
  </ItemGroup>
</Project>
