<?xml version="1.0" encoding="utf-8"?>
<Project ToolsVersion="4.0" xmlns="http://schemas.microsoft.com/developer/msbuild/2003">
  <ItemGroup>
    <Filter Include="multi_window">
      <UniqueIdentifier>{295894B9-C4D8-C0C9-772C-621723A4E68F}</UniqueIdentifier>
    </Filter>
  </ItemGroup>
  <ItemGroup>
    <ClCompile Include="multi_window\MultiWindow.cpp">
      <Filter>multi_window</Filter>
    </ClCompile>
    <None Include="samples.gyp"/>
  </ItemGroup>
</Project>
