<?xml version="1.0" encoding="utf-8"?>
<Project ToolsVersion="4.0" xmlns="http://schemas.microsoft.com/developer/msbuild/2003">
  <ItemGroup>
    <Filter Include="particle_system">
      <UniqueIdentifier>{BF3D6113-EF81-F63D-D06D-FD080BFBE471}</UniqueIdentifier>
    </Filter>
    <Filter Include="particle_system">
      <UniqueIdentifier>{BF3D6113-EF81-F63D-D06D-FD080BFBE471}</UniqueIdentifier>
    </Filter>
  </ItemGroup>
  <ItemGroup>
    <ClCompile Include="particle_system\ParticleSystem.cpp">
      <Filter>particle_system</Filter>
    </ClCompile>
    <None Include="samples.gyp"/>
    <None Include="particle_system\smoke.tga">
      <Filter>particle_system</Filter>
    </None>
  </ItemGroup>
</Project>
