Microsoft Visual Studio Solution File, Format Version 13.00
# Visual Studio 2013
Project("{2150E333-8FDC-42A3-9474-1A3956D46DE8}") = "(samples)", ".", "{F3BC0D42-B0CF-B5A5-CB24-2A332226E744}"
EndProject
Project("{2150E333-8FDC-42A3-9474-1A3956D46DE8}") = "(src)", "..\src", "{607B4E81-FB72-43DF-177C-C1403E500480}"
EndProject
Project("{2150E333-8FDC-42A3-9474-1A3956D46DE8}") = "(util)", "..\util", "{593E5771-A9CE-7BB4-6B2B-2AE6F616D6F6}"
EndProject
Project("{8BC9CEB8-8B4A-11D0-8D11-00A0C91BC942}") = "angle_common", "..\src\angle_common.vcxproj", "{7AB4B0C9-D974-3A65-ED87-61816B6917CB}"
EndProject
Project("{8BC9CEB8-8B4A-11D0-8D11-00A0C91BC942}") = "angle_util", "..\util\angle_util.vcxproj", "{9767C383-B58A-AB1E-4713-CF8FC5BA2B7E}"
	ProjectSection(ProjectDependencies) = postProject
		{777AC703-C49D-E67C-F2EA-2BEDE272A25F} = {777AC703-C49D-E67C-F2EA-2BEDE272A25F}
		{D5D676ED-C189-2A6B-8DE3-F4CA6175550F} = {D5D676ED-C189-2A6B-8DE3-F4CA6175550F}
	EndProjectSection
EndProject
Project("{8BC9CEB8-8B4A-11D0-8D11-00A0C91BC942}") = "commit_id", "..\src\commit_id.vcxproj", "{6CCCC557-DFA3-68D4-31FA-1EFB0C5F37B2}"
	ProjectSection(ProjectDependencies) = postProject
		{3A46013C-B640-778D-0A72-AD5B5DA3DDDD} = {3A46013C-B640-778D-0A72-AD5B5DA3DDDD}
	EndProjectSection
EndProject
Project("{8BC9CEB8-8B4A-11D0-8D11-00A0C91BC942}") = "copy_compiler_dll", "..\src\copy_compiler_dll.vcxproj", "{47A3E249-4072-CEAC-C824-93730F91967A}"
	ProjectSection(ProjectDependencies) = postProject
		{3A46013C-B640-778D-0A72-AD5B5DA3DDDD} = {3A46013C-B640-778D-0A72-AD5B5DA3DDDD}
	EndProjectSection
EndProject
Project("{8BC9CEB8-8B4A-11D0-8D11-00A0C91BC942}") = "copy_scripts", "..\src\copy_scripts.vcxproj", "{3A46013C-B640-778D-0A72-AD5B5DA3DDDD}"
EndProject
Project("{8BC9CEB8-8B4A-11D0-8D11-00A0C91BC942}") = "dds_to_header", "dds_to_header.vcxproj", "{FC40D481-9BE0-9D33-D41D-29AB73012A9C}"
EndProject
Project("{8BC9CEB8-8B4A-11D0-8D11-00A0C91BC942}") = "essl_to_glsl", "essl_to_glsl.vcxproj", "{77BF5E61-D417-460B-3577-C6DB11F1C835}"
	ProjectSection(ProjectDependencies) = postProject
		{65BE9C8A-0FF1-A4B7-C81E-43801F64E13D} = {65BE9C8A-0FF1-A4B7-C81E-43801F64E13D}
		{3FFF5710-D21B-35AE-D702-74BB256EF228} = {3FFF5710-D21B-35AE-D702-74BB256EF228}
		{7642CFD5-F187-3E3F-F8FF-859949B9F13E} = {7642CFD5-F187-3E3F-F8FF-859949B9F13E}
		{7AB4B0C9-D974-3A65-ED87-61816B6917CB} = {7AB4B0C9-D974-3A65-ED87-61816B6917CB}
	EndProjectSection
EndProject
Project("{8BC9CEB8-8B4A-11D0-8D11-00A0C91BC942}") = "essl_to_hlsl", "essl_to_hlsl.vcxproj", "{1B48E1FA-F164-F21D-BA38-D53C2A3D11E0}"
	ProjectSection(ProjectDependencies) = postProject
		{65BE9C8A-0FF1-A4B7-C81E-43801F64E13D} = {65BE9C8A-0FF1-A4B7-C81E-43801F64E13D}
		{3FFF5710-D21B-35AE-D702-74BB256EF228} = {3FFF5710-D21B-35AE-D702-74BB256EF228}
		{7642CFD5-F187-3E3F-F8FF-859949B9F13E} = {7642CFD5-F187-3E3F-F8FF-859949B9F13E}
		{7AB4B0C9-D974-3A65-ED87-61816B6917CB} = {7AB4B0C9-D974-3A65-ED87-61816B6917CB}
	EndProjectSection
EndProject
Project("{8BC9CEB8-8B4A-11D0-8D11-00A0C91BC942}") = "hello_triangle", "hello_triangle.vcxproj", "{849D6AB5-9713-E302-D4B5-C6E1DA8F3ABF}"
	ProjectSection(ProjectDependencies) = postProject
		{40A1229C-43E3-9BDF-4631-09FCBCBA9924} = {40A1229C-43E3-9BDF-4631-09FCBCBA9924}
		{777AC703-C49D-E67C-F2EA-2BEDE272A25F} = {777AC703-C49D-E67C-F2EA-2BEDE272A25F}
		{D5D676ED-C189-2A6B-8DE3-F4CA6175550F} = {D5D676ED-C189-2A6B-8DE3-F4CA6175550F}
		{9767C383-B58A-AB1E-4713-CF8FC5BA2B7E} = {9767C383-B58A-AB1E-4713-CF8FC5BA2B7E}
	EndProjectSection
EndProject
Project("{8BC9CEB8-8B4A-11D0-8D11-00A0C91BC942}") = "libANGLE", "..\src\libANGLE.vcxproj", "{D51F95B2-D343-6B88-7902-C392ACC99260}"
	ProjectSection(ProjectDependencies) = postProject
		{6CCCC557-DFA3-68D4-31FA-1EFB0C5F37B2} = {6CCCC557-DFA3-68D4-31FA-1EFB0C5F37B2}
		{47A3E249-4072-CEAC-C824-93730F91967A} = {47A3E249-4072-CEAC-C824-93730F91967A}
	EndProjectSection
EndProject
Project("{8BC9CEB8-8B4A-11D0-8D11-00A0C91BC942}") = "libEGL", "..\src\libEGL.vcxproj", "{777AC703-C49D-E67C-F2EA-2BEDE272A25F}"
	ProjectSection(ProjectDependencies) = postProject
		{D5D676ED-C189-2A6B-8DE3-F4CA6175550F} = {D5D676ED-C189-2A6B-8DE3-F4CA6175550F}
	EndProjectSection
EndProject
Project("{8BC9CEB8-8B4A-11D0-8D11-00A0C91BC942}") = "libGLESv2", "..\src\libGLESv2.vcxproj", "{D5D676ED-C189-2A6B-8DE3-F4CA6175550F}"
	ProjectSection(ProjectDependencies) = postProject
		{D51F95B2-D343-6B88-7902-C392ACC99260} = {D51F95B2-D343-6B88-7902-C392ACC99260}
		{65BE9C8A-0FF1-A4B7-C81E-43801F64E13D} = {65BE9C8A-0FF1-A4B7-C81E-43801F64E13D}
		{3FFF5710-D21B-35AE-D702-74BB256EF228} = {3FFF5710-D21B-35AE-D702-74BB256EF228}
		{7642CFD5-F187-3E3F-F8FF-859949B9F13E} = {7642CFD5-F187-3E3F-F8FF-859949B9F13E}
		{7AB4B0C9-D974-3A65-ED87-61816B6917CB} = {7AB4B0C9-D974-3A65-ED87-61816B6917CB}
		{6CCCC557-DFA3-68D4-31FA-1EFB0C5F37B2} = {6CCCC557-DFA3-68D4-31FA-1EFB0C5F37B2}
		{3A46013C-B640-778D-0A72-AD5B5DA3DDDD} = {3A46013C-B640-778D-0A72-AD5B5DA3DDDD}
		{47A3E249-4072-CEAC-C824-93730F91967A} = {47A3E249-4072-CEAC-C824-93730F91967A}
	EndProjectSection
EndProject
Project("{8BC9CEB8-8B4A-11D0-8D11-00A0C91BC942}") = "mip_map_2d", "mip_map_2d.vcxproj", "{3FB466F5-09FA-1D72-2AEB-7EC7BE7EE322}"
	ProjectSection(ProjectDependencies) = postProject
		{40A1229C-43E3-9BDF-4631-09FCBCBA9924} = {40A1229C-43E3-9BDF-4631-09FCBCBA9924}
		{777AC703-C49D-E67C-F2EA-2BEDE272A25F} = {777AC703-C49D-E67C-F2EA-2BEDE272A25F}
		{D5D676ED-C189-2A6B-8DE3-F4CA6175550F} = {D5D676ED-C189-2A6B-8DE3-F4CA6175550F}
		{9767C383-B58A-AB1E-4713-CF8FC5BA2B7E} = {9767C383-B58A-AB1E-4713-CF8FC5BA2B7E}
	EndProjectSection
EndProject
Project("{8BC9CEB8-8B4A-11D0-8D11-00A0C91BC942}") = "multi_texture", "multi_texture.vcxproj", "{8542F0DD-960F-568F-4A42-29BE80FE20EC}"
	ProjectSection(ProjectDependencies) = postProject
		{40A1229C-43E3-9BDF-4631-09FCBCBA9924} = {40A1229C-43E3-9BDF-4631-09FCBCBA9924}
		{777AC703-C49D-E67C-F2EA-2BEDE272A25F} = {777AC703-C49D-E67C-F2EA-2BEDE272A25F}
		{D5D676ED-C189-2A6B-8DE3-F4CA6175550F} = {D5D676ED-C189-2A6B-8DE3-F4CA6175550F}
		{9767C383-B58A-AB1E-4713-CF8FC5BA2B7E} = {9767C383-B58A-AB1E-4713-CF8FC5BA2B7E}
	EndProjectSection
EndProject
Project("{8BC9CEB8-8B4A-11D0-8D11-00A0C91BC942}") = "multiple_draw_buffers", "multiple_draw_buffers.vcxproj", "{FFF96E0C-3EBD-BF28-5334-39F494EB02A1}"
	ProjectSection(ProjectDependencies) = postProject
		{40A1229C-43E3-9BDF-4631-09FCBCBA9924} = {40A1229C-43E3-9BDF-4631-09FCBCBA9924}
		{777AC703-C49D-E67C-F2EA-2BEDE272A25F} = {777AC703-C49D-E67C-F2EA-2BEDE272A25F}
		{D5D676ED-C189-2A6B-8DE3-F4CA6175550F} = {D5D676ED-C189-2A6B-8DE3-F4CA6175550F}
		{9767C383-B58A-AB1E-4713-CF8FC5BA2B7E} = {9767C383-B58A-AB1E-4713-CF8FC5BA2B7E}
	EndProjectSection
EndProject
Project("{8BC9CEB8-8B4A-11D0-8D11-00A0C91BC942}") = "particle_system", "particle_system.vcxproj", "{E1D85D74-24E3-C2BE-8BF6-5727B1604F4A}"
	ProjectSection(ProjectDependencies) = postProject
		{40A1229C-43E3-9BDF-4631-09FCBCBA9924} = {40A1229C-43E3-9BDF-4631-09FCBCBA9924}
		{777AC703-C49D-E67C-F2EA-2BEDE272A25F} = {777AC703-C49D-E67C-F2EA-2BEDE272A25F}
		{D5D676ED-C189-2A6B-8DE3-F4CA6175550F} = {D5D676ED-C189-2A6B-8DE3-F4CA6175550F}
		{9767C383-B58A-AB1E-4713-CF8FC5BA2B7E} = {9767C383-B58A-AB1E-4713-CF8FC5BA2B7E}
	EndProjectSection
EndProject
Project("{8BC9CEB8-8B4A-11D0-8D11-00A0C91BC942}") = "post_sub_buffer", "post_sub_buffer.vcxproj", "{6633AF08-BADE-2C68-2017-D4F75DE9694B}"
	ProjectSection(ProjectDependencies) = postProject
		{40A1229C-43E3-9BDF-4631-09FCBCBA9924} = {40A1229C-43E3-9BDF-4631-09FCBCBA9924}
		{777AC703-C49D-E67C-F2EA-2BEDE272A25F} = {777AC703-C49D-E67C-F2EA-2BEDE272A25F}
		{D5D676ED-C189-2A6B-8DE3-F4CA6175550F} = {D5D676ED-C189-2A6B-8DE3-F4CA6175550F}
		{9767C383-B58A-AB1E-4713-CF8FC5BA2B7E} = {9767C383-B58A-AB1E-4713-CF8FC5BA2B7E}
	EndProjectSection
EndProject
Project("{8BC9CEB8-8B4A-11D0-8D11-00A0C91BC942}") = "preprocessor", "..\src\preprocessor.vcxproj", "{7642CFD5-F187-3E3F-F8FF-859949B9F13E}"
EndProject
Project("{8BC9CEB8-8B4A-11D0-8D11-00A0C91BC942}") = "sample_util", "sample_util.vcxproj", "{40A1229C-43E3-9BDF-4631-09FCBCBA9924}"
	ProjectSection(ProjectDependencies) = postProject
		{777AC703-C49D-E67C-F2EA-2BEDE272A25F} = {777AC703-C49D-E67C-F2EA-2BEDE272A25F}
		{D5D676ED-C189-2A6B-8DE3-F4CA6175550F} = {D5D676ED-C189-2A6B-8DE3-F4CA6175550F}
	EndProjectSection
EndProject
Project("{8BC9CEB8-8B4A-11D0-8D11-00A0C91BC942}") = "simple_instancing", "simple_instancing.vcxproj", "{98C323F1-AAAD-E200-732B-130B5FE42F28}"
	ProjectSection(ProjectDependencies) = postProject
		{40A1229C-43E3-9BDF-4631-09FCBCBA9924} = {40A1229C-43E3-9BDF-4631-09FCBCBA9924}
		{777AC703-C49D-E67C-F2EA-2BEDE272A25F} = {777AC703-C49D-E67C-F2EA-2BEDE272A25F}
		{D5D676ED-C189-2A6B-8DE3-F4CA6175550F} = {D5D676ED-C189-2A6B-8DE3-F4CA6175550F}
		{9767C383-B58A-AB1E-4713-CF8FC5BA2B7E} = {9767C383-B58A-AB1E-4713-CF8FC5BA2B7E}
	EndProjectSection
EndProject
Project("{8BC9CEB8-8B4A-11D0-8D11-00A0C91BC942}") = "simple_texture_2d", "simple_texture_2d.vcxproj", "{B78CD201-9348-EB6A-8D4D-0C327F80DA8B}"
	ProjectSection(ProjectDependencies) = postProject
		{40A1229C-43E3-9BDF-4631-09FCBCBA9924} = {40A1229C-43E3-9BDF-4631-09FCBCBA9924}
		{777AC703-C49D-E67C-F2EA-2BEDE272A25F} = {777AC703-C49D-E67C-F2EA-2BEDE272A25F}
		{D5D676ED-C189-2A6B-8DE3-F4CA6175550F} = {D5D676ED-C189-2A6B-8DE3-F4CA6175550F}
		{9767C383-B58A-AB1E-4713-CF8FC5BA2B7E} = {9767C383-B58A-AB1E-4713-CF8FC5BA2B7E}
	EndProjectSection
EndProject
Project("{8BC9CEB8-8B4A-11D0-8D11-00A0C91BC942}") = "simple_texture_cubemap", "simple_texture_cubemap.vcxproj", "{C407D429-0F1C-BE5D-8F80-F08469D9DFC3}"
	ProjectSection(ProjectDependencies) = postProject
		{40A1229C-43E3-9BDF-4631-09FCBCBA9924} = {40A1229C-43E3-9BDF-4631-09FCBCBA9924}
		{777AC703-C49D-E67C-F2EA-2BEDE272A25F} = {777AC703-C49D-E67C-F2EA-2BEDE272A25F}
		{D5D676ED-C189-2A6B-8DE3-F4CA6175550F} = {D5D676ED-C189-2A6B-8DE3-F4CA6175550F}
		{9767C383-B58A-AB1E-4713-CF8FC5BA2B7E} = {9767C383-B58A-AB1E-4713-CF8FC5BA2B7E}
	EndProjectSection
EndProject
Project("{8BC9CEB8-8B4A-11D0-8D11-00A0C91BC942}") = "simple_vertex_shader", "simple_vertex_shader.vcxproj", "{3B6C9A4F-60D0-0D71-9FAD-70E40A6B9241}"
	ProjectSection(ProjectDependencies) = postProject
		{40A1229C-43E3-9BDF-4631-09FCBCBA9924} = {40A1229C-43E3-9BDF-4631-09FCBCBA9924}
		{777AC703-C49D-E67C-F2EA-2BEDE272A25F} = {777AC703-C49D-E67C-F2EA-2BEDE272A25F}
		{D5D676ED-C189-2A6B-8DE3-F4CA6175550F} = {D5D676ED-C189-2A6B-8DE3-F4CA6175550F}
		{9767C383-B58A-AB1E-4713-CF8FC5BA2B7E} = {9767C383-B58A-AB1E-4713-CF8FC5BA2B7E}
	EndProjectSection
EndProject
Project("{8BC9CEB8-8B4A-11D0-8D11-00A0C91BC942}") = "stencil_operations", "stencil_operations.vcxproj", "{8C560510-F9F5-10F8-5F9C-A15647F7D234}"
	ProjectSection(ProjectDependencies) = postProject
		{40A1229C-43E3-9BDF-4631-09FCBCBA9924} = {40A1229C-43E3-9BDF-4631-09FCBCBA9924}
		{777AC703-C49D-E67C-F2EA-2BEDE272A25F} = {777AC703-C49D-E67C-F2EA-2BEDE272A25F}
		{D5D676ED-C189-2A6B-8DE3-F4CA6175550F} = {D5D676ED-C189-2A6B-8DE3-F4CA6175550F}
		{9767C383-B58A-AB1E-4713-CF8FC5BA2B7E} = {9767C383-B58A-AB1E-4713-CF8FC5BA2B7E}
	EndProjectSection
EndProject
Project("{8BC9CEB8-8B4A-11D0-8D11-00A0C91BC942}") = "tex_redef_microbench", "tex_redef_microbench.vcxproj", "{6C6F4C16-A57A-059D-F4AE-ED3E379924DB}"
	ProjectSection(ProjectDependencies) = postProject
		{40A1229C-43E3-9BDF-4631-09FCBCBA9924} = {40A1229C-43E3-9BDF-4631-09FCBCBA9924}
		{777AC703-C49D-E67C-F2EA-2BEDE272A25F} = {777AC703-C49D-E67C-F2EA-2BEDE272A25F}
		{D5D676ED-C189-2A6B-8DE3-F4CA6175550F} = {D5D676ED-C189-2A6B-8DE3-F4CA6175550F}
		{9767C383-B58A-AB1E-4713-CF8FC5BA2B7E} = {9767C383-B58A-AB1E-4713-CF8FC5BA2B7E}
	EndProjectSection
EndProject
Project("{8BC9CEB8-8B4A-11D0-8D11-00A0C91BC942}") = "texture_loading_dds", "texture_loading_dds.vcxproj", "{D81D7D37-47C6-7F0F-EF2E-C1D1EFB076E6}"
	ProjectSection(ProjectDependencies) = postProject
		{40A1229C-43E3-9BDF-4631-09FCBCBA9924} = {40A1229C-43E3-9BDF-4631-09FCBCBA9924}
		{777AC703-C49D-E67C-F2EA-2BEDE272A25F} = {777AC703-C49D-E67C-F2EA-2BEDE272A25F}
		{D5D676ED-C189-2A6B-8DE3-F4CA6175550F} = {D5D676ED-C189-2A6B-8DE3-F4CA6175550F}
		{9767C383-B58A-AB1E-4713-CF8FC5BA2B7E} = {9767C383-B58A-AB1E-4713-CF8FC5BA2B7E}
	EndProjectSection
EndProject
Project("{8BC9CEB8-8B4A-11D0-8D11-00A0C91BC942}") = "texture_loading_wic", "texture_loading_wic.vcxproj", "{A0522E0F-6F6F-3A36-81B8-3DCC71DD73F5}"
	ProjectSection(ProjectDependencies) = postProject
		{40A1229C-43E3-9BDF-4631-09FCBCBA9924} = {40A1229C-43E3-9BDF-4631-09FCBCBA9924}
		{777AC703-C49D-E67C-F2EA-2BEDE272A25F} = {777AC703-C49D-E67C-F2EA-2BEDE272A25F}
		{D5D676ED-C189-2A6B-8DE3-F4CA6175550F} = {D5D676ED-C189-2A6B-8DE3-F4CA6175550F}
		{9767C383-B58A-AB1E-4713-CF8FC5BA2B7E} = {9767C383-B58A-AB1E-4713-CF8FC5BA2B7E}
	EndProjectSection
EndProject
Project("{8BC9CEB8-8B4A-11D0-8D11-00A0C91BC942}") = "texture_wrap", "texture_wrap.vcxproj", "{48E2D2FB-F38E-3449-60F2-D4A11B0EED4A}"
	ProjectSection(ProjectDependencies) = postProject
		{40A1229C-43E3-9BDF-4631-09FCBCBA9924} = {40A1229C-43E3-9BDF-4631-09FCBCBA9924}
		{777AC703-C49D-E67C-F2EA-2BEDE272A25F} = {777AC703-C49D-E67C-F2EA-2BEDE272A25F}
		{D5D676ED-C189-2A6B-8DE3-F4CA6175550F} = {D5D676ED-C189-2A6B-8DE3-F4CA6175550F}
		{9767C383-B58A-AB1E-4713-CF8FC5BA2B7E} = {9767C383-B58A-AB1E-4713-CF8FC5BA2B7E}
	EndProjectSection
EndProject
Project("{8BC9CEB8-8B4A-11D0-8D11-00A0C91BC942}") = "translator_lib", "..\src\translator_lib.vcxproj", "{3FFF5710-D21B-35AE-D702-74BB256EF228}"
EndProject
Project("{8BC9CEB8-8B4A-11D0-8D11-00A0C91BC942}") = "translator_static", "..\src\translator_static.vcxproj", "{65BE9C8A-0FF1-A4B7-C81E-43801F64E13D}"
EndProject
Project("{8BC9CEB8-8B4A-11D0-8D11-00A0C91BC942}") = "tri_fan_microbench", "tri_fan_microbench.vcxproj", "{21154EBC-791C-953B-9B89-36CFAC0D3158}"
	ProjectSection(ProjectDependencies) = postProject
		{40A1229C-43E3-9BDF-4631-09FCBCBA9924} = {40A1229C-43E3-9BDF-4631-09FCBCBA9924}
		{777AC703-C49D-E67C-F2EA-2BEDE272A25F} = {777AC703-C49D-E67C-F2EA-2BEDE272A25F}
		{D5D676ED-C189-2A6B-8DE3-F4CA6175550F} = {D5D676ED-C189-2A6B-8DE3-F4CA6175550F}
		{9767C383-B58A-AB1E-4713-CF8FC5BA2B7E} = {9767C383-B58A-AB1E-4713-CF8FC5BA2B7E}
	EndProjectSection
EndProject
Global
	GlobalSection(SolutionConfigurationPlatforms) = preSolution
		Release|x64 = Release|x64
		Debug|Win32 = Debug|Win32
		Debug|x64 = Debug|x64
		Release|Win32 = Release|Win32
	EndGlobalSection
	GlobalSection(ProjectConfigurationPlatforms) = postSolution
		{1B48E1FA-F164-F21D-BA38-D53C2A3D11E0}.Release|x64.ActiveCfg = Release|x64
		{1B48E1FA-F164-F21D-BA38-D53C2A3D11E0}.Release|x64.Build.0 = Release|x64
		{1B48E1FA-F164-F21D-BA38-D53C2A3D11E0}.Debug|Win32.ActiveCfg = Debug|Win32
		{1B48E1FA-F164-F21D-BA38-D53C2A3D11E0}.Debug|Win32.Build.0 = Debug|Win32
		{1B48E1FA-F164-F21D-BA38-D53C2A3D11E0}.Debug|x64.ActiveCfg = Debug|x64
		{1B48E1FA-F164-F21D-BA38-D53C2A3D11E0}.Debug|x64.Build.0 = Debug|x64
		{1B48E1FA-F164-F21D-BA38-D53C2A3D11E0}.Release|Win32.ActiveCfg = Release|Win32
		{1B48E1FA-F164-F21D-BA38-D53C2A3D11E0}.Release|Win32.Build.0 = Release|Win32
		{21154EBC-791C-953B-9B89-36CFAC0D3158}.Release|x64.ActiveCfg = Release|x64
		{21154EBC-791C-953B-9B89-36CFAC0D3158}.Release|x64.Build.0 = Release|x64
		{21154EBC-791C-953B-9B89-36CFAC0D3158}.Debug|Win32.ActiveCfg = Debug|Win32
		{21154EBC-791C-953B-9B89-36CFAC0D3158}.Debug|Win32.Build.0 = Debug|Win32
		{21154EBC-791C-953B-9B89-36CFAC0D3158}.Debug|x64.ActiveCfg = Debug|x64
		{21154EBC-791C-953B-9B89-36CFAC0D3158}.Debug|x64.Build.0 = Debug|x64
		{21154EBC-791C-953B-9B89-36CFAC0D3158}.Release|Win32.ActiveCfg = Release|Win32
		{21154EBC-791C-953B-9B89-36CFAC0D3158}.Release|Win32.Build.0 = Release|Win32
		{3A46013C-B640-778D-0A72-AD5B5DA3DDDD}.Release|x64.ActiveCfg = Release|x64
		{3A46013C-B640-778D-0A72-AD5B5DA3DDDD}.Release|x64.Build.0 = Release|x64
		{3A46013C-B640-778D-0A72-AD5B5DA3DDDD}.Debug|Win32.ActiveCfg = Debug|Win32
		{3A46013C-B640-778D-0A72-AD5B5DA3DDDD}.Debug|Win32.Build.0 = Debug|Win32
		{3A46013C-B640-778D-0A72-AD5B5DA3DDDD}.Debug|x64.ActiveCfg = Debug|x64
		{3A46013C-B640-778D-0A72-AD5B5DA3DDDD}.Debug|x64.Build.0 = Debug|x64
		{3A46013C-B640-778D-0A72-AD5B5DA3DDDD}.Release|Win32.ActiveCfg = Release|Win32
		{3A46013C-B640-778D-0A72-AD5B5DA3DDDD}.Release|Win32.Build.0 = Release|Win32
		{3B6C9A4F-60D0-0D71-9FAD-70E40A6B9241}.Release|x64.ActiveCfg = Release|x64
		{3B6C9A4F-60D0-0D71-9FAD-70E40A6B9241}.Release|x64.Build.0 = Release|x64
		{3B6C9A4F-60D0-0D71-9FAD-70E40A6B9241}.Debug|Win32.ActiveCfg = Debug|Win32
		{3B6C9A4F-60D0-0D71-9FAD-70E40A6B9241}.Debug|Win32.Build.0 = Debug|Win32
		{3B6C9A4F-60D0-0D71-9FAD-70E40A6B9241}.Debug|x64.ActiveCfg = Debug|x64
		{3B6C9A4F-60D0-0D71-9FAD-70E40A6B9241}.Debug|x64.Build.0 = Debug|x64
		{3B6C9A4F-60D0-0D71-9FAD-70E40A6B9241}.Release|Win32.ActiveCfg = Release|Win32
		{3B6C9A4F-60D0-0D71-9FAD-70E40A6B9241}.Release|Win32.Build.0 = Release|Win32
		{3FB466F5-09FA-1D72-2AEB-7EC7BE7EE322}.Release|x64.ActiveCfg = Release|x64
		{3FB466F5-09FA-1D72-2AEB-7EC7BE7EE322}.Release|x64.Build.0 = Release|x64
		{3FB466F5-09FA-1D72-2AEB-7EC7BE7EE322}.Debug|Win32.ActiveCfg = Debug|Win32
		{3FB466F5-09FA-1D72-2AEB-7EC7BE7EE322}.Debug|Win32.Build.0 = Debug|Win32
		{3FB466F5-09FA-1D72-2AEB-7EC7BE7EE322}.Debug|x64.ActiveCfg = Debug|x64
		{3FB466F5-09FA-1D72-2AEB-7EC7BE7EE322}.Debug|x64.Build.0 = Debug|x64
		{3FB466F5-09FA-1D72-2AEB-7EC7BE7EE322}.Release|Win32.ActiveCfg = Release|Win32
		{3FB466F5-09FA-1D72-2AEB-7EC7BE7EE322}.Release|Win32.Build.0 = Release|Win32
		{3FFF5710-D21B-35AE-D702-74BB256EF228}.Release|x64.ActiveCfg = Release|x64
		{3FFF5710-D21B-35AE-D702-74BB256EF228}.Release|x64.Build.0 = Release|x64
		{3FFF5710-D21B-35AE-D702-74BB256EF228}.Debug|Win32.ActiveCfg = Debug|Win32
		{3FFF5710-D21B-35AE-D702-74BB256EF228}.Debug|Win32.Build.0 = Debug|Win32
		{3FFF5710-D21B-35AE-D702-74BB256EF228}.Debug|x64.ActiveCfg = Debug|x64
		{3FFF5710-D21B-35AE-D702-74BB256EF228}.Debug|x64.Build.0 = Debug|x64
		{3FFF5710-D21B-35AE-D702-74BB256EF228}.Release|Win32.ActiveCfg = Release|Win32
		{3FFF5710-D21B-35AE-D702-74BB256EF228}.Release|Win32.Build.0 = Release|Win32
		{40A1229C-43E3-9BDF-4631-09FCBCBA9924}.Release|x64.ActiveCfg = Release|x64
		{40A1229C-43E3-9BDF-4631-09FCBCBA9924}.Release|x64.Build.0 = Release|x64
		{40A1229C-43E3-9BDF-4631-09FCBCBA9924}.Debug|Win32.ActiveCfg = Debug|Win32
		{40A1229C-43E3-9BDF-4631-09FCBCBA9924}.Debug|Win32.Build.0 = Debug|Win32
		{40A1229C-43E3-9BDF-4631-09FCBCBA9924}.Debug|x64.ActiveCfg = Debug|x64
		{40A1229C-43E3-9BDF-4631-09FCBCBA9924}.Debug|x64.Build.0 = Debug|x64
		{40A1229C-43E3-9BDF-4631-09FCBCBA9924}.Release|Win32.ActiveCfg = Release|Win32
		{40A1229C-43E3-9BDF-4631-09FCBCBA9924}.Release|Win32.Build.0 = Release|Win32
		{47A3E249-4072-CEAC-C824-93730F91967A}.Release|x64.ActiveCfg = Release|x64
		{47A3E249-4072-CEAC-C824-93730F91967A}.Release|x64.Build.0 = Release|x64
		{47A3E249-4072-CEAC-C824-93730F91967A}.Debug|Win32.ActiveCfg = Debug|Win32
		{47A3E249-4072-CEAC-C824-93730F91967A}.Debug|Win32.Build.0 = Debug|Win32
		{47A3E249-4072-CEAC-C824-93730F91967A}.Debug|x64.ActiveCfg = Debug|x64
		{47A3E249-4072-CEAC-C824-93730F91967A}.Debug|x64.Build.0 = Debug|x64
		{47A3E249-4072-CEAC-C824-93730F91967A}.Release|Win32.ActiveCfg = Release|Win32
		{47A3E249-4072-CEAC-C824-93730F91967A}.Release|Win32.Build.0 = Release|Win32
		{48E2D2FB-F38E-3449-60F2-D4A11B0EED4A}.Release|x64.ActiveCfg = Release|x64
		{48E2D2FB-F38E-3449-60F2-D4A11B0EED4A}.Release|x64.Build.0 = Release|x64
		{48E2D2FB-F38E-3449-60F2-D4A11B0EED4A}.Debug|Win32.ActiveCfg = Debug|Win32
		{48E2D2FB-F38E-3449-60F2-D4A11B0EED4A}.Debug|Win32.Build.0 = Debug|Win32
		{48E2D2FB-F38E-3449-60F2-D4A11B0EED4A}.Debug|x64.ActiveCfg = Debug|x64
		{48E2D2FB-F38E-3449-60F2-D4A11B0EED4A}.Debug|x64.Build.0 = Debug|x64
		{48E2D2FB-F38E-3449-60F2-D4A11B0EED4A}.Release|Win32.ActiveCfg = Release|Win32
		{48E2D2FB-F38E-3449-60F2-D4A11B0EED4A}.Release|Win32.Build.0 = Release|Win32
		{65BE9C8A-0FF1-A4B7-C81E-43801F64E13D}.Release|x64.ActiveCfg = Release|x64
		{65BE9C8A-0FF1-A4B7-C81E-43801F64E13D}.Release|x64.Build.0 = Release|x64
		{65BE9C8A-0FF1-A4B7-C81E-43801F64E13D}.Debug|Win32.ActiveCfg = Debug|Win32
		{65BE9C8A-0FF1-A4B7-C81E-43801F64E13D}.Debug|Win32.Build.0 = Debug|Win32
		{65BE9C8A-0FF1-A4B7-C81E-43801F64E13D}.Debug|x64.ActiveCfg = Debug|x64
		{65BE9C8A-0FF1-A4B7-C81E-43801F64E13D}.Debug|x64.Build.0 = Debug|x64
		{65BE9C8A-0FF1-A4B7-C81E-43801F64E13D}.Release|Win32.ActiveCfg = Release|Win32
		{65BE9C8A-0FF1-A4B7-C81E-43801F64E13D}.Release|Win32.Build.0 = Release|Win32
		{6633AF08-BADE-2C68-2017-D4F75DE9694B}.Release|x64.ActiveCfg = Release|x64
		{6633AF08-BADE-2C68-2017-D4F75DE9694B}.Release|x64.Build.0 = Release|x64
		{6633AF08-BADE-2C68-2017-D4F75DE9694B}.Debug|Win32.ActiveCfg = Debug|Win32
		{6633AF08-BADE-2C68-2017-D4F75DE9694B}.Debug|Win32.Build.0 = Debug|Win32
		{6633AF08-BADE-2C68-2017-D4F75DE9694B}.Debug|x64.ActiveCfg = Debug|x64
		{6633AF08-BADE-2C68-2017-D4F75DE9694B}.Debug|x64.Build.0 = Debug|x64
		{6633AF08-BADE-2C68-2017-D4F75DE9694B}.Release|Win32.ActiveCfg = Release|Win32
		{6633AF08-BADE-2C68-2017-D4F75DE9694B}.Release|Win32.Build.0 = Release|Win32
		{6C6F4C16-A57A-059D-F4AE-ED3E379924DB}.Release|x64.ActiveCfg = Release|x64
		{6C6F4C16-A57A-059D-F4AE-ED3E379924DB}.Release|x64.Build.0 = Release|x64
		{6C6F4C16-A57A-059D-F4AE-ED3E379924DB}.Debug|Win32.ActiveCfg = Debug|Win32
		{6C6F4C16-A57A-059D-F4AE-ED3E379924DB}.Debug|Win32.Build.0 = Debug|Win32
		{6C6F4C16-A57A-059D-F4AE-ED3E379924DB}.Debug|x64.ActiveCfg = Debug|x64
		{6C6F4C16-A57A-059D-F4AE-ED3E379924DB}.Debug|x64.Build.0 = Debug|x64
		{6C6F4C16-A57A-059D-F4AE-ED3E379924DB}.Release|Win32.ActiveCfg = Release|Win32
		{6C6F4C16-A57A-059D-F4AE-ED3E379924DB}.Release|Win32.Build.0 = Release|Win32
		{6CCCC557-DFA3-68D4-31FA-1EFB0C5F37B2}.Release|x64.ActiveCfg = Release|x64
		{6CCCC557-DFA3-68D4-31FA-1EFB0C5F37B2}.Release|x64.Build.0 = Release|x64
		{6CCCC557-DFA3-68D4-31FA-1EFB0C5F37B2}.Debug|Win32.ActiveCfg = Debug|Win32
		{6CCCC557-DFA3-68D4-31FA-1EFB0C5F37B2}.Debug|Win32.Build.0 = Debug|Win32
		{6CCCC557-DFA3-68D4-31FA-1EFB0C5F37B2}.Debug|x64.ActiveCfg = Debug|x64
		{6CCCC557-DFA3-68D4-31FA-1EFB0C5F37B2}.Debug|x64.Build.0 = Debug|x64
		{6CCCC557-DFA3-68D4-31FA-1EFB0C5F37B2}.Release|Win32.ActiveCfg = Release|Win32
		{6CCCC557-DFA3-68D4-31FA-1EFB0C5F37B2}.Release|Win32.Build.0 = Release|Win32
		{7642CFD5-F187-3E3F-F8FF-859949B9F13E}.Release|x64.ActiveCfg = Release|x64
		{7642CFD5-F187-3E3F-F8FF-859949B9F13E}.Release|x64.Build.0 = Release|x64
		{7642CFD5-F187-3E3F-F8FF-859949B9F13E}.Debug|Win32.ActiveCfg = Debug|Win32
		{7642CFD5-F187-3E3F-F8FF-859949B9F13E}.Debug|Win32.Build.0 = Debug|Win32
		{7642CFD5-F187-3E3F-F8FF-859949B9F13E}.Debug|x64.ActiveCfg = Debug|x64
		{7642CFD5-F187-3E3F-F8FF-859949B9F13E}.Debug|x64.Build.0 = Debug|x64
		{7642CFD5-F187-3E3F-F8FF-859949B9F13E}.Release|Win32.ActiveCfg = Release|Win32
		{7642CFD5-F187-3E3F-F8FF-859949B9F13E}.Release|Win32.Build.0 = Release|Win32
		{777AC703-C49D-E67C-F2EA-2BEDE272A25F}.Release|x64.ActiveCfg = Release|x64
		{777AC703-C49D-E67C-F2EA-2BEDE272A25F}.Release|x64.Build.0 = Release|x64
		{777AC703-C49D-E67C-F2EA-2BEDE272A25F}.Debug|Win32.ActiveCfg = Debug|Win32
		{777AC703-C49D-E67C-F2EA-2BEDE272A25F}.Debug|Win32.Build.0 = Debug|Win32
		{777AC703-C49D-E67C-F2EA-2BEDE272A25F}.Debug|x64.ActiveCfg = Debug|x64
		{777AC703-C49D-E67C-F2EA-2BEDE272A25F}.Debug|x64.Build.0 = Debug|x64
		{777AC703-C49D-E67C-F2EA-2BEDE272A25F}.Release|Win32.ActiveCfg = Release|Win32
		{777AC703-C49D-E67C-F2EA-2BEDE272A25F}.Release|Win32.Build.0 = Release|Win32
		{77BF5E61-D417-460B-3577-C6DB11F1C835}.Release|x64.ActiveCfg = Release|x64
		{77BF5E61-D417-460B-3577-C6DB11F1C835}.Release|x64.Build.0 = Release|x64
		{77BF5E61-D417-460B-3577-C6DB11F1C835}.Debug|Win32.ActiveCfg = Debug|Win32
		{77BF5E61-D417-460B-3577-C6DB11F1C835}.Debug|Win32.Build.0 = Debug|Win32
		{77BF5E61-D417-460B-3577-C6DB11F1C835}.Debug|x64.ActiveCfg = Debug|x64
		{77BF5E61-D417-460B-3577-C6DB11F1C835}.Debug|x64.Build.0 = Debug|x64
		{77BF5E61-D417-460B-3577-C6DB11F1C835}.Release|Win32.ActiveCfg = Release|Win32
		{77BF5E61-D417-460B-3577-C6DB11F1C835}.Release|Win32.Build.0 = Release|Win32
		{7AB4B0C9-D974-3A65-ED87-61816B6917CB}.Release|x64.ActiveCfg = Release|x64
		{7AB4B0C9-D974-3A65-ED87-61816B6917CB}.Release|x64.Build.0 = Release|x64
		{7AB4B0C9-D974-3A65-ED87-61816B6917CB}.Debug|Win32.ActiveCfg = Debug|Win32
		{7AB4B0C9-D974-3A65-ED87-61816B6917CB}.Debug|Win32.Build.0 = Debug|Win32
		{7AB4B0C9-D974-3A65-ED87-61816B6917CB}.Debug|x64.ActiveCfg = Debug|x64
		{7AB4B0C9-D974-3A65-ED87-61816B6917CB}.Debug|x64.Build.0 = Debug|x64
		{7AB4B0C9-D974-3A65-ED87-61816B6917CB}.Release|Win32.ActiveCfg = Release|Win32
		{7AB4B0C9-D974-3A65-ED87-61816B6917CB}.Release|Win32.Build.0 = Release|Win32
		{849D6AB5-9713-E302-D4B5-C6E1DA8F3ABF}.Release|x64.ActiveCfg = Release|x64
		{849D6AB5-9713-E302-D4B5-C6E1DA8F3ABF}.Release|x64.Build.0 = Release|x64
		{849D6AB5-9713-E302-D4B5-C6E1DA8F3ABF}.Debug|Win32.ActiveCfg = Debug|Win32
		{849D6AB5-9713-E302-D4B5-C6E1DA8F3ABF}.Debug|Win32.Build.0 = Debug|Win32
		{849D6AB5-9713-E302-D4B5-C6E1DA8F3ABF}.Debug|x64.ActiveCfg = Debug|x64
		{849D6AB5-9713-E302-D4B5-C6E1DA8F3ABF}.Debug|x64.Build.0 = Debug|x64
		{849D6AB5-9713-E302-D4B5-C6E1DA8F3ABF}.Release|Win32.ActiveCfg = Release|Win32
		{849D6AB5-9713-E302-D4B5-C6E1DA8F3ABF}.Release|Win32.Build.0 = Release|Win32
		{8542F0DD-960F-568F-4A42-29BE80FE20EC}.Release|x64.ActiveCfg = Release|x64
		{8542F0DD-960F-568F-4A42-29BE80FE20EC}.Release|x64.Build.0 = Release|x64
		{8542F0DD-960F-568F-4A42-29BE80FE20EC}.Debug|Win32.ActiveCfg = Debug|Win32
		{8542F0DD-960F-568F-4A42-29BE80FE20EC}.Debug|Win32.Build.0 = Debug|Win32
		{8542F0DD-960F-568F-4A42-29BE80FE20EC}.Debug|x64.ActiveCfg = Debug|x64
		{8542F0DD-960F-568F-4A42-29BE80FE20EC}.Debug|x64.Build.0 = Debug|x64
		{8542F0DD-960F-568F-4A42-29BE80FE20EC}.Release|Win32.ActiveCfg = Release|Win32
		{8542F0DD-960F-568F-4A42-29BE80FE20EC}.Release|Win32.Build.0 = Release|Win32
		{8C560510-F9F5-10F8-5F9C-A15647F7D234}.Release|x64.ActiveCfg = Release|x64
		{8C560510-F9F5-10F8-5F9C-A15647F7D234}.Release|x64.Build.0 = Release|x64
		{8C560510-F9F5-10F8-5F9C-A15647F7D234}.Debug|Win32.ActiveCfg = Debug|Win32
		{8C560510-F9F5-10F8-5F9C-A15647F7D234}.Debug|Win32.Build.0 = Debug|Win32
		{8C560510-F9F5-10F8-5F9C-A15647F7D234}.Debug|x64.ActiveCfg = Debug|x64
		{8C560510-F9F5-10F8-5F9C-A15647F7D234}.Debug|x64.Build.0 = Debug|x64
		{8C560510-F9F5-10F8-5F9C-A15647F7D234}.Release|Win32.ActiveCfg = Release|Win32
		{8C560510-F9F5-10F8-5F9C-A15647F7D234}.Release|Win32.Build.0 = Release|Win32
		{9767C383-B58A-AB1E-4713-CF8FC5BA2B7E}.Release|x64.ActiveCfg = Release|x64
		{9767C383-B58A-AB1E-4713-CF8FC5BA2B7E}.Release|x64.Build.0 = Release|x64
		{9767C383-B58A-AB1E-4713-CF8FC5BA2B7E}.Debug|Win32.ActiveCfg = Debug|Win32
		{9767C383-B58A-AB1E-4713-CF8FC5BA2B7E}.Debug|Win32.Build.0 = Debug|Win32
		{9767C383-B58A-AB1E-4713-CF8FC5BA2B7E}.Debug|x64.ActiveCfg = Debug|x64
		{9767C383-B58A-AB1E-4713-CF8FC5BA2B7E}.Debug|x64.Build.0 = Debug|x64
		{9767C383-B58A-AB1E-4713-CF8FC5BA2B7E}.Release|Win32.ActiveCfg = Release|Win32
		{9767C383-B58A-AB1E-4713-CF8FC5BA2B7E}.Release|Win32.Build.0 = Release|Win32
		{98C323F1-AAAD-E200-732B-130B5FE42F28}.Release|x64.ActiveCfg = Release|x64
		{98C323F1-AAAD-E200-732B-130B5FE42F28}.Release|x64.Build.0 = Release|x64
		{98C323F1-AAAD-E200-732B-130B5FE42F28}.Debug|Win32.ActiveCfg = Debug|Win32
		{98C323F1-AAAD-E200-732B-130B5FE42F28}.Debug|Win32.Build.0 = Debug|Win32
		{98C323F1-AAAD-E200-732B-130B5FE42F28}.Debug|x64.ActiveCfg = Debug|x64
		{98C323F1-AAAD-E200-732B-130B5FE42F28}.Debug|x64.Build.0 = Debug|x64
		{98C323F1-AAAD-E200-732B-130B5FE42F28}.Release|Win32.ActiveCfg = Release|Win32
		{98C323F1-AAAD-E200-732B-130B5FE42F28}.Release|Win32.Build.0 = Release|Win32
		{A0522E0F-6F6F-3A36-81B8-3DCC71DD73F5}.Release|x64.ActiveCfg = Release|x64
		{A0522E0F-6F6F-3A36-81B8-3DCC71DD73F5}.Release|x64.Build.0 = Release|x64
		{A0522E0F-6F6F-3A36-81B8-3DCC71DD73F5}.Debug|Win32.ActiveCfg = Debug|Win32
		{A0522E0F-6F6F-3A36-81B8-3DCC71DD73F5}.Debug|Win32.Build.0 = Debug|Win32
		{A0522E0F-6F6F-3A36-81B8-3DCC71DD73F5}.Debug|x64.ActiveCfg = Debug|x64
		{A0522E0F-6F6F-3A36-81B8-3DCC71DD73F5}.Debug|x64.Build.0 = Debug|x64
		{A0522E0F-6F6F-3A36-81B8-3DCC71DD73F5}.Release|Win32.ActiveCfg = Release|Win32
		{A0522E0F-6F6F-3A36-81B8-3DCC71DD73F5}.Release|Win32.Build.0 = Release|Win32
		{B78CD201-9348-EB6A-8D4D-0C327F80DA8B}.Release|x64.ActiveCfg = Release|x64
		{B78CD201-9348-EB6A-8D4D-0C327F80DA8B}.Release|x64.Build.0 = Release|x64
		{B78CD201-9348-EB6A-8D4D-0C327F80DA8B}.Debug|Win32.ActiveCfg = Debug|Win32
		{B78CD201-9348-EB6A-8D4D-0C327F80DA8B}.Debug|Win32.Build.0 = Debug|Win32
		{B78CD201-9348-EB6A-8D4D-0C327F80DA8B}.Debug|x64.ActiveCfg = Debug|x64
		{B78CD201-9348-EB6A-8D4D-0C327F80DA8B}.Debug|x64.Build.0 = Debug|x64
		{B78CD201-9348-EB6A-8D4D-0C327F80DA8B}.Release|Win32.ActiveCfg = Release|Win32
		{B78CD201-9348-EB6A-8D4D-0C327F80DA8B}.Release|Win32.Build.0 = Release|Win32
		{C407D429-0F1C-BE5D-8F80-F08469D9DFC3}.Release|x64.ActiveCfg = Release|x64
		{C407D429-0F1C-BE5D-8F80-F08469D9DFC3}.Release|x64.Build.0 = Release|x64
		{C407D429-0F1C-BE5D-8F80-F08469D9DFC3}.Debug|Win32.ActiveCfg = Debug|Win32
		{C407D429-0F1C-BE5D-8F80-F08469D9DFC3}.Debug|Win32.Build.0 = Debug|Win32
		{C407D429-0F1C-BE5D-8F80-F08469D9DFC3}.Debug|x64.ActiveCfg = Debug|x64
		{C407D429-0F1C-BE5D-8F80-F08469D9DFC3}.Debug|x64.Build.0 = Debug|x64
		{C407D429-0F1C-BE5D-8F80-F08469D9DFC3}.Release|Win32.ActiveCfg = Release|Win32
		{C407D429-0F1C-BE5D-8F80-F08469D9DFC3}.Release|Win32.Build.0 = Release|Win32
		{D51F95B2-D343-6B88-7902-C392ACC99260}.Release|x64.ActiveCfg = Release|x64
		{D51F95B2-D343-6B88-7902-C392ACC99260}.Release|x64.Build.0 = Release|x64
		{D51F95B2-D343-6B88-7902-C392ACC99260}.Debug|Win32.ActiveCfg = Debug|Win32
		{D51F95B2-D343-6B88-7902-C392ACC99260}.Debug|Win32.Build.0 = Debug|Win32
		{D51F95B2-D343-6B88-7902-C392ACC99260}.Debug|x64.ActiveCfg = Debug|x64
		{D51F95B2-D343-6B88-7902-C392ACC99260}.Debug|x64.Build.0 = Debug|x64
		{D51F95B2-D343-6B88-7902-C392ACC99260}.Release|Win32.ActiveCfg = Release|Win32
		{D51F95B2-D343-6B88-7902-C392ACC99260}.Release|Win32.Build.0 = Release|Win32
		{D5D676ED-C189-2A6B-8DE3-F4CA6175550F}.Release|x64.ActiveCfg = Release|x64
		{D5D676ED-C189-2A6B-8DE3-F4CA6175550F}.Release|x64.Build.0 = Release|x64
		{D5D676ED-C189-2A6B-8DE3-F4CA6175550F}.Debug|Win32.ActiveCfg = Debug|Win32
		{D5D676ED-C189-2A6B-8DE3-F4CA6175550F}.Debug|Win32.Build.0 = Debug|Win32
		{D5D676ED-C189-2A6B-8DE3-F4CA6175550F}.Debug|x64.ActiveCfg = Debug|x64
		{D5D676ED-C189-2A6B-8DE3-F4CA6175550F}.Debug|x64.Build.0 = Debug|x64
		{D5D676ED-C189-2A6B-8DE3-F4CA6175550F}.Release|Win32.ActiveCfg = Release|Win32
		{D5D676ED-C189-2A6B-8DE3-F4CA6175550F}.Release|Win32.Build.0 = Release|Win32
		{D81D7D37-47C6-7F0F-EF2E-C1D1EFB076E6}.Release|x64.ActiveCfg = Release|x64
		{D81D7D37-47C6-7F0F-EF2E-C1D1EFB076E6}.Release|x64.Build.0 = Release|x64
		{D81D7D37-47C6-7F0F-EF2E-C1D1EFB076E6}.Debug|Win32.ActiveCfg = Debug|Win32
		{D81D7D37-47C6-7F0F-EF2E-C1D1EFB076E6}.Debug|Win32.Build.0 = Debug|Win32
		{D81D7D37-47C6-7F0F-EF2E-C1D1EFB076E6}.Debug|x64.ActiveCfg = Debug|x64
		{D81D7D37-47C6-7F0F-EF2E-C1D1EFB076E6}.Debug|x64.Build.0 = Debug|x64
		{D81D7D37-47C6-7F0F-EF2E-C1D1EFB076E6}.Release|Win32.ActiveCfg = Release|Win32
		{D81D7D37-47C6-7F0F-EF2E-C1D1EFB076E6}.Release|Win32.Build.0 = Release|Win32
		{E1D85D74-24E3-C2BE-8BF6-5727B1604F4A}.Release|x64.ActiveCfg = Release|x64
		{E1D85D74-24E3-C2BE-8BF6-5727B1604F4A}.Release|x64.Build.0 = Release|x64
		{E1D85D74-24E3-C2BE-8BF6-5727B1604F4A}.Debug|Win32.ActiveCfg = Debug|Win32
		{E1D85D74-24E3-C2BE-8BF6-5727B1604F4A}.Debug|Win32.Build.0 = Debug|Win32
		{E1D85D74-24E3-C2BE-8BF6-5727B1604F4A}.Debug|x64.ActiveCfg = Debug|x64
		{E1D85D74-24E3-C2BE-8BF6-5727B1604F4A}.Debug|x64.Build.0 = Debug|x64
		{E1D85D74-24E3-C2BE-8BF6-5727B1604F4A}.Release|Win32.ActiveCfg = Release|Win32
		{E1D85D74-24E3-C2BE-8BF6-5727B1604F4A}.Release|Win32.Build.0 = Release|Win32
		{FC40D481-9BE0-9D33-D41D-29AB73012A9C}.Release|x64.ActiveCfg = Release|x64
		{FC40D481-9BE0-9D33-D41D-29AB73012A9C}.Release|x64.Build.0 = Release|x64
		{FC40D481-9BE0-9D33-D41D-29AB73012A9C}.Debug|Win32.ActiveCfg = Debug|Win32
		{FC40D481-9BE0-9D33-D41D-29AB73012A9C}.Debug|Win32.Build.0 = Debug|Win32
		{FC40D481-9BE0-9D33-D41D-29AB73012A9C}.Debug|x64.ActiveCfg = Debug|x64
		{FC40D481-9BE0-9D33-D41D-29AB73012A9C}.Debug|x64.Build.0 = Debug|x64
		{FC40D481-9BE0-9D33-D41D-29AB73012A9C}.Release|Win32.ActiveCfg = Release|Win32
		{FC40D481-9BE0-9D33-D41D-29AB73012A9C}.Release|Win32.Build.0 = Release|Win32
		{FFF96E0C-3EBD-BF28-5334-39F494EB02A1}.Release|x64.ActiveCfg = Release|x64
		{FFF96E0C-3EBD-BF28-5334-39F494EB02A1}.Release|x64.Build.0 = Release|x64
		{FFF96E0C-3EBD-BF28-5334-39F494EB02A1}.Debug|Win32.ActiveCfg = Debug|Win32
		{FFF96E0C-3EBD-BF28-5334-39F494EB02A1}.Debug|Win32.Build.0 = Debug|Win32
		{FFF96E0C-3EBD-BF28-5334-39F494EB02A1}.Debug|x64.ActiveCfg = Debug|x64
		{FFF96E0C-3EBD-BF28-5334-39F494EB02A1}.Debug|x64.Build.0 = Debug|x64
		{FFF96E0C-3EBD-BF28-5334-39F494EB02A1}.Release|Win32.ActiveCfg = Release|Win32
		{FFF96E0C-3EBD-BF28-5334-39F494EB02A1}.Release|Win32.Build.0 = Release|Win32
	EndGlobalSection
	GlobalSection(SolutionProperties) = preSolution
		HideSolutionNode = FALSE
	EndGlobalSection
	GlobalSection(NestedProjects) = preSolution
		{FC40D481-9BE0-9D33-D41D-29AB73012A9C} = {F3BC0D42-B0CF-B5A5-CB24-2A332226E744}
		{77BF5E61-D417-460B-3577-C6DB11F1C835} = {F3BC0D42-B0CF-B5A5-CB24-2A332226E744}
		{1B48E1FA-F164-F21D-BA38-D53C2A3D11E0} = {F3BC0D42-B0CF-B5A5-CB24-2A332226E744}
		{849D6AB5-9713-E302-D4B5-C6E1DA8F3ABF} = {F3BC0D42-B0CF-B5A5-CB24-2A332226E744}
		{3FB466F5-09FA-1D72-2AEB-7EC7BE7EE322} = {F3BC0D42-B0CF-B5A5-CB24-2A332226E744}
		{8542F0DD-960F-568F-4A42-29BE80FE20EC} = {F3BC0D42-B0CF-B5A5-CB24-2A332226E744}
		{FFF96E0C-3EBD-BF28-5334-39F494EB02A1} = {F3BC0D42-B0CF-B5A5-CB24-2A332226E744}
		{E1D85D74-24E3-C2BE-8BF6-5727B1604F4A} = {F3BC0D42-B0CF-B5A5-CB24-2A332226E744}
		{6633AF08-BADE-2C68-2017-D4F75DE9694B} = {F3BC0D42-B0CF-B5A5-CB24-2A332226E744}
		{40A1229C-43E3-9BDF-4631-09FCBCBA9924} = {F3BC0D42-B0CF-B5A5-CB24-2A332226E744}
		{98C323F1-AAAD-E200-732B-130B5FE42F28} = {F3BC0D42-B0CF-B5A5-CB24-2A332226E744}
		{B78CD201-9348-EB6A-8D4D-0C327F80DA8B} = {F3BC0D42-B0CF-B5A5-CB24-2A332226E744}
		{C407D429-0F1C-BE5D-8F80-F08469D9DFC3} = {F3BC0D42-B0CF-B5A5-CB24-2A332226E744}
		{3B6C9A4F-60D0-0D71-9FAD-70E40A6B9241} = {F3BC0D42-B0CF-B5A5-CB24-2A332226E744}
		{8C560510-F9F5-10F8-5F9C-A15647F7D234} = {F3BC0D42-B0CF-B5A5-CB24-2A332226E744}
		{6C6F4C16-A57A-059D-F4AE-ED3E379924DB} = {F3BC0D42-B0CF-B5A5-CB24-2A332226E744}
		{D81D7D37-47C6-7F0F-EF2E-C1D1EFB076E6} = {F3BC0D42-B0CF-B5A5-CB24-2A332226E744}
		{A0522E0F-6F6F-3A36-81B8-3DCC71DD73F5} = {F3BC0D42-B0CF-B5A5-CB24-2A332226E744}
		{48E2D2FB-F38E-3449-60F2-D4A11B0EED4A} = {F3BC0D42-B0CF-B5A5-CB24-2A332226E744}
		{21154EBC-791C-953B-9B89-36CFAC0D3158} = {F3BC0D42-B0CF-B5A5-CB24-2A332226E744}
		{7AB4B0C9-D974-3A65-ED87-61816B6917CB} = {607B4E81-FB72-43DF-177C-C1403E500480}
		{6CCCC557-DFA3-68D4-31FA-1EFB0C5F37B2} = {607B4E81-FB72-43DF-177C-C1403E500480}
		{47A3E249-4072-CEAC-C824-93730F91967A} = {607B4E81-FB72-43DF-177C-C1403E500480}
		{3A46013C-B640-778D-0A72-AD5B5DA3DDDD} = {607B4E81-FB72-43DF-177C-C1403E500480}
		{D51F95B2-D343-6B88-7902-C392ACC99260} = {607B4E81-FB72-43DF-177C-C1403E500480}
		{777AC703-C49D-E67C-F2EA-2BEDE272A25F} = {607B4E81-FB72-43DF-177C-C1403E500480}
		{D5D676ED-C189-2A6B-8DE3-F4CA6175550F} = {607B4E81-FB72-43DF-177C-C1403E500480}
		{7642CFD5-F187-3E3F-F8FF-859949B9F13E} = {607B4E81-FB72-43DF-177C-C1403E500480}
		{3FFF5710-D21B-35AE-D702-74BB256EF228} = {607B4E81-FB72-43DF-177C-C1403E500480}
		{65BE9C8A-0FF1-A4B7-C81E-43801F64E13D} = {607B4E81-FB72-43DF-177C-C1403E500480}
		{9767C383-B58A-AB1E-4713-CF8FC5BA2B7E} = {593E5771-A9CE-7BB4-6B2B-2AE6F616D6F6}
	EndGlobalSection
EndGlobal
