Microsoft Visual Studio Solution File, Format Version 13.00
# Visual Studio 2013
Project("{8BC9CEB8-8B4A-11D0-8D11-00A0C91BC942}") = "angle_common", "..\src\angle_common.vcxproj", "{5442C93D-0283-2C1B-09AE-11AC691C0A3C}"
EndProject
Project("{8BC9CEB8-8B4A-11D0-8D11-00A0C91BC942}") = "angle_end2end_tests", "angle_end2end_tests.vcxproj", "{170BD825-1CAF-30D4-9E35-E1C4A578613C}"
	ProjectSection(ProjectDependencies) = postProject
		{141F497D-6DDF-00D4-E8F2-D46A16CC5DC2} = {141F497D-6DDF-00D4-E8F2-D46A16CC5DC2}
		{B57040E7-2782-799E-836B-97555FA06277} = {B57040E7-2782-799E-836B-97555FA06277}
		{04B0A7C9-29E3-04AD-68BB-FE4B767E4399} = {04B0A7C9-29E3-04AD-68BB-FE4B767E4399}
		{CB55B547-25D8-FC15-48DA-719625015C07} = {CB55B547-25D8-FC15-48DA-719625015C07}
		{4EAA80DA-F8F8-25A8-6390-41B9A809FEFC} = {4EAA80DA-F8F8-25A8-6390-41B9A809FEFC}
		{DE8BF523-70A1-7CAE-67FD-AAC00F14401D} = {DE8BF523-70A1-7CAE-67FD-AAC00F14401D}
		{53248469-3A08-D978-02DF-1F2C43A7D1CE} = {53248469-3A08-D978-02DF-1F2C43A7D1CE}
		{13A13E92-063E-C5CB-08AF-96DFF9FE0FE9} = {13A13E92-063E-C5CB-08AF-96DFF9FE0FE9}
		{5442C93D-0283-2C1B-09AE-11AC691C0A3C} = {5442C93D-0283-2C1B-09AE-11AC691C0A3C}
		{71EF2F6B-6367-30FF-A8B3-392EBEDA26A2} = {71EF2F6B-6367-30FF-A8B3-392EBEDA26A2}
		{34873AA6-475A-1BFA-7679-495CA9B73CED} = {34873AA6-475A-1BFA-7679-495CA9B73CED}
		{BF59C127-798D-E6D8-6DA5-D444B7FEAE71} = {BF59C127-798D-E6D8-6DA5-D444B7FEAE71}
	EndProjectSection
EndProject
Project("{8BC9CEB8-8B4A-11D0-8D11-00A0C91BC942}") = "angle_internal_gmock", "angle_internal_gmock.vcxproj", "{34873AA6-475A-1BFA-7679-495CA9B73CED}"
EndProject
Project("{8BC9CEB8-8B4A-11D0-8D11-00A0C91BC942}") = "angle_internal_gtest", "angle_internal_gtest.vcxproj", "{BF59C127-798D-E6D8-6DA5-D444B7FEAE71}"
EndProject
Project("{8BC9CEB8-8B4A-11D0-8D11-00A0C91BC942}") = "angle_perf_tests", "angle_perf_tests.vcxproj", "{7ABBBD86-330A-6B9E-E1F5-A8644F5205B9}"
	ProjectSection(ProjectDependencies) = postProject
		{04B0A7C9-29E3-04AD-68BB-FE4B767E4399} = {04B0A7C9-29E3-04AD-68BB-FE4B767E4399}
		{B57040E7-2782-799E-836B-97555FA06277} = {B57040E7-2782-799E-836B-97555FA06277}
		{4EAA80DA-F8F8-25A8-6390-41B9A809FEFC} = {4EAA80DA-F8F8-25A8-6390-41B9A809FEFC}
		{CB55B547-25D8-FC15-48DA-719625015C07} = {CB55B547-25D8-FC15-48DA-719625015C07}
		{34873AA6-475A-1BFA-7679-495CA9B73CED} = {34873AA6-475A-1BFA-7679-495CA9B73CED}
		{BF59C127-798D-E6D8-6DA5-D444B7FEAE71} = {BF59C127-798D-E6D8-6DA5-D444B7FEAE71}
	EndProjectSection
EndProject
Project("{8BC9CEB8-8B4A-11D0-8D11-00A0C91BC942}") = "angle_test_support", "angle_test_support.vcxproj", "{CB55B547-25D8-FC15-48DA-719625015C07}"
	ProjectSection(ProjectDependencies) = postProject
		{34873AA6-475A-1BFA-7679-495CA9B73CED} = {34873AA6-475A-1BFA-7679-495CA9B73CED}
		{BF59C127-798D-E6D8-6DA5-D444B7FEAE71} = {BF59C127-798D-E6D8-6DA5-D444B7FEAE71}
	EndProjectSection
EndProject
Project("{8BC9CEB8-8B4A-11D0-8D11-00A0C91BC942}") = "angle_unittests", "angle_unittests.vcxproj", "{50ACBBB6-DD30-E22A-3DAB-869307BADBBC}"
	ProjectSection(ProjectDependencies) = postProject
		{13A13E92-063E-C5CB-08AF-96DFF9FE0FE9} = {13A13E92-063E-C5CB-08AF-96DFF9FE0FE9}
		{DE8BF523-70A1-7CAE-67FD-AAC00F14401D} = {DE8BF523-70A1-7CAE-67FD-AAC00F14401D}
		{CB55B547-25D8-FC15-48DA-719625015C07} = {CB55B547-25D8-FC15-48DA-719625015C07}
		{53248469-3A08-D978-02DF-1F2C43A7D1CE} = {53248469-3A08-D978-02DF-1F2C43A7D1CE}
		{5442C93D-0283-2C1B-09AE-11AC691C0A3C} = {5442C93D-0283-2C1B-09AE-11AC691C0A3C}
		{34873AA6-475A-1BFA-7679-495CA9B73CED} = {34873AA6-475A-1BFA-7679-495CA9B73CED}
		{BF59C127-798D-E6D8-6DA5-D444B7FEAE71} = {BF59C127-798D-E6D8-6DA5-D444B7FEAE71}
	EndProjectSection
EndProject
Project("{8BC9CEB8-8B4A-11D0-8D11-00A0C91BC942}") = "angle_util", "..\util\angle_util.vcxproj", "{4EAA80DA-F8F8-25A8-6390-41B9A809FEFC}"
	ProjectSection(ProjectDependencies) = postProject
		{B57040E7-2782-799E-836B-97555FA06277} = {B57040E7-2782-799E-836B-97555FA06277}
		{04B0A7C9-29E3-04AD-68BB-FE4B767E4399} = {04B0A7C9-29E3-04AD-68BB-FE4B767E4399}
	EndProjectSection
EndProject
Project("{8BC9CEB8-8B4A-11D0-8D11-00A0C91BC942}") = "commit_id", "..\src\commit_id.vcxproj", "{71EF2F6B-6367-30FF-A8B3-392EBEDA26A2}"
EndProject
Project("{8BC9CEB8-8B4A-11D0-8D11-00A0C91BC942}") = "libANGLE", "..\src\libANGLE.vcxproj", "{141F497D-6DDF-00D4-E8F2-D46A16CC5DC2}"
	ProjectSection(ProjectDependencies) = postProject
		{71EF2F6B-6367-30FF-A8B3-392EBEDA26A2} = {71EF2F6B-6367-30FF-A8B3-392EBEDA26A2}
	EndProjectSection
EndProject
Project("{8BC9CEB8-8B4A-11D0-8D11-00A0C91BC942}") = "libEGL", "..\src\libEGL.vcxproj", "{B57040E7-2782-799E-836B-97555FA06277}"
	ProjectSection(ProjectDependencies) = postProject
		{04B0A7C9-29E3-04AD-68BB-FE4B767E4399} = {04B0A7C9-29E3-04AD-68BB-FE4B767E4399}
	EndProjectSection
EndProject
Project("{8BC9CEB8-8B4A-11D0-8D11-00A0C91BC942}") = "libGLESv2", "..\src\libGLESv2.vcxproj", "{04B0A7C9-29E3-04AD-68BB-FE4B767E4399}"
	ProjectSection(ProjectDependencies) = postProject
		{141F497D-6DDF-00D4-E8F2-D46A16CC5DC2} = {141F497D-6DDF-00D4-E8F2-D46A16CC5DC2}
		{DE8BF523-70A1-7CAE-67FD-AAC00F14401D} = {DE8BF523-70A1-7CAE-67FD-AAC00F14401D}
		{53248469-3A08-D978-02DF-1F2C43A7D1CE} = {53248469-3A08-D978-02DF-1F2C43A7D1CE}
		{13A13E92-063E-C5CB-08AF-96DFF9FE0FE9} = {13A13E92-063E-C5CB-08AF-96DFF9FE0FE9}
		{5442C93D-0283-2C1B-09AE-11AC691C0A3C} = {5442C93D-0283-2C1B-09AE-11AC691C0A3C}
		{71EF2F6B-6367-30FF-A8B3-392EBEDA26A2} = {71EF2F6B-6367-30FF-A8B3-392EBEDA26A2}
	EndProjectSection
EndProject
Project("{8BC9CEB8-8B4A-11D0-8D11-00A0C91BC942}") = "preprocessor", "..\src\preprocessor.vcxproj", "{13A13E92-063E-C5CB-08AF-96DFF9FE0FE9}"
EndProject
Project("{8BC9CEB8-8B4A-11D0-8D11-00A0C91BC942}") = "translator_lib", "..\src\translator_lib.vcxproj", "{53248469-3A08-D978-02DF-1F2C43A7D1CE}"
EndProject
Project("{8BC9CEB8-8B4A-11D0-8D11-00A0C91BC942}") = "translator_static", "..\src\translator_static.vcxproj", "{DE8BF523-70A1-7CAE-67FD-AAC00F14401D}"
EndProject
Global
	GlobalSection(SolutionConfigurationPlatforms) = preSolution
		Debug|ARM = Debug|ARM
		Debug|Win32 = Debug|Win32
		Release|ARM = Release|ARM
		Release|Win32 = Release|Win32
	EndGlobalSection
	GlobalSection(ProjectConfigurationPlatforms) = postSolution
		{04B0A7C9-29E3-04AD-68BB-FE4B767E4399}.Debug|ARM.ActiveCfg = Debug|ARM
		{04B0A7C9-29E3-04AD-68BB-FE4B767E4399}.Debug|ARM.Build.0 = Debug|ARM
		{04B0A7C9-29E3-04AD-68BB-FE4B767E4399}.Debug|Win32.ActiveCfg = Debug|Win32
		{04B0A7C9-29E3-04AD-68BB-FE4B767E4399}.Debug|Win32.Build.0 = Debug|Win32
		{04B0A7C9-29E3-04AD-68BB-FE4B767E4399}.Release|ARM.ActiveCfg = Release|ARM
		{04B0A7C9-29E3-04AD-68BB-FE4B767E4399}.Release|ARM.Build.0 = Release|ARM
		{04B0A7C9-29E3-04AD-68BB-FE4B767E4399}.Release|Win32.ActiveCfg = Release|Win32
		{04B0A7C9-29E3-04AD-68BB-FE4B767E4399}.Release|Win32.Build.0 = Release|Win32
		{13A13E92-063E-C5CB-08AF-96DFF9FE0FE9}.Debug|ARM.ActiveCfg = Debug|ARM
		{13A13E92-063E-C5CB-08AF-96DFF9FE0FE9}.Debug|ARM.Build.0 = Debug|ARM
		{13A13E92-063E-C5CB-08AF-96DFF9FE0FE9}.Debug|Win32.ActiveCfg = Debug|Win32
		{13A13E92-063E-C5CB-08AF-96DFF9FE0FE9}.Debug|Win32.Build.0 = Debug|Win32
		{13A13E92-063E-C5CB-08AF-96DFF9FE0FE9}.Release|ARM.ActiveCfg = Release|ARM
		{13A13E92-063E-C5CB-08AF-96DFF9FE0FE9}.Release|ARM.Build.0 = Release|ARM
		{13A13E92-063E-C5CB-08AF-96DFF9FE0FE9}.Release|Win32.ActiveCfg = Release|Win32
		{13A13E92-063E-C5CB-08AF-96DFF9FE0FE9}.Release|Win32.Build.0 = Release|Win32
		{141F497D-6DDF-00D4-E8F2-D46A16CC5DC2}.Debug|ARM.ActiveCfg = Debug|ARM
		{141F497D-6DDF-00D4-E8F2-D46A16CC5DC2}.Debug|ARM.Build.0 = Debug|ARM
		{141F497D-6DDF-00D4-E8F2-D46A16CC5DC2}.Debug|Win32.ActiveCfg = Debug|Win32
		{141F497D-6DDF-00D4-E8F2-D46A16CC5DC2}.Debug|Win32.Build.0 = Debug|Win32
		{141F497D-6DDF-00D4-E8F2-D46A16CC5DC2}.Release|ARM.ActiveCfg = Release|ARM
		{141F497D-6DDF-00D4-E8F2-D46A16CC5DC2}.Release|ARM.Build.0 = Release|ARM
		{141F497D-6DDF-00D4-E8F2-D46A16CC5DC2}.Release|Win32.ActiveCfg = Release|Win32
		{141F497D-6DDF-00D4-E8F2-D46A16CC5DC2}.Release|Win32.Build.0 = Release|Win32
		{170BD825-1CAF-30D4-9E35-E1C4A578613C}.Debug|ARM.ActiveCfg = Debug|ARM
		{170BD825-1CAF-30D4-9E35-E1C4A578613C}.Debug|ARM.Build.0 = Debug|ARM
		{170BD825-1CAF-30D4-9E35-E1C4A578613C}.Debug|Win32.ActiveCfg = Debug|Win32
		{170BD825-1CAF-30D4-9E35-E1C4A578613C}.Debug|Win32.Build.0 = Debug|Win32
		{170BD825-1CAF-30D4-9E35-E1C4A578613C}.Release|ARM.ActiveCfg = Release|ARM
		{170BD825-1CAF-30D4-9E35-E1C4A578613C}.Release|ARM.Build.0 = Release|ARM
		{170BD825-1CAF-30D4-9E35-E1C4A578613C}.Release|Win32.ActiveCfg = Release|Win32
		{170BD825-1CAF-30D4-9E35-E1C4A578613C}.Release|Win32.Build.0 = Release|Win32
		{34873AA6-475A-1BFA-7679-495CA9B73CED}.Debug|ARM.ActiveCfg = Debug|ARM
		{34873AA6-475A-1BFA-7679-495CA9B73CED}.Debug|ARM.Build.0 = Debug|ARM
		{34873AA6-475A-1BFA-7679-495CA9B73CED}.Debug|Win32.ActiveCfg = Debug|Win32
		{34873AA6-475A-1BFA-7679-495CA9B73CED}.Debug|Win32.Build.0 = Debug|Win32
		{34873AA6-475A-1BFA-7679-495CA9B73CED}.Release|ARM.ActiveCfg = Release|ARM
		{34873AA6-475A-1BFA-7679-495CA9B73CED}.Release|ARM.Build.0 = Release|ARM
		{34873AA6-475A-1BFA-7679-495CA9B73CED}.Release|Win32.ActiveCfg = Release|Win32
		{34873AA6-475A-1BFA-7679-495CA9B73CED}.Release|Win32.Build.0 = Release|Win32
		{4EAA80DA-F8F8-25A8-6390-41B9A809FEFC}.Debug|ARM.ActiveCfg = Debug|ARM
		{4EAA80DA-F8F8-25A8-6390-41B9A809FEFC}.Debug|ARM.Build.0 = Debug|ARM
		{4EAA80DA-F8F8-25A8-6390-41B9A809FEFC}.Debug|Win32.ActiveCfg = Debug|Win32
		{4EAA80DA-F8F8-25A8-6390-41B9A809FEFC}.Debug|Win32.Build.0 = Debug|Win32
		{4EAA80DA-F8F8-25A8-6390-41B9A809FEFC}.Release|ARM.ActiveCfg = Release|ARM
		{4EAA80DA-F8F8-25A8-6390-41B9A809FEFC}.Release|ARM.Build.0 = Release|ARM
		{4EAA80DA-F8F8-25A8-6390-41B9A809FEFC}.Release|Win32.ActiveCfg = Release|Win32
		{4EAA80DA-F8F8-25A8-6390-41B9A809FEFC}.Release|Win32.Build.0 = Release|Win32
		{50ACBBB6-DD30-E22A-3DAB-869307BADBBC}.Debug|ARM.ActiveCfg = Debug|ARM
		{50ACBBB6-DD30-E22A-3DAB-869307BADBBC}.Debug|ARM.Build.0 = Debug|ARM
		{50ACBBB6-DD30-E22A-3DAB-869307BADBBC}.Debug|Win32.ActiveCfg = Debug|Win32
		{50ACBBB6-DD30-E22A-3DAB-869307BADBBC}.Debug|Win32.Build.0 = Debug|Win32
		{50ACBBB6-DD30-E22A-3DAB-869307BADBBC}.Release|ARM.ActiveCfg = Release|ARM
		{50ACBBB6-DD30-E22A-3DAB-869307BADBBC}.Release|ARM.Build.0 = Release|ARM
		{50ACBBB6-DD30-E22A-3DAB-869307BADBBC}.Release|Win32.ActiveCfg = Release|Win32
		{50ACBBB6-DD30-E22A-3DAB-869307BADBBC}.Release|Win32.Build.0 = Release|Win32
		{53248469-3A08-D978-02DF-1F2C43A7D1CE}.Debug|ARM.ActiveCfg = Debug|ARM
		{53248469-3A08-D978-02DF-1F2C43A7D1CE}.Debug|ARM.Build.0 = Debug|ARM
		{53248469-3A08-D978-02DF-1F2C43A7D1CE}.Debug|Win32.ActiveCfg = Debug|Win32
		{53248469-3A08-D978-02DF-1F2C43A7D1CE}.Debug|Win32.Build.0 = Debug|Win32
		{53248469-3A08-D978-02DF-1F2C43A7D1CE}.Release|ARM.ActiveCfg = Release|ARM
		{53248469-3A08-D978-02DF-1F2C43A7D1CE}.Release|ARM.Build.0 = Release|ARM
		{53248469-3A08-D978-02DF-1F2C43A7D1CE}.Release|Win32.ActiveCfg = Release|Win32
		{53248469-3A08-D978-02DF-1F2C43A7D1CE}.Release|Win32.Build.0 = Release|Win32
		{5442C93D-0283-2C1B-09AE-11AC691C0A3C}.Debug|ARM.ActiveCfg = Debug|ARM
		{5442C93D-0283-2C1B-09AE-11AC691C0A3C}.Debug|ARM.Build.0 = Debug|ARM
		{5442C93D-0283-2C1B-09AE-11AC691C0A3C}.Debug|Win32.ActiveCfg = Debug|Win32
		{5442C93D-0283-2C1B-09AE-11AC691C0A3C}.Debug|Win32.Build.0 = Debug|Win32
		{5442C93D-0283-2C1B-09AE-11AC691C0A3C}.Release|ARM.ActiveCfg = Release|ARM
		{5442C93D-0283-2C1B-09AE-11AC691C0A3C}.Release|ARM.Build.0 = Release|ARM
		{5442C93D-0283-2C1B-09AE-11AC691C0A3C}.Release|Win32.ActiveCfg = Release|Win32
		{5442C93D-0283-2C1B-09AE-11AC691C0A3C}.Release|Win32.Build.0 = Release|Win32
		{71EF2F6B-6367-30FF-A8B3-392EBEDA26A2}.Debug|ARM.ActiveCfg = Debug|ARM
		{71EF2F6B-6367-30FF-A8B3-392EBEDA26A2}.Debug|ARM.Build.0 = Debug|ARM
		{71EF2F6B-6367-30FF-A8B3-392EBEDA26A2}.Debug|Win32.ActiveCfg = Debug|Win32
		{71EF2F6B-6367-30FF-A8B3-392EBEDA26A2}.Debug|Win32.Build.0 = Debug|Win32
		{71EF2F6B-6367-30FF-A8B3-392EBEDA26A2}.Release|ARM.ActiveCfg = Release|ARM
		{71EF2F6B-6367-30FF-A8B3-392EBEDA26A2}.Release|ARM.Build.0 = Release|ARM
		{71EF2F6B-6367-30FF-A8B3-392EBEDA26A2}.Release|Win32.ActiveCfg = Release|Win32
		{71EF2F6B-6367-30FF-A8B3-392EBEDA26A2}.Release|Win32.Build.0 = Release|Win32
		{7ABBBD86-330A-6B9E-E1F5-A8644F5205B9}.Debug|ARM.ActiveCfg = Debug|ARM
		{7ABBBD86-330A-6B9E-E1F5-A8644F5205B9}.Debug|ARM.Build.0 = Debug|ARM
		{7ABBBD86-330A-6B9E-E1F5-A8644F5205B9}.Debug|Win32.ActiveCfg = Debug|Win32
		{7ABBBD86-330A-6B9E-E1F5-A8644F5205B9}.Debug|Win32.Build.0 = Debug|Win32
		{7ABBBD86-330A-6B9E-E1F5-A8644F5205B9}.Release|ARM.ActiveCfg = Release|ARM
		{7ABBBD86-330A-6B9E-E1F5-A8644F5205B9}.Release|ARM.Build.0 = Release|ARM
		{7ABBBD86-330A-6B9E-E1F5-A8644F5205B9}.Release|Win32.ActiveCfg = Release|Win32
		{7ABBBD86-330A-6B9E-E1F5-A8644F5205B9}.Release|Win32.Build.0 = Release|Win32
		{B57040E7-2782-799E-836B-97555FA06277}.Debug|ARM.ActiveCfg = Debug|ARM
		{B57040E7-2782-799E-836B-97555FA06277}.Debug|ARM.Build.0 = Debug|ARM
		{B57040E7-2782-799E-836B-97555FA06277}.Debug|Win32.ActiveCfg = Debug|Win32
		{B57040E7-2782-799E-836B-97555FA06277}.Debug|Win32.Build.0 = Debug|Win32
		{B57040E7-2782-799E-836B-97555FA06277}.Release|ARM.ActiveCfg = Release|ARM
		{B57040E7-2782-799E-836B-97555FA06277}.Release|ARM.Build.0 = Release|ARM
		{B57040E7-2782-799E-836B-97555FA06277}.Release|Win32.ActiveCfg = Release|Win32
		{B57040E7-2782-799E-836B-97555FA06277}.Release|Win32.Build.0 = Release|Win32
		{BF59C127-798D-E6D8-6DA5-D444B7FEAE71}.Debug|ARM.ActiveCfg = Debug|ARM
		{BF59C127-798D-E6D8-6DA5-D444B7FEAE71}.Debug|ARM.Build.0 = Debug|ARM
		{BF59C127-798D-E6D8-6DA5-D444B7FEAE71}.Debug|Win32.ActiveCfg = Debug|Win32
		{BF59C127-798D-E6D8-6DA5-D444B7FEAE71}.Debug|Win32.Build.0 = Debug|Win32
		{BF59C127-798D-E6D8-6DA5-D444B7FEAE71}.Release|ARM.ActiveCfg = Release|ARM
		{BF59C127-798D-E6D8-6DA5-D444B7FEAE71}.Release|ARM.Build.0 = Release|ARM
		{BF59C127-798D-E6D8-6DA5-D444B7FEAE71}.Release|Win32.ActiveCfg = Release|Win32
		{BF59C127-798D-E6D8-6DA5-D444B7FEAE71}.Release|Win32.Build.0 = Release|Win32
		{CB55B547-25D8-FC15-48DA-719625015C07}.Debug|ARM.ActiveCfg = Debug|ARM
		{CB55B547-25D8-FC15-48DA-719625015C07}.Debug|ARM.Build.0 = Debug|ARM
		{CB55B547-25D8-FC15-48DA-719625015C07}.Debug|Win32.ActiveCfg = Debug|Win32
		{CB55B547-25D8-FC15-48DA-719625015C07}.Debug|Win32.Build.0 = Debug|Win32
		{CB55B547-25D8-FC15-48DA-719625015C07}.Release|ARM.ActiveCfg = Release|ARM
		{CB55B547-25D8-FC15-48DA-719625015C07}.Release|ARM.Build.0 = Release|ARM
		{CB55B547-25D8-FC15-48DA-719625015C07}.Release|Win32.ActiveCfg = Release|Win32
		{CB55B547-25D8-FC15-48DA-719625015C07}.Release|Win32.Build.0 = Release|Win32
		{DE8BF523-70A1-7CAE-67FD-AAC00F14401D}.Debug|ARM.ActiveCfg = Debug|ARM
		{DE8BF523-70A1-7CAE-67FD-AAC00F14401D}.Debug|ARM.Build.0 = Debug|ARM
		{DE8BF523-70A1-7CAE-67FD-AAC00F14401D}.Debug|Win32.ActiveCfg = Debug|Win32
		{DE8BF523-70A1-7CAE-67FD-AAC00F14401D}.Debug|Win32.Build.0 = Debug|Win32
		{DE8BF523-70A1-7CAE-67FD-AAC00F14401D}.Release|ARM.ActiveCfg = Release|ARM
		{DE8BF523-70A1-7CAE-67FD-AAC00F14401D}.Release|ARM.Build.0 = Release|ARM
		{DE8BF523-70A1-7CAE-67FD-AAC00F14401D}.Release|Win32.ActiveCfg = Release|Win32
		{DE8BF523-70A1-7CAE-67FD-AAC00F14401D}.Release|Win32.Build.0 = Release|Win32
	EndGlobalSection
	GlobalSection(SolutionProperties) = preSolution
		HideSolutionNode = FALSE
	EndGlobalSection
EndGlobal
