<?xml version="1.0" encoding="utf-8"?>
<Project ToolsVersion="4.0" xmlns="http://schemas.microsoft.com/developer/msbuild/2003">
  <ItemGroup>
    <Filter Include="common">
      <UniqueIdentifier>{2F5FD094-EF52-77F7-7AA8-4327A01BF747}</UniqueIdentifier>
    </Filter>
    <Filter Include="common">
      <UniqueIdentifier>{2F5FD094-EF52-77F7-7AA8-4327A01BF747}</UniqueIdentifier>
    </Filter>
    <Filter Include="common">
      <UniqueIdentifier>{2F5FD094-EF52-77F7-7AA8-4327A01BF747}</UniqueIdentifier>
    </Filter>
    <Filter Include="common">
      <UniqueIdentifier>{2F5FD094-EF52-77F7-7AA8-4327A01BF747}</UniqueIdentifier>
    </Filter>
    <Filter Include="common">
      <UniqueIdentifier>{2F5FD094-EF52-77F7-7AA8-4327A01BF747}</UniqueIdentifier>
    </Filter>
    <Filter Include="common">
      <UniqueIdentifier>{2F5FD094-EF52-77F7-7AA8-4327A01BF747}</UniqueIdentifier>
    </Filter>
    <Filter Include="common">
      <UniqueIdentifier>{2F5FD094-EF52-77F7-7AA8-4327A01BF747}</UniqueIdentifier>
    </Filter>
    <Filter Include="common">
      <UniqueIdentifier>{2F5FD094-EF52-77F7-7AA8-4327A01BF747}</UniqueIdentifier>
    </Filter>
    <Filter Include="common">
      <UniqueIdentifier>{2F5FD094-EF52-77F7-7AA8-4327A01BF747}</UniqueIdentifier>
    </Filter>
    <Filter Include="common">
      <UniqueIdentifier>{2F5FD094-EF52-77F7-7AA8-4327A01BF747}</UniqueIdentifier>
    </Filter>
    <Filter Include="common">
      <UniqueIdentifier>{2F5FD094-EF52-77F7-7AA8-4327A01BF747}</UniqueIdentifier>
    </Filter>
    <Filter Include="common">
      <UniqueIdentifier>{2F5FD094-EF52-77F7-7AA8-4327A01BF747}</UniqueIdentifier>
    </Filter>
    <Filter Include="common">
      <UniqueIdentifier>{2F5FD094-EF52-77F7-7AA8-4327A01BF747}</UniqueIdentifier>
    </Filter>
  </ItemGroup>
  <ItemGroup>
    <ClCompile Include="..\..\..\..\src\common\MemoryBuffer.cpp">
      <Filter>common</Filter>
    </ClCompile>
    <ClInclude Include="..\..\..\..\src\common\MemoryBuffer.h">
      <Filter>common</Filter>
    </ClInclude>
    <ClInclude Include="..\..\..\..\src\common\Optional.h">
      <Filter>common</Filter>
    </ClInclude>
    <ClCompile Include="..\..\..\..\src\common\angleutils.cpp">
      <Filter>common</Filter>
    </ClCompile>
    <ClInclude Include="..\..\..\..\src\common\angleutils.h">
      <Filter>common</Filter>
    </ClInclude>
    <ClCompile Include="..\..\..\..\src\common\mathutil.cpp">
      <Filter>common</Filter>
    </ClCompile>
    <ClInclude Include="..\..\..\..\src\common\mathutil.h">
      <Filter>common</Filter>
    </ClInclude>
    <ClInclude Include="..\..\..\..\src\common\platform.h">
      <Filter>common</Filter>
    </ClInclude>
    <ClCompile Include="..\..\..\..\src\common\tls.cpp">
      <Filter>common</Filter>
    </ClCompile>
    <ClInclude Include="..\..\..\..\src\common\tls.h">
      <Filter>common</Filter>
    </ClInclude>
    <ClCompile Include="..\..\..\..\src\common\utilities.cpp">
      <Filter>common</Filter>
    </ClCompile>
    <ClInclude Include="..\..\..\..\src\common\utilities.h">
      <Filter>common</Filter>
    </ClInclude>
    <ClInclude Include="..\..\..\..\src\common\version.h">
      <Filter>common</Filter>
    </ClInclude>
    <None Include="..\..\..\..\src\angle.gyp"/>
  </ItemGroup>
</Project>
