<?xml version="1.0" encoding="utf-8"?>
<Project ToolsVersion="12.0" xmlns="http://schemas.microsoft.com/developer/msbuild/2003">
  <ItemGroup>
    <CustomBuild Include="$(MSBuildThisFileDirectory)..\..\..\src\commit_id.py" />
    <CustomBuild Include="$(MSBuildThisFileDirectory)..\..\..\src\commit_id.bat" />
    <CustomBuild Include="$(MSBuildThisFileDirectory)..\..\..\src\copy_compiler_dll.bat" />
  </ItemGroup>
  <ItemGroup>
    <None Include="$(MSBuildThisFileDirectory)..\..\..\src\angle.gyp" />
  </ItemGroup>
</Project>